
Microsoft Visual Studio Solution File, Format Version 12.00
# Visual Studio Version 17
VisualStudioVersion = 17.7.34018.315
MinimumVisualStudioVersion = 10.0.40219.1
Project("{8BC9CEB8-8B4A-11D0-8D11-00A0C91BC942}") = "12 09 2023 Логические выражения и операторы, изучение стандартных потоков ввода и вывода", "12 09 2023 Логические выражения и операторы, изучение стандартных потоков ввода и вывода\12 09 2023 Логические выражения и операторы, изучение стандартных потоков ввода и вывода.vcxproj", "{88142DA5-52CC-4DC1-9201-81A61CC0219A}"
EndProject
Project("{8BC9CEB8-8B4A-11D0-8D11-00A0C91BC942}") = "17 09 2023 Решение задач с использованием логических выражений", "17 09 2023 Решение задач с использованием логических выражений\17 09 2023 Решение задач с использованием логических выражений.vcxproj", "{75E535B4-ED7A-4D8C-B972-B5D1EAAC4D5C}"
EndProject
Project("{8BC9CEB8-8B4A-11D0-8D11-00A0C91BC942}") = "19 09 2023 Ветвление. Условный оператор if", "19 09 2023 Ветвление. Условный оператор if\19 09 2023 Ветвление. Условный оператор if.vcxproj", "{08E5EFC2-0C8B-4903-B73F-642A3430966B}"
EndProject
Project("{8BC9CEB8-8B4A-11D0-8D11-00A0C91BC942}") = "0001_acmp", "0001_acmp\0001_acmp.vcxproj", "{22CEE229-980F-4CFF-BFAF-DB02BCBB9500}"
EndProject
Project("{8BC9CEB8-8B4A-11D0-8D11-00A0C91BC942}") = "0002_acmp", "0002_acmp\0002_acmp.vcxproj", "{3C59D88F-0A49-4278-BB8A-B45441278C6C}"
EndProject
Project("{8BC9CEB8-8B4A-11D0-8D11-00A0C91BC942}") = "0003_acmp", "0003_acmp\0003_acmp.vcxproj", "{6AAB0E1B-9F85-4F53-859F-CC056167CCE8}"
EndProject
Project("{8BC9CEB8-8B4A-11D0-8D11-00A0C91BC942}") = "24 09 2023 Задачи с использованием условного оператора", "24 09 2023 Задачи с использованием условного оператора\24 09 2023 Задачи с использованием условного оператора.vcxproj", "{14C92DDC-9F6F-4527-AF16-738719645956}"
EndProject
Project("{8BC9CEB8-8B4A-11D0-8D11-00A0C91BC942}") = "A_Сумма_codeforces", "A_Сумма_codeforces\A_Сумма_codeforces.vcxproj", "{743EA15A-CDD2-4054-BE3B-88E2B11F7490}"
EndProject
Project("{8BC9CEB8-8B4A-11D0-8D11-00A0C91BC942}") = "0043_acmp", "acmp_0043\acmp_0043.vcxproj", "{A66D279F-EC25-427C-A2A7-48859CCE5F18}"
EndProject
Project("{8BC9CEB8-8B4A-11D0-8D11-00A0C91BC942}") = "0066_acmp", "0066_acmp\0066_acmp.vcxproj", "{BF4202AD-64CE-45EB-B557-FEA38D128725}"
EndProject
Project("{2150E333-8FDC-42A3-9474-1A3956D46DE8}") = "Module 1", "Module 1", "{4A37FA9A-9228-443A-BDBA-C574E328766B}"
EndProject
Project("{2150E333-8FDC-42A3-9474-1A3956D46DE8}") = "Tasks", "Tasks", "{F10A324C-4D60-4509-A75F-3F73225027FC}"
EndProject
Project("{2150E333-8FDC-42A3-9474-1A3956D46DE8}") = "acmp", "acmp", "{B8A81218-0320-4F5F-8E62-8A456B9AADF8}"
EndProject
Project("{2150E333-8FDC-42A3-9474-1A3956D46DE8}") = "codeforces", "codeforces", "{DA8DB1D2-8417-4BD6-A0F7-EF94AFF46ABA}"
EndProject
Project("{2150E333-8FDC-42A3-9474-1A3956D46DE8}") = "codewars", "codewars", "{5CE33712-52AA-4599-BD31-ACE7EB743BE0}"
EndProject
Project("{8BC9CEB8-8B4A-11D0-8D11-00A0C91BC942}") = "Quadrants_codewars", "Quadrants_codewars\Quadrants_codewars.vcxproj", "{4F76A31C-A3A9-429D-BFDA-0045D0836035}"
EndProject
Project("{8BC9CEB8-8B4A-11D0-8D11-00A0C91BC942}") = "Check_same_case_codewars", "Check_same_case_codewars\Check_same_case_codewars.vcxproj", "{AF92B192-2F53-40C5-807B-6EC48FF02848}"
EndProject
Project("{8BC9CEB8-8B4A-11D0-8D11-00A0C91BC942}") = "0025_acmp", "0025_acmp\0025_acmp.vcxproj", "{02C89DA1-D80D-4A47-9C28-0A832DE1C242}"
EndProject
Project("{8BC9CEB8-8B4A-11D0-8D11-00A0C91BC942}") = "26 09 2023 Оператор множественного выбора switch", "26 09 2023 Оператор множественного выбора switch\26 09 2023 Оператор множественного выбора switch.vcxproj", "{85E486BF-2DE2-4A69-80D3-8B732A66723E}"
EndProject
Project("{8BC9CEB8-8B4A-11D0-8D11-00A0C91BC942}") = "0035_acmp", "0035_acmp\0035_acmp.vcxproj", "{C01058D1-58AA-4937-9B81-9405431AD9DF}"
EndProject
Project("{8BC9CEB8-8B4A-11D0-8D11-00A0C91BC942}") = "0061_acmp", "0061_acmp\0061_acmp.vcxproj", "{A88EC901-E010-44C7-94D4-D9B265513A98}"
EndProject
Project("{8BC9CEB8-8B4A-11D0-8D11-00A0C91BC942}") = "0131_acmp", "0131_acmp\0131_acmp.vcxproj", "{9B80BE09-072E-4FD7-B651-198DAB60AF19}"
EndProject
Project("{8BC9CEB8-8B4A-11D0-8D11-00A0C91BC942}") = "01 10 2023 Циклы в программировании. Цикл while", "01 10 2023 Циклы в программировании. Цикл while\01 10 2023 Циклы в программировании. Цикл while.vcxproj", "{2BA55AE4-A042-4509-916B-1EBA8E409604}"
EndProject
Project("{8BC9CEB8-8B4A-11D0-8D11-00A0C91BC942}") = "03 10 2023 Решение задач с циклом while", "03 10 2023 Решение задач с циклом while\03 10 2023 Решение задач с циклом while.vcxproj", "{D05D434D-7AB0-4FE6-A6A8-9F86FE87DB2A}"
EndProject
Project("{8BC9CEB8-8B4A-11D0-8D11-00A0C91BC942}") = "0149_acmp", "0149_acmp\0149_acmp.vcxproj", "{F17679DF-0852-4BB3-90E6-5BDED87708A3}"
EndProject
Project("{8BC9CEB8-8B4A-11D0-8D11-00A0C91BC942}") = "0272_acmp", "0272_acmp\0272_acmp.vcxproj", "{B7DDF1FC-90C6-4960-9F3E-E72D88F14FF2}"
EndProject
Project("{2150E333-8FDC-42A3-9474-1A3956D46DE8}") = "leetcode", "leetcode", "{7B7124E9-2D2F-4FEC-93BE-CF5447236714}"
EndProject
Project("{8BC9CEB8-8B4A-11D0-8D11-00A0C91BC942}") = "704. Binary Search", "704. Binary Search\704. Binary Search.vcxproj", "{B73939ED-F04B-4958-B610-917EE1A20DF7}"
EndProject
Project("{8BC9CEB8-8B4A-11D0-8D11-00A0C91BC942}") = "367. Valid Perfect Square", "367. Valid Perfect Square\367. Valid Perfect Square.vcxproj", "{4BBD484F-3CED-429A-9E0E-C8C2618D3A67}"
EndProject
Project("{8BC9CEB8-8B4A-11D0-8D11-00A0C91BC942}") = "08 10 2023 Циклы в программировании. Цикл for", "Циклы в программировании. Цикл for\Циклы в программировании. Цикл for.vcxproj", "{D834EE16-AB40-4E44-A46F-319A206EEB81}"
EndProject
Project("{8BC9CEB8-8B4A-11D0-8D11-00A0C91BC942}") = "0021_acmp", "0021_acmp\0021_acmp.vcxproj", "{06A73DBC-D2F1-43E8-B614-F28A248DA07F}"
EndProject
Project("{8BC9CEB8-8B4A-11D0-8D11-00A0C91BC942}") = "0336_acmp", "0336_acmp\0336_acmp.vcxproj", "{B79C571F-6862-4D8E-A4ED-8CB0F803FF00}"
EndProject
Project("{8BC9CEB8-8B4A-11D0-8D11-00A0C91BC942}") = "10 10 2023 Решение задач с использованием цикла for", "10 10 2023 Решение задач с использованием цикла for\10 10 2023 Решение задач с использованием цикла for.vcxproj", "{11CB24F6-F63A-4C28-AA27-9F7623CA3B14}"
EndProject
Project("{8BC9CEB8-8B4A-11D0-8D11-00A0C91BC942}") = "15 10 2023 Массивы, класс строк. Многомерные массивы", "15 10 2023 Массивы, класс строк. Многомерные массивы\15 10 2023 Массивы, класс строк. Многомерные массивы.vcxproj", "{B94CD7C0-21FD-497C-ACDE-B7F3944F7290}"
EndProject
Project("{8BC9CEB8-8B4A-11D0-8D11-00A0C91BC942}") = "17 10 2023 Функции в C++, возврат значений при помощи return", "17 10 2023 Функции в C++, возврат значений при помощи return\17 10 2023 Функции в C++, возврат значений при помощи return.vcxproj", "{2ABC2E3A-D74B-4710-A04A-994AB50EF187}"
EndProject
Project("{2150E333-8FDC-42A3-9474-1A3956D46DE8}") = "Module 2", "Module 2", "{7B2ECA46-6CF3-4F1E-8650-1F08DE506E45}"
EndProject
Project("{8BC9CEB8-8B4A-11D0-8D11-00A0C91BC942}") = "29 10 2023 Решение задач при помощи ссылок с применением псевдорандомных чисел", "29 10 2023 Решение задач при помощи ссылок с применением псевдорандомных чисел\29 10 2023 Решение задач при помощи ссылок с применением псевдорандомных чисел.vcxproj", "{DA6BCD90-F056-4AF5-9067-A868AA1BA48D}"
EndProject
Project("{8BC9CEB8-8B4A-11D0-8D11-00A0C91BC942}") = "31 10 2023 Динамическое выделение памяти в С++", "31 10 2023 Динамическое выделение памяти в С++\31 10 2023 Динамическое выделение памяти в С++.vcxproj", "{FD06DFF5-80F9-4BA8-A691-F70C6C90BAE0}"
EndProject
Project("{8BC9CEB8-8B4A-11D0-8D11-00A0C91BC942}") = "05 11 2023 Решение задач на динамическое выделение памяти", "04 11 2023 Решение задач на динамическое выделение памяти\04 11 2023 Решение задач на динамическое выделение памяти.vcxproj", "{6DE71FA0-E9F7-4945-9020-7957F5DF84CC}"
EndProject
Project("{8BC9CEB8-8B4A-11D0-8D11-00A0C91BC942}") = "07 11 2023 Структуры и шаблоны в С++", "07 11 2023 Структуры и шаблоны в С++\07 11 2023 Структуры и шаблоны в С++.vcxproj", "{6B9316DE-8BD4-4546-B92E-2922E5EE4F8C}"
EndProject
Project("{8BC9CEB8-8B4A-11D0-8D11-00A0C91BC942}") = "12 11 2023 Лямбда-выражения", "Лямбда-выражения\Лямбда-выражения.vcxproj", "{C38A19FE-B34E-4A01-BE9A-1931A87DE5C5}"
EndProject
Project("{2150E333-8FDC-42A3-9474-1A3956D46DE8}") = "tasks", "tasks", "{A6AC89CD-B874-431B-B267-09C85DCA0BAB}"
EndProject
Project("{2150E333-8FDC-42A3-9474-1A3956D46DE8}") = "leetcode", "leetcode", "{8093A4CE-B416-4051-A919-A3767519465F}"
EndProject
Project("{8BC9CEB8-8B4A-11D0-8D11-00A0C91BC942}") = "7. Reverse Integer", "7. Reverse Integer\7. Reverse Integer.vcxproj", "{B96CF15F-8F93-4D68-B827-0A19DD821441}"
EndProject
Project("{8BC9CEB8-8B4A-11D0-8D11-00A0C91BC942}") = "14 11 2023 list, vector, deque. Итераторы", "list, vector, deque. Итераторы\list, vector, deque. Итераторы.vcxproj", "{A68224FE-2D32-4915-89FB-8842D613BFC7}"
EndProject
Project("{8BC9CEB8-8B4A-11D0-8D11-00A0C91BC942}") = "283. Move Zeroes", "283. Move Zeroes\283. Move Zeroes.vcxproj", "{70E3345D-A872-454F-A4CA-F097F8DDFC46}"
EndProject
Project("{8BC9CEB8-8B4A-11D0-8D11-00A0C91BC942}") = "11. Container With Most Water (Two pointers)", "11. Container With Most Water\11. Container With Most Water.vcxproj", "{35EFE78C-F897-4806-9101-5D480A1F8387}"
EndProject
Project("{8BC9CEB8-8B4A-11D0-8D11-00A0C91BC942}") = "Two Sum", "Two Sum\Two Sum.vcxproj", "{BFDA659B-F585-4663-9E3F-4E070FED506C}"
EndProject
Project("{8BC9CEB8-8B4A-11D0-8D11-00A0C91BC942}") = "19 11 2023 Решение задач при помощи последовательных контейнеров", "19 11 2023 Решение задач при помощи последовательных контейнеров\19 11 2023 Решение задач при помощи последовательных контейнеров.vcxproj", "{534E7A6C-46F7-48B5-84C9-EF67502AF4FC}"
EndProject
Project("{8BC9CEB8-8B4A-11D0-8D11-00A0C91BC942}") = "21 11 2023 Бинарные деревья, set, map, multiset, multimap", "21 11 2023 Бинарные деревья, set, map, multiset, multimap\21 11 2023 Бинарные деревья, set, map, multiset, multimap.vcxproj", "{E71B6BF5-80E4-4BF2-AB82-3A0AB807F99E}"
EndProject
Project("{8BC9CEB8-8B4A-11D0-8D11-00A0C91BC942}") = "26 11 2023 Решение задач с контейнерами", "26 11 2023 Решение задач с контейнерами\26 11 2023 Решение задач с контейнерами.vcxproj", "{4275D29B-F279-4A05-83BD-7649105FA0F2}"
EndProject
Project("{8BC9CEB8-8B4A-11D0-8D11-00A0C91BC942}") = "100. Same Tree", "100. Same Tree\100. Same Tree.vcxproj", "{8DBE8774-880C-4581-A252-7DF6F919392C}"
EndProject
Project("{8BC9CEB8-8B4A-11D0-8D11-00A0C91BC942}") = "101. Symmetric Tree", "101. Symmetric Tree\101. Symmetric Tree.vcxproj", "{3348FB00-3BC5-46B6-A3A2-4DE364E5ABF0}"
EndProject
Project("{8BC9CEB8-8B4A-11D0-8D11-00A0C91BC942}") = "104. Maximum Depth of Binary Tree", "104. Maximum Depth of Binary Tree\104. Maximum Depth of Binary Tree.vcxproj", "{AEFBB01B-7F05-4F8C-A5A9-F71519F6899C}"
EndProject
Project("{8BC9CEB8-8B4A-11D0-8D11-00A0C91BC942}") = "28 11 2023 sort, find, binary_search, count, reverse", "28 11 2023 sort, find, binary_search, count, reverse\28 11 2023 sort, find, binary_search, count, reverse.vcxproj", "{717E98C8-D3EA-4B6E-B072-2E5281FC7820}"
EndProject
Project("{8BC9CEB8-8B4A-11D0-8D11-00A0C91BC942}") = "03 12 2023 stack, queue", "stack, queue\stack, queue.vcxproj", "{157B9071-7A62-44FD-8479-8B18120CC97B}"
EndProject
Project("{8BC9CEB8-8B4A-11D0-8D11-00A0C91BC942}") = "05 12 2023 stack, queue, решение задач", "05 12 2023 stack, queue, решение задач\05 12 2023 stack, queue, решение задач.vcxproj", "{4C839336-2DF9-4C8D-806F-A69ED330ED5C}"
EndProject
Project("{8BC9CEB8-8B4A-11D0-8D11-00A0C91BC942}") = "10 12 2023 Тестирование", "10 12 2023 Тестирование\10 12 2023 Тестирование.vcxproj", "{D62E9E3C-11FF-4995-AE6D-B823D9F43169}"
EndProject
Project("{2150E333-8FDC-42A3-9474-1A3956D46DE8}") = "Module 3", "Module 3", "{C65E7B49-DBB2-404F-AA8D-FD623D43CA8A}"
EndProject
Project("{8BC9CEB8-8B4A-11D0-8D11-00A0C91BC942}") = "12 12 2023 ООП. Конструкторы и деструкторы", "12 12 2023 ООП. Конструкторы и деструкторы\12 12 2023 ООП. Конструкторы и деструкторы.vcxproj", "{513BD543-9034-4CCF-8A8D-94AD6C21A97E}"
EndProject
Project("{8BC9CEB8-8B4A-11D0-8D11-00A0C91BC942}") = "17 12 2023 Решение задач ООП", "17 12 2023 Решение задач ООП\17 12 2023 Решение задач ООП.vcxproj", "{CC612D8B-0E7A-4520-B2A7-9784E8DFFD50}"
EndProject
Project("{8BC9CEB8-8B4A-11D0-8D11-00A0C91BC942}") = "19 12 2023 OOP", "19 12 2023 OOP\19 12 2023 OOP.vcxproj", "{58CEBE45-D593-4709-9A77-4E3019F9AC21}"
EndProject
Global
	GlobalSection(SolutionConfigurationPlatforms) = preSolution
		Debug|x64 = Debug|x64
		Debug|x86 = Debug|x86
		Release|x64 = Release|x64
		Release|x86 = Release|x86
	EndGlobalSection
	GlobalSection(ProjectConfigurationPlatforms) = postSolution
		{88142DA5-52CC-4DC1-9201-81A61CC0219A}.Debug|x64.ActiveCfg = Debug|x64
		{88142DA5-52CC-4DC1-9201-81A61CC0219A}.Debug|x64.Build.0 = Debug|x64
		{88142DA5-52CC-4DC1-9201-81A61CC0219A}.Debug|x86.ActiveCfg = Debug|Win32
		{88142DA5-52CC-4DC1-9201-81A61CC0219A}.Debug|x86.Build.0 = Debug|Win32
		{88142DA5-52CC-4DC1-9201-81A61CC0219A}.Release|x64.ActiveCfg = Release|x64
		{88142DA5-52CC-4DC1-9201-81A61CC0219A}.Release|x64.Build.0 = Release|x64
		{88142DA5-52CC-4DC1-9201-81A61CC0219A}.Release|x86.ActiveCfg = Release|Win32
		{88142DA5-52CC-4DC1-9201-81A61CC0219A}.Release|x86.Build.0 = Release|Win32
		{75E535B4-ED7A-4D8C-B972-B5D1EAAC4D5C}.Debug|x64.ActiveCfg = Debug|x64
		{75E535B4-ED7A-4D8C-B972-B5D1EAAC4D5C}.Debug|x64.Build.0 = Debug|x64
		{75E535B4-ED7A-4D8C-B972-B5D1EAAC4D5C}.Debug|x86.ActiveCfg = Debug|Win32
		{75E535B4-ED7A-4D8C-B972-B5D1EAAC4D5C}.Debug|x86.Build.0 = Debug|Win32
		{75E535B4-ED7A-4D8C-B972-B5D1EAAC4D5C}.Release|x64.ActiveCfg = Release|x64
		{75E535B4-ED7A-4D8C-B972-B5D1EAAC4D5C}.Release|x64.Build.0 = Release|x64
		{75E535B4-ED7A-4D8C-B972-B5D1EAAC4D5C}.Release|x86.ActiveCfg = Release|Win32
		{75E535B4-ED7A-4D8C-B972-B5D1EAAC4D5C}.Release|x86.Build.0 = Release|Win32
		{08E5EFC2-0C8B-4903-B73F-642A3430966B}.Debug|x64.ActiveCfg = Debug|x64
		{08E5EFC2-0C8B-4903-B73F-642A3430966B}.Debug|x64.Build.0 = Debug|x64
		{08E5EFC2-0C8B-4903-B73F-642A3430966B}.Debug|x86.ActiveCfg = Debug|Win32
		{08E5EFC2-0C8B-4903-B73F-642A3430966B}.Debug|x86.Build.0 = Debug|Win32
		{08E5EFC2-0C8B-4903-B73F-642A3430966B}.Release|x64.ActiveCfg = Release|x64
		{08E5EFC2-0C8B-4903-B73F-642A3430966B}.Release|x64.Build.0 = Release|x64
		{08E5EFC2-0C8B-4903-B73F-642A3430966B}.Release|x86.ActiveCfg = Release|Win32
		{08E5EFC2-0C8B-4903-B73F-642A3430966B}.Release|x86.Build.0 = Release|Win32
		{22CEE229-980F-4CFF-BFAF-DB02BCBB9500}.Debug|x64.ActiveCfg = Debug|x64
		{22CEE229-980F-4CFF-BFAF-DB02BCBB9500}.Debug|x64.Build.0 = Debug|x64
		{22CEE229-980F-4CFF-BFAF-DB02BCBB9500}.Debug|x86.ActiveCfg = Debug|Win32
		{22CEE229-980F-4CFF-BFAF-DB02BCBB9500}.Debug|x86.Build.0 = Debug|Win32
		{22CEE229-980F-4CFF-BFAF-DB02BCBB9500}.Release|x64.ActiveCfg = Release|x64
		{22CEE229-980F-4CFF-BFAF-DB02BCBB9500}.Release|x64.Build.0 = Release|x64
		{22CEE229-980F-4CFF-BFAF-DB02BCBB9500}.Release|x86.ActiveCfg = Release|Win32
		{22CEE229-980F-4CFF-BFAF-DB02BCBB9500}.Release|x86.Build.0 = Release|Win32
		{3C59D88F-0A49-4278-BB8A-B45441278C6C}.Debug|x64.ActiveCfg = Debug|x64
		{3C59D88F-0A49-4278-BB8A-B45441278C6C}.Debug|x64.Build.0 = Debug|x64
		{3C59D88F-0A49-4278-BB8A-B45441278C6C}.Debug|x86.ActiveCfg = Debug|Win32
		{3C59D88F-0A49-4278-BB8A-B45441278C6C}.Debug|x86.Build.0 = Debug|Win32
		{3C59D88F-0A49-4278-BB8A-B45441278C6C}.Release|x64.ActiveCfg = Release|x64
		{3C59D88F-0A49-4278-BB8A-B45441278C6C}.Release|x64.Build.0 = Release|x64
		{3C59D88F-0A49-4278-BB8A-B45441278C6C}.Release|x86.ActiveCfg = Release|Win32
		{3C59D88F-0A49-4278-BB8A-B45441278C6C}.Release|x86.Build.0 = Release|Win32
		{6AAB0E1B-9F85-4F53-859F-CC056167CCE8}.Debug|x64.ActiveCfg = Debug|x64
		{6AAB0E1B-9F85-4F53-859F-CC056167CCE8}.Debug|x64.Build.0 = Debug|x64
		{6AAB0E1B-9F85-4F53-859F-CC056167CCE8}.Debug|x86.ActiveCfg = Debug|Win32
		{6AAB0E1B-9F85-4F53-859F-CC056167CCE8}.Debug|x86.Build.0 = Debug|Win32
		{6AAB0E1B-9F85-4F53-859F-CC056167CCE8}.Release|x64.ActiveCfg = Release|x64
		{6AAB0E1B-9F85-4F53-859F-CC056167CCE8}.Release|x64.Build.0 = Release|x64
		{6AAB0E1B-9F85-4F53-859F-CC056167CCE8}.Release|x86.ActiveCfg = Release|Win32
		{6AAB0E1B-9F85-4F53-859F-CC056167CCE8}.Release|x86.Build.0 = Release|Win32
		{14C92DDC-9F6F-4527-AF16-738719645956}.Debug|x64.ActiveCfg = Debug|x64
		{14C92DDC-9F6F-4527-AF16-738719645956}.Debug|x64.Build.0 = Debug|x64
		{14C92DDC-9F6F-4527-AF16-738719645956}.Debug|x86.ActiveCfg = Debug|Win32
		{14C92DDC-9F6F-4527-AF16-738719645956}.Debug|x86.Build.0 = Debug|Win32
		{14C92DDC-9F6F-4527-AF16-738719645956}.Release|x64.ActiveCfg = Release|x64
		{14C92DDC-9F6F-4527-AF16-738719645956}.Release|x64.Build.0 = Release|x64
		{14C92DDC-9F6F-4527-AF16-738719645956}.Release|x86.ActiveCfg = Release|Win32
		{14C92DDC-9F6F-4527-AF16-738719645956}.Release|x86.Build.0 = Release|Win32
		{743EA15A-CDD2-4054-BE3B-88E2B11F7490}.Debug|x64.ActiveCfg = Debug|x64
		{743EA15A-CDD2-4054-BE3B-88E2B11F7490}.Debug|x64.Build.0 = Debug|x64
		{743EA15A-CDD2-4054-BE3B-88E2B11F7490}.Debug|x86.ActiveCfg = Debug|Win32
		{743EA15A-CDD2-4054-BE3B-88E2B11F7490}.Debug|x86.Build.0 = Debug|Win32
		{743EA15A-CDD2-4054-BE3B-88E2B11F7490}.Release|x64.ActiveCfg = Release|x64
		{743EA15A-CDD2-4054-BE3B-88E2B11F7490}.Release|x64.Build.0 = Release|x64
		{743EA15A-CDD2-4054-BE3B-88E2B11F7490}.Release|x86.ActiveCfg = Release|Win32
		{743EA15A-CDD2-4054-BE3B-88E2B11F7490}.Release|x86.Build.0 = Release|Win32
		{A66D279F-EC25-427C-A2A7-48859CCE5F18}.Debug|x64.ActiveCfg = Debug|x64
		{A66D279F-EC25-427C-A2A7-48859CCE5F18}.Debug|x64.Build.0 = Debug|x64
		{A66D279F-EC25-427C-A2A7-48859CCE5F18}.Debug|x86.ActiveCfg = Debug|Win32
		{A66D279F-EC25-427C-A2A7-48859CCE5F18}.Debug|x86.Build.0 = Debug|Win32
		{A66D279F-EC25-427C-A2A7-48859CCE5F18}.Release|x64.ActiveCfg = Release|x64
		{A66D279F-EC25-427C-A2A7-48859CCE5F18}.Release|x64.Build.0 = Release|x64
		{A66D279F-EC25-427C-A2A7-48859CCE5F18}.Release|x86.ActiveCfg = Release|Win32
		{A66D279F-EC25-427C-A2A7-48859CCE5F18}.Release|x86.Build.0 = Release|Win32
		{BF4202AD-64CE-45EB-B557-FEA38D128725}.Debug|x64.ActiveCfg = Debug|x64
		{BF4202AD-64CE-45EB-B557-FEA38D128725}.Debug|x64.Build.0 = Debug|x64
		{BF4202AD-64CE-45EB-B557-FEA38D128725}.Debug|x86.ActiveCfg = Debug|Win32
		{BF4202AD-64CE-45EB-B557-FEA38D128725}.Debug|x86.Build.0 = Debug|Win32
		{BF4202AD-64CE-45EB-B557-FEA38D128725}.Release|x64.ActiveCfg = Release|x64
		{BF4202AD-64CE-45EB-B557-FEA38D128725}.Release|x64.Build.0 = Release|x64
		{BF4202AD-64CE-45EB-B557-FEA38D128725}.Release|x86.ActiveCfg = Release|Win32
		{BF4202AD-64CE-45EB-B557-FEA38D128725}.Release|x86.Build.0 = Release|Win32
		{4F76A31C-A3A9-429D-BFDA-0045D0836035}.Debug|x64.ActiveCfg = Debug|x64
		{4F76A31C-A3A9-429D-BFDA-0045D0836035}.Debug|x64.Build.0 = Debug|x64
		{4F76A31C-A3A9-429D-BFDA-0045D0836035}.Debug|x86.ActiveCfg = Debug|Win32
		{4F76A31C-A3A9-429D-BFDA-0045D0836035}.Debug|x86.Build.0 = Debug|Win32
		{4F76A31C-A3A9-429D-BFDA-0045D0836035}.Release|x64.ActiveCfg = Release|x64
		{4F76A31C-A3A9-429D-BFDA-0045D0836035}.Release|x64.Build.0 = Release|x64
		{4F76A31C-A3A9-429D-BFDA-0045D0836035}.Release|x86.ActiveCfg = Release|Win32
		{4F76A31C-A3A9-429D-BFDA-0045D0836035}.Release|x86.Build.0 = Release|Win32
		{AF92B192-2F53-40C5-807B-6EC48FF02848}.Debug|x64.ActiveCfg = Debug|x64
		{AF92B192-2F53-40C5-807B-6EC48FF02848}.Debug|x64.Build.0 = Debug|x64
		{AF92B192-2F53-40C5-807B-6EC48FF02848}.Debug|x86.ActiveCfg = Debug|Win32
		{AF92B192-2F53-40C5-807B-6EC48FF02848}.Debug|x86.Build.0 = Debug|Win32
		{AF92B192-2F53-40C5-807B-6EC48FF02848}.Release|x64.ActiveCfg = Release|x64
		{AF92B192-2F53-40C5-807B-6EC48FF02848}.Release|x64.Build.0 = Release|x64
		{AF92B192-2F53-40C5-807B-6EC48FF02848}.Release|x86.ActiveCfg = Release|Win32
		{AF92B192-2F53-40C5-807B-6EC48FF02848}.Release|x86.Build.0 = Release|Win32
		{02C89DA1-D80D-4A47-9C28-0A832DE1C242}.Debug|x64.ActiveCfg = Debug|x64
		{02C89DA1-D80D-4A47-9C28-0A832DE1C242}.Debug|x64.Build.0 = Debug|x64
		{02C89DA1-D80D-4A47-9C28-0A832DE1C242}.Debug|x86.ActiveCfg = Debug|Win32
		{02C89DA1-D80D-4A47-9C28-0A832DE1C242}.Debug|x86.Build.0 = Debug|Win32
		{02C89DA1-D80D-4A47-9C28-0A832DE1C242}.Release|x64.ActiveCfg = Release|x64
		{02C89DA1-D80D-4A47-9C28-0A832DE1C242}.Release|x64.Build.0 = Release|x64
		{02C89DA1-D80D-4A47-9C28-0A832DE1C242}.Release|x86.ActiveCfg = Release|Win32
		{02C89DA1-D80D-4A47-9C28-0A832DE1C242}.Release|x86.Build.0 = Release|Win32
		{85E486BF-2DE2-4A69-80D3-8B732A66723E}.Debug|x64.ActiveCfg = Debug|x64
		{85E486BF-2DE2-4A69-80D3-8B732A66723E}.Debug|x64.Build.0 = Debug|x64
		{85E486BF-2DE2-4A69-80D3-8B732A66723E}.Debug|x86.ActiveCfg = Debug|Win32
		{85E486BF-2DE2-4A69-80D3-8B732A66723E}.Debug|x86.Build.0 = Debug|Win32
		{85E486BF-2DE2-4A69-80D3-8B732A66723E}.Release|x64.ActiveCfg = Release|x64
		{85E486BF-2DE2-4A69-80D3-8B732A66723E}.Release|x64.Build.0 = Release|x64
		{85E486BF-2DE2-4A69-80D3-8B732A66723E}.Release|x86.ActiveCfg = Release|Win32
		{85E486BF-2DE2-4A69-80D3-8B732A66723E}.Release|x86.Build.0 = Release|Win32
		{C01058D1-58AA-4937-9B81-9405431AD9DF}.Debug|x64.ActiveCfg = Debug|x64
		{C01058D1-58AA-4937-9B81-9405431AD9DF}.Debug|x64.Build.0 = Debug|x64
		{C01058D1-58AA-4937-9B81-9405431AD9DF}.Debug|x86.ActiveCfg = Debug|Win32
		{C01058D1-58AA-4937-9B81-9405431AD9DF}.Debug|x86.Build.0 = Debug|Win32
		{C01058D1-58AA-4937-9B81-9405431AD9DF}.Release|x64.ActiveCfg = Release|x64
		{C01058D1-58AA-4937-9B81-9405431AD9DF}.Release|x64.Build.0 = Release|x64
		{C01058D1-58AA-4937-9B81-9405431AD9DF}.Release|x86.ActiveCfg = Release|Win32
		{C01058D1-58AA-4937-9B81-9405431AD9DF}.Release|x86.Build.0 = Release|Win32
		{A88EC901-E010-44C7-94D4-D9B265513A98}.Debug|x64.ActiveCfg = Debug|x64
		{A88EC901-E010-44C7-94D4-D9B265513A98}.Debug|x64.Build.0 = Debug|x64
		{A88EC901-E010-44C7-94D4-D9B265513A98}.Debug|x86.ActiveCfg = Debug|Win32
		{A88EC901-E010-44C7-94D4-D9B265513A98}.Debug|x86.Build.0 = Debug|Win32
		{A88EC901-E010-44C7-94D4-D9B265513A98}.Release|x64.ActiveCfg = Release|x64
		{A88EC901-E010-44C7-94D4-D9B265513A98}.Release|x64.Build.0 = Release|x64
		{A88EC901-E010-44C7-94D4-D9B265513A98}.Release|x86.ActiveCfg = Release|Win32
		{A88EC901-E010-44C7-94D4-D9B265513A98}.Release|x86.Build.0 = Release|Win32
		{9B80BE09-072E-4FD7-B651-198DAB60AF19}.Debug|x64.ActiveCfg = Debug|x64
		{9B80BE09-072E-4FD7-B651-198DAB60AF19}.Debug|x64.Build.0 = Debug|x64
		{9B80BE09-072E-4FD7-B651-198DAB60AF19}.Debug|x86.ActiveCfg = Debug|Win32
		{9B80BE09-072E-4FD7-B651-198DAB60AF19}.Debug|x86.Build.0 = Debug|Win32
		{9B80BE09-072E-4FD7-B651-198DAB60AF19}.Release|x64.ActiveCfg = Release|x64
		{9B80BE09-072E-4FD7-B651-198DAB60AF19}.Release|x64.Build.0 = Release|x64
		{9B80BE09-072E-4FD7-B651-198DAB60AF19}.Release|x86.ActiveCfg = Release|Win32
		{9B80BE09-072E-4FD7-B651-198DAB60AF19}.Release|x86.Build.0 = Release|Win32
		{2BA55AE4-A042-4509-916B-1EBA8E409604}.Debug|x64.ActiveCfg = Debug|x64
		{2BA55AE4-A042-4509-916B-1EBA8E409604}.Debug|x64.Build.0 = Debug|x64
		{2BA55AE4-A042-4509-916B-1EBA8E409604}.Debug|x86.ActiveCfg = Debug|Win32
		{2BA55AE4-A042-4509-916B-1EBA8E409604}.Debug|x86.Build.0 = Debug|Win32
		{2BA55AE4-A042-4509-916B-1EBA8E409604}.Release|x64.ActiveCfg = Release|x64
		{2BA55AE4-A042-4509-916B-1EBA8E409604}.Release|x64.Build.0 = Release|x64
		{2BA55AE4-A042-4509-916B-1EBA8E409604}.Release|x86.ActiveCfg = Release|Win32
		{2BA55AE4-A042-4509-916B-1EBA8E409604}.Release|x86.Build.0 = Release|Win32
		{D05D434D-7AB0-4FE6-A6A8-9F86FE87DB2A}.Debug|x64.ActiveCfg = Debug|x64
		{D05D434D-7AB0-4FE6-A6A8-9F86FE87DB2A}.Debug|x64.Build.0 = Debug|x64
		{D05D434D-7AB0-4FE6-A6A8-9F86FE87DB2A}.Debug|x86.ActiveCfg = Debug|Win32
		{D05D434D-7AB0-4FE6-A6A8-9F86FE87DB2A}.Debug|x86.Build.0 = Debug|Win32
		{D05D434D-7AB0-4FE6-A6A8-9F86FE87DB2A}.Release|x64.ActiveCfg = Release|x64
		{D05D434D-7AB0-4FE6-A6A8-9F86FE87DB2A}.Release|x64.Build.0 = Release|x64
		{D05D434D-7AB0-4FE6-A6A8-9F86FE87DB2A}.Release|x86.ActiveCfg = Release|Win32
		{D05D434D-7AB0-4FE6-A6A8-9F86FE87DB2A}.Release|x86.Build.0 = Release|Win32
		{F17679DF-0852-4BB3-90E6-5BDED87708A3}.Debug|x64.ActiveCfg = Debug|x64
		{F17679DF-0852-4BB3-90E6-5BDED87708A3}.Debug|x64.Build.0 = Debug|x64
		{F17679DF-0852-4BB3-90E6-5BDED87708A3}.Debug|x86.ActiveCfg = Debug|Win32
		{F17679DF-0852-4BB3-90E6-5BDED87708A3}.Debug|x86.Build.0 = Debug|Win32
		{F17679DF-0852-4BB3-90E6-5BDED87708A3}.Release|x64.ActiveCfg = Release|x64
		{F17679DF-0852-4BB3-90E6-5BDED87708A3}.Release|x64.Build.0 = Release|x64
		{F17679DF-0852-4BB3-90E6-5BDED87708A3}.Release|x86.ActiveCfg = Release|Win32
		{F17679DF-0852-4BB3-90E6-5BDED87708A3}.Release|x86.Build.0 = Release|Win32
		{B7DDF1FC-90C6-4960-9F3E-E72D88F14FF2}.Debug|x64.ActiveCfg = Debug|x64
		{B7DDF1FC-90C6-4960-9F3E-E72D88F14FF2}.Debug|x64.Build.0 = Debug|x64
		{B7DDF1FC-90C6-4960-9F3E-E72D88F14FF2}.Debug|x86.ActiveCfg = Debug|Win32
		{B7DDF1FC-90C6-4960-9F3E-E72D88F14FF2}.Debug|x86.Build.0 = Debug|Win32
		{B7DDF1FC-90C6-4960-9F3E-E72D88F14FF2}.Release|x64.ActiveCfg = Release|x64
		{B7DDF1FC-90C6-4960-9F3E-E72D88F14FF2}.Release|x64.Build.0 = Release|x64
		{B7DDF1FC-90C6-4960-9F3E-E72D88F14FF2}.Release|x86.ActiveCfg = Release|Win32
		{B7DDF1FC-90C6-4960-9F3E-E72D88F14FF2}.Release|x86.Build.0 = Release|Win32
		{B73939ED-F04B-4958-B610-917EE1A20DF7}.Debug|x64.ActiveCfg = Debug|x64
		{B73939ED-F04B-4958-B610-917EE1A20DF7}.Debug|x64.Build.0 = Debug|x64
		{B73939ED-F04B-4958-B610-917EE1A20DF7}.Debug|x86.ActiveCfg = Debug|Win32
		{B73939ED-F04B-4958-B610-917EE1A20DF7}.Debug|x86.Build.0 = Debug|Win32
		{B73939ED-F04B-4958-B610-917EE1A20DF7}.Release|x64.ActiveCfg = Release|x64
		{B73939ED-F04B-4958-B610-917EE1A20DF7}.Release|x64.Build.0 = Release|x64
		{B73939ED-F04B-4958-B610-917EE1A20DF7}.Release|x86.ActiveCfg = Release|Win32
		{B73939ED-F04B-4958-B610-917EE1A20DF7}.Release|x86.Build.0 = Release|Win32
		{4BBD484F-3CED-429A-9E0E-C8C2618D3A67}.Debug|x64.ActiveCfg = Debug|x64
		{4BBD484F-3CED-429A-9E0E-C8C2618D3A67}.Debug|x64.Build.0 = Debug|x64
		{4BBD484F-3CED-429A-9E0E-C8C2618D3A67}.Debug|x86.ActiveCfg = Debug|Win32
		{4BBD484F-3CED-429A-9E0E-C8C2618D3A67}.Debug|x86.Build.0 = Debug|Win32
		{4BBD484F-3CED-429A-9E0E-C8C2618D3A67}.Release|x64.ActiveCfg = Release|x64
		{4BBD484F-3CED-429A-9E0E-C8C2618D3A67}.Release|x64.Build.0 = Release|x64
		{4BBD484F-3CED-429A-9E0E-C8C2618D3A67}.Release|x86.ActiveCfg = Release|Win32
		{4BBD484F-3CED-429A-9E0E-C8C2618D3A67}.Release|x86.Build.0 = Release|Win32
		{D834EE16-AB40-4E44-A46F-319A206EEB81}.Debug|x64.ActiveCfg = Debug|x64
		{D834EE16-AB40-4E44-A46F-319A206EEB81}.Debug|x64.Build.0 = Debug|x64
		{D834EE16-AB40-4E44-A46F-319A206EEB81}.Debug|x86.ActiveCfg = Debug|Win32
		{D834EE16-AB40-4E44-A46F-319A206EEB81}.Debug|x86.Build.0 = Debug|Win32
		{D834EE16-AB40-4E44-A46F-319A206EEB81}.Release|x64.ActiveCfg = Release|x64
		{D834EE16-AB40-4E44-A46F-319A206EEB81}.Release|x64.Build.0 = Release|x64
		{D834EE16-AB40-4E44-A46F-319A206EEB81}.Release|x86.ActiveCfg = Release|Win32
		{D834EE16-AB40-4E44-A46F-319A206EEB81}.Release|x86.Build.0 = Release|Win32
		{06A73DBC-D2F1-43E8-B614-F28A248DA07F}.Debug|x64.ActiveCfg = Debug|x64
		{06A73DBC-D2F1-43E8-B614-F28A248DA07F}.Debug|x64.Build.0 = Debug|x64
		{06A73DBC-D2F1-43E8-B614-F28A248DA07F}.Debug|x86.ActiveCfg = Debug|Win32
		{06A73DBC-D2F1-43E8-B614-F28A248DA07F}.Debug|x86.Build.0 = Debug|Win32
		{06A73DBC-D2F1-43E8-B614-F28A248DA07F}.Release|x64.ActiveCfg = Release|x64
		{06A73DBC-D2F1-43E8-B614-F28A248DA07F}.Release|x64.Build.0 = Release|x64
		{06A73DBC-D2F1-43E8-B614-F28A248DA07F}.Release|x86.ActiveCfg = Release|Win32
		{06A73DBC-D2F1-43E8-B614-F28A248DA07F}.Release|x86.Build.0 = Release|Win32
		{B79C571F-6862-4D8E-A4ED-8CB0F803FF00}.Debug|x64.ActiveCfg = Debug|x64
		{B79C571F-6862-4D8E-A4ED-8CB0F803FF00}.Debug|x64.Build.0 = Debug|x64
		{B79C571F-6862-4D8E-A4ED-8CB0F803FF00}.Debug|x86.ActiveCfg = Debug|Win32
		{B79C571F-6862-4D8E-A4ED-8CB0F803FF00}.Debug|x86.Build.0 = Debug|Win32
		{B79C571F-6862-4D8E-A4ED-8CB0F803FF00}.Release|x64.ActiveCfg = Release|x64
		{B79C571F-6862-4D8E-A4ED-8CB0F803FF00}.Release|x64.Build.0 = Release|x64
		{B79C571F-6862-4D8E-A4ED-8CB0F803FF00}.Release|x86.ActiveCfg = Release|Win32
		{B79C571F-6862-4D8E-A4ED-8CB0F803FF00}.Release|x86.Build.0 = Release|Win32
		{11CB24F6-F63A-4C28-AA27-9F7623CA3B14}.Debug|x64.ActiveCfg = Debug|x64
		{11CB24F6-F63A-4C28-AA27-9F7623CA3B14}.Debug|x64.Build.0 = Debug|x64
		{11CB24F6-F63A-4C28-AA27-9F7623CA3B14}.Debug|x86.ActiveCfg = Debug|Win32
		{11CB24F6-F63A-4C28-AA27-9F7623CA3B14}.Debug|x86.Build.0 = Debug|Win32
		{11CB24F6-F63A-4C28-AA27-9F7623CA3B14}.Release|x64.ActiveCfg = Release|x64
		{11CB24F6-F63A-4C28-AA27-9F7623CA3B14}.Release|x64.Build.0 = Release|x64
		{11CB24F6-F63A-4C28-AA27-9F7623CA3B14}.Release|x86.ActiveCfg = Release|Win32
		{11CB24F6-F63A-4C28-AA27-9F7623CA3B14}.Release|x86.Build.0 = Release|Win32
		{B94CD7C0-21FD-497C-ACDE-B7F3944F7290}.Debug|x64.ActiveCfg = Debug|x64
		{B94CD7C0-21FD-497C-ACDE-B7F3944F7290}.Debug|x64.Build.0 = Debug|x64
		{B94CD7C0-21FD-497C-ACDE-B7F3944F7290}.Debug|x86.ActiveCfg = Debug|Win32
		{B94CD7C0-21FD-497C-ACDE-B7F3944F7290}.Debug|x86.Build.0 = Debug|Win32
		{B94CD7C0-21FD-497C-ACDE-B7F3944F7290}.Release|x64.ActiveCfg = Release|x64
		{B94CD7C0-21FD-497C-ACDE-B7F3944F7290}.Release|x64.Build.0 = Release|x64
		{B94CD7C0-21FD-497C-ACDE-B7F3944F7290}.Release|x86.ActiveCfg = Release|Win32
		{B94CD7C0-21FD-497C-ACDE-B7F3944F7290}.Release|x86.Build.0 = Release|Win32
		{2ABC2E3A-D74B-4710-A04A-994AB50EF187}.Debug|x64.ActiveCfg = Debug|x64
		{2ABC2E3A-D74B-4710-A04A-994AB50EF187}.Debug|x64.Build.0 = Debug|x64
		{2ABC2E3A-D74B-4710-A04A-994AB50EF187}.Debug|x86.ActiveCfg = Debug|Win32
		{2ABC2E3A-D74B-4710-A04A-994AB50EF187}.Debug|x86.Build.0 = Debug|Win32
		{2ABC2E3A-D74B-4710-A04A-994AB50EF187}.Release|x64.ActiveCfg = Release|x64
		{2ABC2E3A-D74B-4710-A04A-994AB50EF187}.Release|x64.Build.0 = Release|x64
		{2ABC2E3A-D74B-4710-A04A-994AB50EF187}.Release|x86.ActiveCfg = Release|Win32
		{2ABC2E3A-D74B-4710-A04A-994AB50EF187}.Release|x86.Build.0 = Release|Win32
		{DA6BCD90-F056-4AF5-9067-A868AA1BA48D}.Debug|x64.ActiveCfg = Debug|x64
		{DA6BCD90-F056-4AF5-9067-A868AA1BA48D}.Debug|x64.Build.0 = Debug|x64
		{DA6BCD90-F056-4AF5-9067-A868AA1BA48D}.Debug|x86.ActiveCfg = Debug|Win32
		{DA6BCD90-F056-4AF5-9067-A868AA1BA48D}.Debug|x86.Build.0 = Debug|Win32
		{DA6BCD90-F056-4AF5-9067-A868AA1BA48D}.Release|x64.ActiveCfg = Release|x64
		{DA6BCD90-F056-4AF5-9067-A868AA1BA48D}.Release|x64.Build.0 = Release|x64
		{DA6BCD90-F056-4AF5-9067-A868AA1BA48D}.Release|x86.ActiveCfg = Release|Win32
		{DA6BCD90-F056-4AF5-9067-A868AA1BA48D}.Release|x86.Build.0 = Release|Win32
		{FD06DFF5-80F9-4BA8-A691-F70C6C90BAE0}.Debug|x64.ActiveCfg = Debug|x64
		{FD06DFF5-80F9-4BA8-A691-F70C6C90BAE0}.Debug|x64.Build.0 = Debug|x64
		{FD06DFF5-80F9-4BA8-A691-F70C6C90BAE0}.Debug|x86.ActiveCfg = Debug|Win32
		{FD06DFF5-80F9-4BA8-A691-F70C6C90BAE0}.Debug|x86.Build.0 = Debug|Win32
		{FD06DFF5-80F9-4BA8-A691-F70C6C90BAE0}.Release|x64.ActiveCfg = Release|x64
		{FD06DFF5-80F9-4BA8-A691-F70C6C90BAE0}.Release|x64.Build.0 = Release|x64
		{FD06DFF5-80F9-4BA8-A691-F70C6C90BAE0}.Release|x86.ActiveCfg = Release|Win32
		{FD06DFF5-80F9-4BA8-A691-F70C6C90BAE0}.Release|x86.Build.0 = Release|Win32
		{6DE71FA0-E9F7-4945-9020-7957F5DF84CC}.Debug|x64.ActiveCfg = Debug|x64
		{6DE71FA0-E9F7-4945-9020-7957F5DF84CC}.Debug|x64.Build.0 = Debug|x64
		{6DE71FA0-E9F7-4945-9020-7957F5DF84CC}.Debug|x86.ActiveCfg = Debug|Win32
		{6DE71FA0-E9F7-4945-9020-7957F5DF84CC}.Debug|x86.Build.0 = Debug|Win32
		{6DE71FA0-E9F7-4945-9020-7957F5DF84CC}.Release|x64.ActiveCfg = Release|x64
		{6DE71FA0-E9F7-4945-9020-7957F5DF84CC}.Release|x64.Build.0 = Release|x64
		{6DE71FA0-E9F7-4945-9020-7957F5DF84CC}.Release|x86.ActiveCfg = Release|Win32
		{6DE71FA0-E9F7-4945-9020-7957F5DF84CC}.Release|x86.Build.0 = Release|Win32
		{6B9316DE-8BD4-4546-B92E-2922E5EE4F8C}.Debug|x64.ActiveCfg = Debug|x64
		{6B9316DE-8BD4-4546-B92E-2922E5EE4F8C}.Debug|x64.Build.0 = Debug|x64
		{6B9316DE-8BD4-4546-B92E-2922E5EE4F8C}.Debug|x86.ActiveCfg = Debug|Win32
		{6B9316DE-8BD4-4546-B92E-2922E5EE4F8C}.Debug|x86.Build.0 = Debug|Win32
		{6B9316DE-8BD4-4546-B92E-2922E5EE4F8C}.Release|x64.ActiveCfg = Release|x64
		{6B9316DE-8BD4-4546-B92E-2922E5EE4F8C}.Release|x64.Build.0 = Release|x64
		{6B9316DE-8BD4-4546-B92E-2922E5EE4F8C}.Release|x86.ActiveCfg = Release|Win32
		{6B9316DE-8BD4-4546-B92E-2922E5EE4F8C}.Release|x86.Build.0 = Release|Win32
		{C38A19FE-B34E-4A01-BE9A-1931A87DE5C5}.Debug|x64.ActiveCfg = Debug|x64
		{C38A19FE-B34E-4A01-BE9A-1931A87DE5C5}.Debug|x64.Build.0 = Debug|x64
		{C38A19FE-B34E-4A01-BE9A-1931A87DE5C5}.Debug|x86.ActiveCfg = Debug|Win32
		{C38A19FE-B34E-4A01-BE9A-1931A87DE5C5}.Debug|x86.Build.0 = Debug|Win32
		{C38A19FE-B34E-4A01-BE9A-1931A87DE5C5}.Release|x64.ActiveCfg = Release|x64
		{C38A19FE-B34E-4A01-BE9A-1931A87DE5C5}.Release|x64.Build.0 = Release|x64
		{C38A19FE-B34E-4A01-BE9A-1931A87DE5C5}.Release|x86.ActiveCfg = Release|Win32
		{C38A19FE-B34E-4A01-BE9A-1931A87DE5C5}.Release|x86.Build.0 = Release|Win32
		{B96CF15F-8F93-4D68-B827-0A19DD821441}.Debug|x64.ActiveCfg = Debug|x64
		{B96CF15F-8F93-4D68-B827-0A19DD821441}.Debug|x64.Build.0 = Debug|x64
		{B96CF15F-8F93-4D68-B827-0A19DD821441}.Debug|x86.ActiveCfg = Debug|Win32
		{B96CF15F-8F93-4D68-B827-0A19DD821441}.Debug|x86.Build.0 = Debug|Win32
		{B96CF15F-8F93-4D68-B827-0A19DD821441}.Release|x64.ActiveCfg = Release|x64
		{B96CF15F-8F93-4D68-B827-0A19DD821441}.Release|x64.Build.0 = Release|x64
		{B96CF15F-8F93-4D68-B827-0A19DD821441}.Release|x86.ActiveCfg = Release|Win32
		{B96CF15F-8F93-4D68-B827-0A19DD821441}.Release|x86.Build.0 = Release|Win32
		{A68224FE-2D32-4915-89FB-8842D613BFC7}.Debug|x64.ActiveCfg = Debug|x64
		{A68224FE-2D32-4915-89FB-8842D613BFC7}.Debug|x64.Build.0 = Debug|x64
		{A68224FE-2D32-4915-89FB-8842D613BFC7}.Debug|x86.ActiveCfg = Debug|Win32
		{A68224FE-2D32-4915-89FB-8842D613BFC7}.Debug|x86.Build.0 = Debug|Win32
		{A68224FE-2D32-4915-89FB-8842D613BFC7}.Release|x64.ActiveCfg = Release|x64
		{A68224FE-2D32-4915-89FB-8842D613BFC7}.Release|x64.Build.0 = Release|x64
		{A68224FE-2D32-4915-89FB-8842D613BFC7}.Release|x86.ActiveCfg = Release|Win32
		{A68224FE-2D32-4915-89FB-8842D613BFC7}.Release|x86.Build.0 = Release|Win32
		{70E3345D-A872-454F-A4CA-F097F8DDFC46}.Debug|x64.ActiveCfg = Debug|x64
		{70E3345D-A872-454F-A4CA-F097F8DDFC46}.Debug|x64.Build.0 = Debug|x64
		{70E3345D-A872-454F-A4CA-F097F8DDFC46}.Debug|x86.ActiveCfg = Debug|Win32
		{70E3345D-A872-454F-A4CA-F097F8DDFC46}.Debug|x86.Build.0 = Debug|Win32
		{70E3345D-A872-454F-A4CA-F097F8DDFC46}.Release|x64.ActiveCfg = Release|x64
		{70E3345D-A872-454F-A4CA-F097F8DDFC46}.Release|x64.Build.0 = Release|x64
		{70E3345D-A872-454F-A4CA-F097F8DDFC46}.Release|x86.ActiveCfg = Release|Win32
		{70E3345D-A872-454F-A4CA-F097F8DDFC46}.Release|x86.Build.0 = Release|Win32
		{35EFE78C-F897-4806-9101-5D480A1F8387}.Debug|x64.ActiveCfg = Debug|x64
		{35EFE78C-F897-4806-9101-5D480A1F8387}.Debug|x64.Build.0 = Debug|x64
		{35EFE78C-F897-4806-9101-5D480A1F8387}.Debug|x86.ActiveCfg = Debug|Win32
		{35EFE78C-F897-4806-9101-5D480A1F8387}.Debug|x86.Build.0 = Debug|Win32
		{35EFE78C-F897-4806-9101-5D480A1F8387}.Release|x64.ActiveCfg = Release|x64
		{35EFE78C-F897-4806-9101-5D480A1F8387}.Release|x64.Build.0 = Release|x64
		{35EFE78C-F897-4806-9101-5D480A1F8387}.Release|x86.ActiveCfg = Release|Win32
		{35EFE78C-F897-4806-9101-5D480A1F8387}.Release|x86.Build.0 = Release|Win32
		{BFDA659B-F585-4663-9E3F-4E070FED506C}.Debug|x64.ActiveCfg = Debug|x64
		{BFDA659B-F585-4663-9E3F-4E070FED506C}.Debug|x64.Build.0 = Debug|x64
		{BFDA659B-F585-4663-9E3F-4E070FED506C}.Debug|x86.ActiveCfg = Debug|Win32
		{BFDA659B-F585-4663-9E3F-4E070FED506C}.Debug|x86.Build.0 = Debug|Win32
		{BFDA659B-F585-4663-9E3F-4E070FED506C}.Release|x64.ActiveCfg = Release|x64
		{BFDA659B-F585-4663-9E3F-4E070FED506C}.Release|x64.Build.0 = Release|x64
		{BFDA659B-F585-4663-9E3F-4E070FED506C}.Release|x86.ActiveCfg = Release|Win32
		{BFDA659B-F585-4663-9E3F-4E070FED506C}.Release|x86.Build.0 = Release|Win32
		{534E7A6C-46F7-48B5-84C9-EF67502AF4FC}.Debug|x64.ActiveCfg = Debug|x64
		{534E7A6C-46F7-48B5-84C9-EF67502AF4FC}.Debug|x64.Build.0 = Debug|x64
		{534E7A6C-46F7-48B5-84C9-EF67502AF4FC}.Debug|x86.ActiveCfg = Debug|Win32
		{534E7A6C-46F7-48B5-84C9-EF67502AF4FC}.Debug|x86.Build.0 = Debug|Win32
		{534E7A6C-46F7-48B5-84C9-EF67502AF4FC}.Release|x64.ActiveCfg = Release|x64
		{534E7A6C-46F7-48B5-84C9-EF67502AF4FC}.Release|x64.Build.0 = Release|x64
		{534E7A6C-46F7-48B5-84C9-EF67502AF4FC}.Release|x86.ActiveCfg = Release|Win32
		{534E7A6C-46F7-48B5-84C9-EF67502AF4FC}.Release|x86.Build.0 = Release|Win32
		{E71B6BF5-80E4-4BF2-AB82-3A0AB807F99E}.Debug|x64.ActiveCfg = Debug|x64
		{E71B6BF5-80E4-4BF2-AB82-3A0AB807F99E}.Debug|x64.Build.0 = Debug|x64
		{E71B6BF5-80E4-4BF2-AB82-3A0AB807F99E}.Debug|x86.ActiveCfg = Debug|Win32
		{E71B6BF5-80E4-4BF2-AB82-3A0AB807F99E}.Debug|x86.Build.0 = Debug|Win32
		{E71B6BF5-80E4-4BF2-AB82-3A0AB807F99E}.Release|x64.ActiveCfg = Release|x64
		{E71B6BF5-80E4-4BF2-AB82-3A0AB807F99E}.Release|x64.Build.0 = Release|x64
		{E71B6BF5-80E4-4BF2-AB82-3A0AB807F99E}.Release|x86.ActiveCfg = Release|Win32
		{E71B6BF5-80E4-4BF2-AB82-3A0AB807F99E}.Release|x86.Build.0 = Release|Win32
		{4275D29B-F279-4A05-83BD-7649105FA0F2}.Debug|x64.ActiveCfg = Debug|x64
		{4275D29B-F279-4A05-83BD-7649105FA0F2}.Debug|x64.Build.0 = Debug|x64
		{4275D29B-F279-4A05-83BD-7649105FA0F2}.Debug|x86.ActiveCfg = Debug|Win32
		{4275D29B-F279-4A05-83BD-7649105FA0F2}.Debug|x86.Build.0 = Debug|Win32
		{4275D29B-F279-4A05-83BD-7649105FA0F2}.Release|x64.ActiveCfg = Release|x64
		{4275D29B-F279-4A05-83BD-7649105FA0F2}.Release|x64.Build.0 = Release|x64
		{4275D29B-F279-4A05-83BD-7649105FA0F2}.Release|x86.ActiveCfg = Release|Win32
		{4275D29B-F279-4A05-83BD-7649105FA0F2}.Release|x86.Build.0 = Release|Win32
		{8DBE8774-880C-4581-A252-7DF6F919392C}.Debug|x64.ActiveCfg = Debug|x64
		{8DBE8774-880C-4581-A252-7DF6F919392C}.Debug|x64.Build.0 = Debug|x64
		{8DBE8774-880C-4581-A252-7DF6F919392C}.Debug|x86.ActiveCfg = Debug|Win32
		{8DBE8774-880C-4581-A252-7DF6F919392C}.Debug|x86.Build.0 = Debug|Win32
		{8DBE8774-880C-4581-A252-7DF6F919392C}.Release|x64.ActiveCfg = Release|x64
		{8DBE8774-880C-4581-A252-7DF6F919392C}.Release|x64.Build.0 = Release|x64
		{8DBE8774-880C-4581-A252-7DF6F919392C}.Release|x86.ActiveCfg = Release|Win32
		{8DBE8774-880C-4581-A252-7DF6F919392C}.Release|x86.Build.0 = Release|Win32
		{3348FB00-3BC5-46B6-A3A2-4DE364E5ABF0}.Debug|x64.ActiveCfg = Debug|x64
		{3348FB00-3BC5-46B6-A3A2-4DE364E5ABF0}.Debug|x64.Build.0 = Debug|x64
		{3348FB00-3BC5-46B6-A3A2-4DE364E5ABF0}.Debug|x86.ActiveCfg = Debug|Win32
		{3348FB00-3BC5-46B6-A3A2-4DE364E5ABF0}.Debug|x86.Build.0 = Debug|Win32
		{3348FB00-3BC5-46B6-A3A2-4DE364E5ABF0}.Release|x64.ActiveCfg = Release|x64
		{3348FB00-3BC5-46B6-A3A2-4DE364E5ABF0}.Release|x64.Build.0 = Release|x64
		{3348FB00-3BC5-46B6-A3A2-4DE364E5ABF0}.Release|x86.ActiveCfg = Release|Win32
		{3348FB00-3BC5-46B6-A3A2-4DE364E5ABF0}.Release|x86.Build.0 = Release|Win32
		{AEFBB01B-7F05-4F8C-A5A9-F71519F6899C}.Debug|x64.ActiveCfg = Debug|x64
		{AEFBB01B-7F05-4F8C-A5A9-F71519F6899C}.Debug|x64.Build.0 = Debug|x64
		{AEFBB01B-7F05-4F8C-A5A9-F71519F6899C}.Debug|x86.ActiveCfg = Debug|Win32
		{AEFBB01B-7F05-4F8C-A5A9-F71519F6899C}.Debug|x86.Build.0 = Debug|Win32
		{AEFBB01B-7F05-4F8C-A5A9-F71519F6899C}.Release|x64.ActiveCfg = Release|x64
		{AEFBB01B-7F05-4F8C-A5A9-F71519F6899C}.Release|x64.Build.0 = Release|x64
		{AEFBB01B-7F05-4F8C-A5A9-F71519F6899C}.Release|x86.ActiveCfg = Release|Win32
		{AEFBB01B-7F05-4F8C-A5A9-F71519F6899C}.Release|x86.Build.0 = Release|Win32
		{717E98C8-D3EA-4B6E-B072-2E5281FC7820}.Debug|x64.ActiveCfg = Debug|x64
		{717E98C8-D3EA-4B6E-B072-2E5281FC7820}.Debug|x64.Build.0 = Debug|x64
		{717E98C8-D3EA-4B6E-B072-2E5281FC7820}.Debug|x86.ActiveCfg = Debug|Win32
		{717E98C8-D3EA-4B6E-B072-2E5281FC7820}.Debug|x86.Build.0 = Debug|Win32
		{717E98C8-D3EA-4B6E-B072-2E5281FC7820}.Release|x64.ActiveCfg = Release|x64
		{717E98C8-D3EA-4B6E-B072-2E5281FC7820}.Release|x64.Build.0 = Release|x64
		{717E98C8-D3EA-4B6E-B072-2E5281FC7820}.Release|x86.ActiveCfg = Release|Win32
		{717E98C8-D3EA-4B6E-B072-2E5281FC7820}.Release|x86.Build.0 = Release|Win32
		{157B9071-7A62-44FD-8479-8B18120CC97B}.Debug|x64.ActiveCfg = Debug|x64
		{157B9071-7A62-44FD-8479-8B18120CC97B}.Debug|x64.Build.0 = Debug|x64
		{157B9071-7A62-44FD-8479-8B18120CC97B}.Debug|x86.ActiveCfg = Debug|Win32
		{157B9071-7A62-44FD-8479-8B18120CC97B}.Debug|x86.Build.0 = Debug|Win32
		{157B9071-7A62-44FD-8479-8B18120CC97B}.Release|x64.ActiveCfg = Release|x64
		{157B9071-7A62-44FD-8479-8B18120CC97B}.Release|x64.Build.0 = Release|x64
		{157B9071-7A62-44FD-8479-8B18120CC97B}.Release|x86.ActiveCfg = Release|Win32
		{157B9071-7A62-44FD-8479-8B18120CC97B}.Release|x86.Build.0 = Release|Win32
		{4C839336-2DF9-4C8D-806F-A69ED330ED5C}.Debug|x64.ActiveCfg = Debug|x64
		{4C839336-2DF9-4C8D-806F-A69ED330ED5C}.Debug|x64.Build.0 = Debug|x64
		{4C839336-2DF9-4C8D-806F-A69ED330ED5C}.Debug|x86.ActiveCfg = Debug|Win32
		{4C839336-2DF9-4C8D-806F-A69ED330ED5C}.Debug|x86.Build.0 = Debug|Win32
		{4C839336-2DF9-4C8D-806F-A69ED330ED5C}.Release|x64.ActiveCfg = Release|x64
		{4C839336-2DF9-4C8D-806F-A69ED330ED5C}.Release|x64.Build.0 = Release|x64
		{4C839336-2DF9-4C8D-806F-A69ED330ED5C}.Release|x86.ActiveCfg = Release|Win32
		{4C839336-2DF9-4C8D-806F-A69ED330ED5C}.Release|x86.Build.0 = Release|Win32
		{D62E9E3C-11FF-4995-AE6D-B823D9F43169}.Debug|x64.ActiveCfg = Debug|x64
		{D62E9E3C-11FF-4995-AE6D-B823D9F43169}.Debug|x64.Build.0 = Debug|x64
		{D62E9E3C-11FF-4995-AE6D-B823D9F43169}.Debug|x86.ActiveCfg = Debug|Win32
		{D62E9E3C-11FF-4995-AE6D-B823D9F43169}.Debug|x86.Build.0 = Debug|Win32
		{D62E9E3C-11FF-4995-AE6D-B823D9F43169}.Release|x64.ActiveCfg = Release|x64
		{D62E9E3C-11FF-4995-AE6D-B823D9F43169}.Release|x64.Build.0 = Release|x64
		{D62E9E3C-11FF-4995-AE6D-B823D9F43169}.Release|x86.ActiveCfg = Release|Win32
		{D62E9E3C-11FF-4995-AE6D-B823D9F43169}.Release|x86.Build.0 = Release|Win32
		{513BD543-9034-4CCF-8A8D-94AD6C21A97E}.Debug|x64.ActiveCfg = Debug|x64
		{513BD543-9034-4CCF-8A8D-94AD6C21A97E}.Debug|x64.Build.0 = Debug|x64
		{513BD543-9034-4CCF-8A8D-94AD6C21A97E}.Debug|x86.ActiveCfg = Debug|Win32
		{513BD543-9034-4CCF-8A8D-94AD6C21A97E}.Debug|x86.Build.0 = Debug|Win32
		{513BD543-9034-4CCF-8A8D-94AD6C21A97E}.Release|x64.ActiveCfg = Release|x64
		{513BD543-9034-4CCF-8A8D-94AD6C21A97E}.Release|x64.Build.0 = Release|x64
		{513BD543-9034-4CCF-8A8D-94AD6C21A97E}.Release|x86.ActiveCfg = Release|Win32
		{513BD543-9034-4CCF-8A8D-94AD6C21A97E}.Release|x86.Build.0 = Release|Win32
		{CC612D8B-0E7A-4520-B2A7-9784E8DFFD50}.Debug|x64.ActiveCfg = Debug|x64
		{CC612D8B-0E7A-4520-B2A7-9784E8DFFD50}.Debug|x64.Build.0 = Debug|x64
		{CC612D8B-0E7A-4520-B2A7-9784E8DFFD50}.Debug|x86.ActiveCfg = Debug|Win32
		{CC612D8B-0E7A-4520-B2A7-9784E8DFFD50}.Debug|x86.Build.0 = Debug|Win32
		{CC612D8B-0E7A-4520-B2A7-9784E8DFFD50}.Release|x64.ActiveCfg = Release|x64
		{CC612D8B-0E7A-4520-B2A7-9784E8DFFD50}.Release|x64.Build.0 = Release|x64
		{CC612D8B-0E7A-4520-B2A7-9784E8DFFD50}.Release|x86.ActiveCfg = Release|Win32
		{CC612D8B-0E7A-4520-B2A7-9784E8DFFD50}.Release|x86.Build.0 = Release|Win32
		{58CEBE45-D593-4709-9A77-4E3019F9AC21}.Debug|x64.ActiveCfg = Debug|x64
		{58CEBE45-D593-4709-9A77-4E3019F9AC21}.Debug|x64.Build.0 = Debug|x64
		{58CEBE45-D593-4709-9A77-4E3019F9AC21}.Debug|x86.ActiveCfg = Debug|Win32
		{58CEBE45-D593-4709-9A77-4E3019F9AC21}.Debug|x86.Build.0 = Debug|Win32
		{58CEBE45-D593-4709-9A77-4E3019F9AC21}.Release|x64.ActiveCfg = Release|x64
		{58CEBE45-D593-4709-9A77-4E3019F9AC21}.Release|x64.Build.0 = Release|x64
		{58CEBE45-D593-4709-9A77-4E3019F9AC21}.Release|x86.ActiveCfg = Release|Win32
		{58CEBE45-D593-4709-9A77-4E3019F9AC21}.Release|x86.Build.0 = Release|Win32
	EndGlobalSection
	GlobalSection(SolutionProperties) = preSolution
		HideSolutionNode = FALSE
	EndGlobalSection
	GlobalSection(NestedProjects) = preSolution
		{88142DA5-52CC-4DC1-9201-81A61CC0219A} = {4A37FA9A-9228-443A-BDBA-C574E328766B}
		{75E535B4-ED7A-4D8C-B972-B5D1EAAC4D5C} = {4A37FA9A-9228-443A-BDBA-C574E328766B}
		{08E5EFC2-0C8B-4903-B73F-642A3430966B} = {4A37FA9A-9228-443A-BDBA-C574E328766B}
		{22CEE229-980F-4CFF-BFAF-DB02BCBB9500} = {B8A81218-0320-4F5F-8E62-8A456B9AADF8}
		{3C59D88F-0A49-4278-BB8A-B45441278C6C} = {B8A81218-0320-4F5F-8E62-8A456B9AADF8}
		{6AAB0E1B-9F85-4F53-859F-CC056167CCE8} = {B8A81218-0320-4F5F-8E62-8A456B9AADF8}
		{14C92DDC-9F6F-4527-AF16-738719645956} = {4A37FA9A-9228-443A-BDBA-C574E328766B}
		{743EA15A-CDD2-4054-BE3B-88E2B11F7490} = {DA8DB1D2-8417-4BD6-A0F7-EF94AFF46ABA}
		{A66D279F-EC25-427C-A2A7-48859CCE5F18} = {B8A81218-0320-4F5F-8E62-8A456B9AADF8}
		{BF4202AD-64CE-45EB-B557-FEA38D128725} = {B8A81218-0320-4F5F-8E62-8A456B9AADF8}
		{F10A324C-4D60-4509-A75F-3F73225027FC} = {4A37FA9A-9228-443A-BDBA-C574E328766B}
		{B8A81218-0320-4F5F-8E62-8A456B9AADF8} = {F10A324C-4D60-4509-A75F-3F73225027FC}
		{DA8DB1D2-8417-4BD6-A0F7-EF94AFF46ABA} = {F10A324C-4D60-4509-A75F-3F73225027FC}
		{5CE33712-52AA-4599-BD31-ACE7EB743BE0} = {F10A324C-4D60-4509-A75F-3F73225027FC}
		{4F76A31C-A3A9-429D-BFDA-0045D0836035} = {5CE33712-52AA-4599-BD31-ACE7EB743BE0}
		{AF92B192-2F53-40C5-807B-6EC48FF02848} = {5CE33712-52AA-4599-BD31-ACE7EB743BE0}
		{02C89DA1-D80D-4A47-9C28-0A832DE1C242} = {B8A81218-0320-4F5F-8E62-8A456B9AADF8}
		{85E486BF-2DE2-4A69-80D3-8B732A66723E} = {4A37FA9A-9228-443A-BDBA-C574E328766B}
		{C01058D1-58AA-4937-9B81-9405431AD9DF} = {B8A81218-0320-4F5F-8E62-8A456B9AADF8}
		{A88EC901-E010-44C7-94D4-D9B265513A98} = {B8A81218-0320-4F5F-8E62-8A456B9AADF8}
		{9B80BE09-072E-4FD7-B651-198DAB60AF19} = {B8A81218-0320-4F5F-8E62-8A456B9AADF8}
		{2BA55AE4-A042-4509-916B-1EBA8E409604} = {4A37FA9A-9228-443A-BDBA-C574E328766B}
		{D05D434D-7AB0-4FE6-A6A8-9F86FE87DB2A} = {4A37FA9A-9228-443A-BDBA-C574E328766B}
		{F17679DF-0852-4BB3-90E6-5BDED87708A3} = {B8A81218-0320-4F5F-8E62-8A456B9AADF8}
		{B7DDF1FC-90C6-4960-9F3E-E72D88F14FF2} = {B8A81218-0320-4F5F-8E62-8A456B9AADF8}
		{7B7124E9-2D2F-4FEC-93BE-CF5447236714} = {F10A324C-4D60-4509-A75F-3F73225027FC}
		{B73939ED-F04B-4958-B610-917EE1A20DF7} = {7B7124E9-2D2F-4FEC-93BE-CF5447236714}
		{4BBD484F-3CED-429A-9E0E-C8C2618D3A67} = {7B7124E9-2D2F-4FEC-93BE-CF5447236714}
		{D834EE16-AB40-4E44-A46F-319A206EEB81} = {4A37FA9A-9228-443A-BDBA-C574E328766B}
		{06A73DBC-D2F1-43E8-B614-F28A248DA07F} = {B8A81218-0320-4F5F-8E62-8A456B9AADF8}
		{B79C571F-6862-4D8E-A4ED-8CB0F803FF00} = {B8A81218-0320-4F5F-8E62-8A456B9AADF8}
		{11CB24F6-F63A-4C28-AA27-9F7623CA3B14} = {4A37FA9A-9228-443A-BDBA-C574E328766B}
		{B94CD7C0-21FD-497C-ACDE-B7F3944F7290} = {4A37FA9A-9228-443A-BDBA-C574E328766B}
		{2ABC2E3A-D74B-4710-A04A-994AB50EF187} = {7B2ECA46-6CF3-4F1E-8650-1F08DE506E45}
		{DA6BCD90-F056-4AF5-9067-A868AA1BA48D} = {7B2ECA46-6CF3-4F1E-8650-1F08DE506E45}
		{FD06DFF5-80F9-4BA8-A691-F70C6C90BAE0} = {7B2ECA46-6CF3-4F1E-8650-1F08DE506E45}
		{6DE71FA0-E9F7-4945-9020-7957F5DF84CC} = {7B2ECA46-6CF3-4F1E-8650-1F08DE506E45}
		{6B9316DE-8BD4-4546-B92E-2922E5EE4F8C} = {7B2ECA46-6CF3-4F1E-8650-1F08DE506E45}
		{C38A19FE-B34E-4A01-BE9A-1931A87DE5C5} = {7B2ECA46-6CF3-4F1E-8650-1F08DE506E45}
		{A6AC89CD-B874-431B-B267-09C85DCA0BAB} = {7B2ECA46-6CF3-4F1E-8650-1F08DE506E45}
		{8093A4CE-B416-4051-A919-A3767519465F} = {A6AC89CD-B874-431B-B267-09C85DCA0BAB}
		{B96CF15F-8F93-4D68-B827-0A19DD821441} = {8093A4CE-B416-4051-A919-A3767519465F}
		{A68224FE-2D32-4915-89FB-8842D613BFC7} = {7B2ECA46-6CF3-4F1E-8650-1F08DE506E45}
		{70E3345D-A872-454F-A4CA-F097F8DDFC46} = {8093A4CE-B416-4051-A919-A3767519465F}
		{35EFE78C-F897-4806-9101-5D480A1F8387} = {8093A4CE-B416-4051-A919-A3767519465F}
		{BFDA659B-F585-4663-9E3F-4E070FED506C} = {8093A4CE-B416-4051-A919-A3767519465F}
		{534E7A6C-46F7-48B5-84C9-EF67502AF4FC} = {7B2ECA46-6CF3-4F1E-8650-1F08DE506E45}
		{E71B6BF5-80E4-4BF2-AB82-3A0AB807F99E} = {7B2ECA46-6CF3-4F1E-8650-1F08DE506E45}
		{4275D29B-F279-4A05-83BD-7649105FA0F2} = {7B2ECA46-6CF3-4F1E-8650-1F08DE506E45}
		{8DBE8774-880C-4581-A252-7DF6F919392C} = {8093A4CE-B416-4051-A919-A3767519465F}
		{3348FB00-3BC5-46B6-A3A2-4DE364E5ABF0} = {8093A4CE-B416-4051-A919-A3767519465F}
		{AEFBB01B-7F05-4F8C-A5A9-F71519F6899C} = {8093A4CE-B416-4051-A919-A3767519465F}
		{717E98C8-D3EA-4B6E-B072-2E5281FC7820} = {7B2ECA46-6CF3-4F1E-8650-1F08DE506E45}
		{157B9071-7A62-44FD-8479-8B18120CC97B} = {7B2ECA46-6CF3-4F1E-8650-1F08DE506E45}
		{4C839336-2DF9-4C8D-806F-A69ED330ED5C} = {7B2ECA46-6CF3-4F1E-8650-1F08DE506E45}
		{D62E9E3C-11FF-4995-AE6D-B823D9F43169} = {7B2ECA46-6CF3-4F1E-8650-1F08DE506E45}
		{513BD543-9034-4CCF-8A8D-94AD6C21A97E} = {C65E7B49-DBB2-404F-AA8D-FD623D43CA8A}
		{CC612D8B-0E7A-4520-B2A7-9784E8DFFD50} = {C65E7B49-DBB2-404F-AA8D-FD623D43CA8A}
		{58CEBE45-D593-4709-9A77-4E3019F9AC21} = {C65E7B49-DBB2-404F-AA8D-FD623D43CA8A}
	EndGlobalSection
	GlobalSection(ExtensibilityGlobals) = postSolution
		SolutionGuid = {5B4B387D-D349-4DA8-A8C4-099A0123FA84}
	EndGlobalSection
EndGlobal
