
Microsoft Visual Studio Solution File, Format Version 12.00
# Visual Studio Version 17
VisualStudioVersion = 17.7.34018.315
MinimumVisualStudioVersion = 10.0.40219.1
Project("{8BC9CEB8-8B4A-11D0-8D11-00A0C91BC942}") = "12 09 2023 Логические выражения и операторы, изучение стандартных потоков ввода и вывода", "12 09 2023 Логические выражения и операторы, изучение стандартных потоков ввода и вывода\12 09 2023 Логические выражения и операторы, изучение стандартных потоков ввода и вывода.vcxproj", "{88142DA5-52CC-4DC1-9201-81A61CC0219A}"
EndProject
Project("{8BC9CEB8-8B4A-11D0-8D11-00A0C91BC942}") = "17 09 2023 Решение задач с использованием логических выражений", "17 09 2023 Решение задач с использованием логических выражений\17 09 2023 Решение задач с использованием логических выражений.vcxproj", "{75E535B4-ED7A-4D8C-B972-B5D1EAAC4D5C}"
EndProject
Project("{8BC9CEB8-8B4A-11D0-8D11-00A0C91BC942}") = "19 09 2023 Ветвление. Условный оператор if", "19 09 2023 Ветвление. Условный оператор if\19 09 2023 Ветвление. Условный оператор if.vcxproj", "{08E5EFC2-0C8B-4903-B73F-642A3430966B}"
EndProject
Project("{8BC9CEB8-8B4A-11D0-8D11-00A0C91BC942}") = "0001_acmp", "0001_acmp\0001_acmp.vcxproj", "{22CEE229-980F-4CFF-BFAF-DB02BCBB9500}"
EndProject
Project("{8BC9CEB8-8B4A-11D0-8D11-00A0C91BC942}") = "0002_acmp", "0002_acmp\0002_acmp.vcxproj", "{3C59D88F-0A49-4278-BB8A-B45441278C6C}"
EndProject
Project("{8BC9CEB8-8B4A-11D0-8D11-00A0C91BC942}") = "0003_acmp", "0003_acmp\0003_acmp.vcxproj", "{6AAB0E1B-9F85-4F53-859F-CC056167CCE8}"
EndProject
Project("{8BC9CEB8-8B4A-11D0-8D11-00A0C91BC942}") = "24 09 2023 Задачи с использованием условного оператора", "24 09 2023 Задачи с использованием условного оператора\24 09 2023 Задачи с использованием условного оператора.vcxproj", "{14C92DDC-9F6F-4527-AF16-738719645956}"
EndProject
Project("{8BC9CEB8-8B4A-11D0-8D11-00A0C91BC942}") = "A_Сумма_codeforces", "A_Сумма_codeforces\A_Сумма_codeforces.vcxproj", "{743EA15A-CDD2-4054-BE3B-88E2B11F7490}"
EndProject
Project("{8BC9CEB8-8B4A-11D0-8D11-00A0C91BC942}") = "0043_acmp", "acmp_0043\acmp_0043.vcxproj", "{A66D279F-EC25-427C-A2A7-48859CCE5F18}"
EndProject
Project("{8BC9CEB8-8B4A-11D0-8D11-00A0C91BC942}") = "0066_acmp", "0066_acmp\0066_acmp.vcxproj", "{BF4202AD-64CE-45EB-B557-FEA38D128725}"
EndProject
Project("{2150E333-8FDC-42A3-9474-1A3956D46DE8}") = "Module 1", "Module 1", "{4A37FA9A-9228-443A-BDBA-C574E328766B}"
EndProject
Project("{2150E333-8FDC-42A3-9474-1A3956D46DE8}") = "Tasks", "Tasks", "{F10A324C-4D60-4509-A75F-3F73225027FC}"
EndProject
Project("{2150E333-8FDC-42A3-9474-1A3956D46DE8}") = "acmp", "acmp", "{B8A81218-0320-4F5F-8E62-8A456B9AADF8}"
EndProject
Project("{2150E333-8FDC-42A3-9474-1A3956D46DE8}") = "codeforces", "codeforces", "{DA8DB1D2-8417-4BD6-A0F7-EF94AFF46ABA}"
EndProject
Project("{2150E333-8FDC-42A3-9474-1A3956D46DE8}") = "codewars", "codewars", "{5CE33712-52AA-4599-BD31-ACE7EB743BE0}"
EndProject
Project("{8BC9CEB8-8B4A-11D0-8D11-00A0C91BC942}") = "Quadrants_codewars", "Quadrants_codewars\Quadrants_codewars.vcxproj", "{4F76A31C-A3A9-429D-BFDA-0045D0836035}"
EndProject
Project("{8BC9CEB8-8B4A-11D0-8D11-00A0C91BC942}") = "Check_same_case_codewars", "Check_same_case_codewars\Check_same_case_codewars.vcxproj", "{AF92B192-2F53-40C5-807B-6EC48FF02848}"
EndProject
Project("{8BC9CEB8-8B4A-11D0-8D11-00A0C91BC942}") = "0025_acmp", "0025_acmp\0025_acmp.vcxproj", "{02C89DA1-D80D-4A47-9C28-0A832DE1C242}"
EndProject
Project("{8BC9CEB8-8B4A-11D0-8D11-00A0C91BC942}") = "26 09 2023 Оператор множественного выбора switch", "26 09 2023 Оператор множественного выбора switch\26 09 2023 Оператор множественного выбора switch.vcxproj", "{85E486BF-2DE2-4A69-80D3-8B732A66723E}"
EndProject
Project("{8BC9CEB8-8B4A-11D0-8D11-00A0C91BC942}") = "0035_acmp", "0035_acmp\0035_acmp.vcxproj", "{C01058D1-58AA-4937-9B81-9405431AD9DF}"
EndProject
Project("{8BC9CEB8-8B4A-11D0-8D11-00A0C91BC942}") = "0061_acmp", "0061_acmp\0061_acmp.vcxproj", "{A88EC901-E010-44C7-94D4-D9B265513A98}"
EndProject
Project("{8BC9CEB8-8B4A-11D0-8D11-00A0C91BC942}") = "0131_acmp", "0131_acmp\0131_acmp.vcxproj", "{9B80BE09-072E-4FD7-B651-198DAB60AF19}"
EndProject
Project("{8BC9CEB8-8B4A-11D0-8D11-00A0C91BC942}") = "01 10 2023 Циклы в программировании. Цикл while", "01 10 2023 Циклы в программировании. Цикл while\01 10 2023 Циклы в программировании. Цикл while.vcxproj", "{2BA55AE4-A042-4509-916B-1EBA8E409604}"
EndProject
Project("{8BC9CEB8-8B4A-11D0-8D11-00A0C91BC942}") = "03 10 2023 Решение задач с циклом while", "03 10 2023 Решение задач с циклом while\03 10 2023 Решение задач с циклом while.vcxproj", "{D05D434D-7AB0-4FE6-A6A8-9F86FE87DB2A}"
EndProject
Project("{8BC9CEB8-8B4A-11D0-8D11-00A0C91BC942}") = "0149_acmp", "0149_acmp\0149_acmp.vcxproj", "{F17679DF-0852-4BB3-90E6-5BDED87708A3}"
EndProject
Project("{8BC9CEB8-8B4A-11D0-8D11-00A0C91BC942}") = "0272_acmp", "0272_acmp\0272_acmp.vcxproj", "{B7DDF1FC-90C6-4960-9F3E-E72D88F14FF2}"
EndProject
Global
	GlobalSection(SolutionConfigurationPlatforms) = preSolution
		Debug|x64 = Debug|x64
		Debug|x86 = Debug|x86
		Release|x64 = Release|x64
		Release|x86 = Release|x86
	EndGlobalSection
	GlobalSection(ProjectConfigurationPlatforms) = postSolution
		{88142DA5-52CC-4DC1-9201-81A61CC0219A}.Debug|x64.ActiveCfg = Debug|x64
		{88142DA5-52CC-4DC1-9201-81A61CC0219A}.Debug|x64.Build.0 = Debug|x64
		{88142DA5-52CC-4DC1-9201-81A61CC0219A}.Debug|x86.ActiveCfg = Debug|Win32
		{88142DA5-52CC-4DC1-9201-81A61CC0219A}.Debug|x86.Build.0 = Debug|Win32
		{88142DA5-52CC-4DC1-9201-81A61CC0219A}.Release|x64.ActiveCfg = Release|x64
		{88142DA5-52CC-4DC1-9201-81A61CC0219A}.Release|x64.Build.0 = Release|x64
		{88142DA5-52CC-4DC1-9201-81A61CC0219A}.Release|x86.ActiveCfg = Release|Win32
		{88142DA5-52CC-4DC1-9201-81A61CC0219A}.Release|x86.Build.0 = Release|Win32
		{75E535B4-ED7A-4D8C-B972-B5D1EAAC4D5C}.Debug|x64.ActiveCfg = Debug|x64
		{75E535B4-ED7A-4D8C-B972-B5D1EAAC4D5C}.Debug|x64.Build.0 = Debug|x64
		{75E535B4-ED7A-4D8C-B972-B5D1EAAC4D5C}.Debug|x86.ActiveCfg = Debug|Win32
		{75E535B4-ED7A-4D8C-B972-B5D1EAAC4D5C}.Debug|x86.Build.0 = Debug|Win32
		{75E535B4-ED7A-4D8C-B972-B5D1EAAC4D5C}.Release|x64.ActiveCfg = Release|x64
		{75E535B4-ED7A-4D8C-B972-B5D1EAAC4D5C}.Release|x64.Build.0 = Release|x64
		{75E535B4-ED7A-4D8C-B972-B5D1EAAC4D5C}.Release|x86.ActiveCfg = Release|Win32
		{75E535B4-ED7A-4D8C-B972-B5D1EAAC4D5C}.Release|x86.Build.0 = Release|Win32
		{08E5EFC2-0C8B-4903-B73F-642A3430966B}.Debug|x64.ActiveCfg = Debug|x64
		{08E5EFC2-0C8B-4903-B73F-642A3430966B}.Debug|x64.Build.0 = Debug|x64
		{08E5EFC2-0C8B-4903-B73F-642A3430966B}.Debug|x86.ActiveCfg = Debug|Win32
		{08E5EFC2-0C8B-4903-B73F-642A3430966B}.Debug|x86.Build.0 = Debug|Win32
		{08E5EFC2-0C8B-4903-B73F-642A3430966B}.Release|x64.ActiveCfg = Release|x64
		{08E5EFC2-0C8B-4903-B73F-642A3430966B}.Release|x64.Build.0 = Release|x64
		{08E5EFC2-0C8B-4903-B73F-642A3430966B}.Release|x86.ActiveCfg = Release|Win32
		{08E5EFC2-0C8B-4903-B73F-642A3430966B}.Release|x86.Build.0 = Release|Win32
		{22CEE229-980F-4CFF-BFAF-DB02BCBB9500}.Debug|x64.ActiveCfg = Debug|x64
		{22CEE229-980F-4CFF-BFAF-DB02BCBB9500}.Debug|x64.Build.0 = Debug|x64
		{22CEE229-980F-4CFF-BFAF-DB02BCBB9500}.Debug|x86.ActiveCfg = Debug|Win32
		{22CEE229-980F-4CFF-BFAF-DB02BCBB9500}.Debug|x86.Build.0 = Debug|Win32
		{22CEE229-980F-4CFF-BFAF-DB02BCBB9500}.Release|x64.ActiveCfg = Release|x64
		{22CEE229-980F-4CFF-BFAF-DB02BCBB9500}.Release|x64.Build.0 = Release|x64
		{22CEE229-980F-4CFF-BFAF-DB02BCBB9500}.Release|x86.ActiveCfg = Release|Win32
		{22CEE229-980F-4CFF-BFAF-DB02BCBB9500}.Release|x86.Build.0 = Release|Win32
		{3C59D88F-0A49-4278-BB8A-B45441278C6C}.Debug|x64.ActiveCfg = Debug|x64
		{3C59D88F-0A49-4278-BB8A-B45441278C6C}.Debug|x64.Build.0 = Debug|x64
		{3C59D88F-0A49-4278-BB8A-B45441278C6C}.Debug|x86.ActiveCfg = Debug|Win32
		{3C59D88F-0A49-4278-BB8A-B45441278C6C}.Debug|x86.Build.0 = Debug|Win32
		{3C59D88F-0A49-4278-BB8A-B45441278C6C}.Release|x64.ActiveCfg = Release|x64
		{3C59D88F-0A49-4278-BB8A-B45441278C6C}.Release|x64.Build.0 = Release|x64
		{3C59D88F-0A49-4278-BB8A-B45441278C6C}.Release|x86.ActiveCfg = Release|Win32
		{3C59D88F-0A49-4278-BB8A-B45441278C6C}.Release|x86.Build.0 = Release|Win32
		{6AAB0E1B-9F85-4F53-859F-CC056167CCE8}.Debug|x64.ActiveCfg = Debug|x64
		{6AAB0E1B-9F85-4F53-859F-CC056167CCE8}.Debug|x64.Build.0 = Debug|x64
		{6AAB0E1B-9F85-4F53-859F-CC056167CCE8}.Debug|x86.ActiveCfg = Debug|Win32
		{6AAB0E1B-9F85-4F53-859F-CC056167CCE8}.Debug|x86.Build.0 = Debug|Win32
		{6AAB0E1B-9F85-4F53-859F-CC056167CCE8}.Release|x64.ActiveCfg = Release|x64
		{6AAB0E1B-9F85-4F53-859F-CC056167CCE8}.Release|x64.Build.0 = Release|x64
		{6AAB0E1B-9F85-4F53-859F-CC056167CCE8}.Release|x86.ActiveCfg = Release|Win32
		{6AAB0E1B-9F85-4F53-859F-CC056167CCE8}.Release|x86.Build.0 = Release|Win32
		{14C92DDC-9F6F-4527-AF16-738719645956}.Debug|x64.ActiveCfg = Debug|x64
		{14C92DDC-9F6F-4527-AF16-738719645956}.Debug|x64.Build.0 = Debug|x64
		{14C92DDC-9F6F-4527-AF16-738719645956}.Debug|x86.ActiveCfg = Debug|Win32
		{14C92DDC-9F6F-4527-AF16-738719645956}.Debug|x86.Build.0 = Debug|Win32
		{14C92DDC-9F6F-4527-AF16-738719645956}.Release|x64.ActiveCfg = Release|x64
		{14C92DDC-9F6F-4527-AF16-738719645956}.Release|x64.Build.0 = Release|x64
		{14C92DDC-9F6F-4527-AF16-738719645956}.Release|x86.ActiveCfg = Release|Win32
		{14C92DDC-9F6F-4527-AF16-738719645956}.Release|x86.Build.0 = Release|Win32
		{743EA15A-CDD2-4054-BE3B-88E2B11F7490}.Debug|x64.ActiveCfg = Debug|x64
		{743EA15A-CDD2-4054-BE3B-88E2B11F7490}.Debug|x64.Build.0 = Debug|x64
		{743EA15A-CDD2-4054-BE3B-88E2B11F7490}.Debug|x86.ActiveCfg = Debug|Win32
		{743EA15A-CDD2-4054-BE3B-88E2B11F7490}.Debug|x86.Build.0 = Debug|Win32
		{743EA15A-CDD2-4054-BE3B-88E2B11F7490}.Release|x64.ActiveCfg = Release|x64
		{743EA15A-CDD2-4054-BE3B-88E2B11F7490}.Release|x64.Build.0 = Release|x64
		{743EA15A-CDD2-4054-BE3B-88E2B11F7490}.Release|x86.ActiveCfg = Release|Win32
		{743EA15A-CDD2-4054-BE3B-88E2B11F7490}.Release|x86.Build.0 = Release|Win32
		{A66D279F-EC25-427C-A2A7-48859CCE5F18}.Debug|x64.ActiveCfg = Debug|x64
		{A66D279F-EC25-427C-A2A7-48859CCE5F18}.Debug|x64.Build.0 = Debug|x64
		{A66D279F-EC25-427C-A2A7-48859CCE5F18}.Debug|x86.ActiveCfg = Debug|Win32
		{A66D279F-EC25-427C-A2A7-48859CCE5F18}.Debug|x86.Build.0 = Debug|Win32
		{A66D279F-EC25-427C-A2A7-48859CCE5F18}.Release|x64.ActiveCfg = Release|x64
		{A66D279F-EC25-427C-A2A7-48859CCE5F18}.Release|x64.Build.0 = Release|x64
		{A66D279F-EC25-427C-A2A7-48859CCE5F18}.Release|x86.ActiveCfg = Release|Win32
		{A66D279F-EC25-427C-A2A7-48859CCE5F18}.Release|x86.Build.0 = Release|Win32
		{BF4202AD-64CE-45EB-B557-FEA38D128725}.Debug|x64.ActiveCfg = Debug|x64
		{BF4202AD-64CE-45EB-B557-FEA38D128725}.Debug|x64.Build.0 = Debug|x64
		{BF4202AD-64CE-45EB-B557-FEA38D128725}.Debug|x86.ActiveCfg = Debug|Win32
		{BF4202AD-64CE-45EB-B557-FEA38D128725}.Debug|x86.Build.0 = Debug|Win32
		{BF4202AD-64CE-45EB-B557-FEA38D128725}.Release|x64.ActiveCfg = Release|x64
		{BF4202AD-64CE-45EB-B557-FEA38D128725}.Release|x64.Build.0 = Release|x64
		{BF4202AD-64CE-45EB-B557-FEA38D128725}.Release|x86.ActiveCfg = Release|Win32
		{BF4202AD-64CE-45EB-B557-FEA38D128725}.Release|x86.Build.0 = Release|Win32
		{4F76A31C-A3A9-429D-BFDA-0045D0836035}.Debug|x64.ActiveCfg = Debug|x64
		{4F76A31C-A3A9-429D-BFDA-0045D0836035}.Debug|x64.Build.0 = Debug|x64
		{4F76A31C-A3A9-429D-BFDA-0045D0836035}.Debug|x86.ActiveCfg = Debug|Win32
		{4F76A31C-A3A9-429D-BFDA-0045D0836035}.Debug|x86.Build.0 = Debug|Win32
		{4F76A31C-A3A9-429D-BFDA-0045D0836035}.Release|x64.ActiveCfg = Release|x64
		{4F76A31C-A3A9-429D-BFDA-0045D0836035}.Release|x64.Build.0 = Release|x64
		{4F76A31C-A3A9-429D-BFDA-0045D0836035}.Release|x86.ActiveCfg = Release|Win32
		{4F76A31C-A3A9-429D-BFDA-0045D0836035}.Release|x86.Build.0 = Release|Win32
		{AF92B192-2F53-40C5-807B-6EC48FF02848}.Debug|x64.ActiveCfg = Debug|x64
		{AF92B192-2F53-40C5-807B-6EC48FF02848}.Debug|x64.Build.0 = Debug|x64
		{AF92B192-2F53-40C5-807B-6EC48FF02848}.Debug|x86.ActiveCfg = Debug|Win32
		{AF92B192-2F53-40C5-807B-6EC48FF02848}.Debug|x86.Build.0 = Debug|Win32
		{AF92B192-2F53-40C5-807B-6EC48FF02848}.Release|x64.ActiveCfg = Release|x64
		{AF92B192-2F53-40C5-807B-6EC48FF02848}.Release|x64.Build.0 = Release|x64
		{AF92B192-2F53-40C5-807B-6EC48FF02848}.Release|x86.ActiveCfg = Release|Win32
		{AF92B192-2F53-40C5-807B-6EC48FF02848}.Release|x86.Build.0 = Release|Win32
		{02C89DA1-D80D-4A47-9C28-0A832DE1C242}.Debug|x64.ActiveCfg = Debug|x64
		{02C89DA1-D80D-4A47-9C28-0A832DE1C242}.Debug|x64.Build.0 = Debug|x64
		{02C89DA1-D80D-4A47-9C28-0A832DE1C242}.Debug|x86.ActiveCfg = Debug|Win32
		{02C89DA1-D80D-4A47-9C28-0A832DE1C242}.Debug|x86.Build.0 = Debug|Win32
		{02C89DA1-D80D-4A47-9C28-0A832DE1C242}.Release|x64.ActiveCfg = Release|x64
		{02C89DA1-D80D-4A47-9C28-0A832DE1C242}.Release|x64.Build.0 = Release|x64
		{02C89DA1-D80D-4A47-9C28-0A832DE1C242}.Release|x86.ActiveCfg = Release|Win32
		{02C89DA1-D80D-4A47-9C28-0A832DE1C242}.Release|x86.Build.0 = Release|Win32
		{85E486BF-2DE2-4A69-80D3-8B732A66723E}.Debug|x64.ActiveCfg = Debug|x64
		{85E486BF-2DE2-4A69-80D3-8B732A66723E}.Debug|x64.Build.0 = Debug|x64
		{85E486BF-2DE2-4A69-80D3-8B732A66723E}.Debug|x86.ActiveCfg = Debug|Win32
		{85E486BF-2DE2-4A69-80D3-8B732A66723E}.Debug|x86.Build.0 = Debug|Win32
		{85E486BF-2DE2-4A69-80D3-8B732A66723E}.Release|x64.ActiveCfg = Release|x64
		{85E486BF-2DE2-4A69-80D3-8B732A66723E}.Release|x64.Build.0 = Release|x64
		{85E486BF-2DE2-4A69-80D3-8B732A66723E}.Release|x86.ActiveCfg = Release|Win32
		{85E486BF-2DE2-4A69-80D3-8B732A66723E}.Release|x86.Build.0 = Release|Win32
		{C01058D1-58AA-4937-9B81-9405431AD9DF}.Debug|x64.ActiveCfg = Debug|x64
		{C01058D1-58AA-4937-9B81-9405431AD9DF}.Debug|x64.Build.0 = Debug|x64
		{C01058D1-58AA-4937-9B81-9405431AD9DF}.Debug|x86.ActiveCfg = Debug|Win32
		{C01058D1-58AA-4937-9B81-9405431AD9DF}.Debug|x86.Build.0 = Debug|Win32
		{C01058D1-58AA-4937-9B81-9405431AD9DF}.Release|x64.ActiveCfg = Release|x64
		{C01058D1-58AA-4937-9B81-9405431AD9DF}.Release|x64.Build.0 = Release|x64
		{C01058D1-58AA-4937-9B81-9405431AD9DF}.Release|x86.ActiveCfg = Release|Win32
		{C01058D1-58AA-4937-9B81-9405431AD9DF}.Release|x86.Build.0 = Release|Win32
		{A88EC901-E010-44C7-94D4-D9B265513A98}.Debug|x64.ActiveCfg = Debug|x64
		{A88EC901-E010-44C7-94D4-D9B265513A98}.Debug|x64.Build.0 = Debug|x64
		{A88EC901-E010-44C7-94D4-D9B265513A98}.Debug|x86.ActiveCfg = Debug|Win32
		{A88EC901-E010-44C7-94D4-D9B265513A98}.Debug|x86.Build.0 = Debug|Win32
		{A88EC901-E010-44C7-94D4-D9B265513A98}.Release|x64.ActiveCfg = Release|x64
		{A88EC901-E010-44C7-94D4-D9B265513A98}.Release|x64.Build.0 = Release|x64
		{A88EC901-E010-44C7-94D4-D9B265513A98}.Release|x86.ActiveCfg = Release|Win32
		{A88EC901-E010-44C7-94D4-D9B265513A98}.Release|x86.Build.0 = Release|Win32
		{9B80BE09-072E-4FD7-B651-198DAB60AF19}.Debug|x64.ActiveCfg = Debug|x64
		{9B80BE09-072E-4FD7-B651-198DAB60AF19}.Debug|x64.Build.0 = Debug|x64
		{9B80BE09-072E-4FD7-B651-198DAB60AF19}.Debug|x86.ActiveCfg = Debug|Win32
		{9B80BE09-072E-4FD7-B651-198DAB60AF19}.Debug|x86.Build.0 = Debug|Win32
		{9B80BE09-072E-4FD7-B651-198DAB60AF19}.Release|x64.ActiveCfg = Release|x64
		{9B80BE09-072E-4FD7-B651-198DAB60AF19}.Release|x64.Build.0 = Release|x64
		{9B80BE09-072E-4FD7-B651-198DAB60AF19}.Release|x86.ActiveCfg = Release|Win32
		{9B80BE09-072E-4FD7-B651-198DAB60AF19}.Release|x86.Build.0 = Release|Win32
		{2BA55AE4-A042-4509-916B-1EBA8E409604}.Debug|x64.ActiveCfg = Debug|x64
		{2BA55AE4-A042-4509-916B-1EBA8E409604}.Debug|x64.Build.0 = Debug|x64
		{2BA55AE4-A042-4509-916B-1EBA8E409604}.Debug|x86.ActiveCfg = Debug|Win32
		{2BA55AE4-A042-4509-916B-1EBA8E409604}.Debug|x86.Build.0 = Debug|Win32
		{2BA55AE4-A042-4509-916B-1EBA8E409604}.Release|x64.ActiveCfg = Release|x64
		{2BA55AE4-A042-4509-916B-1EBA8E409604}.Release|x64.Build.0 = Release|x64
		{2BA55AE4-A042-4509-916B-1EBA8E409604}.Release|x86.ActiveCfg = Release|Win32
		{2BA55AE4-A042-4509-916B-1EBA8E409604}.Release|x86.Build.0 = Release|Win32
		{D05D434D-7AB0-4FE6-A6A8-9F86FE87DB2A}.Debug|x64.ActiveCfg = Debug|x64
		{D05D434D-7AB0-4FE6-A6A8-9F86FE87DB2A}.Debug|x64.Build.0 = Debug|x64
		{D05D434D-7AB0-4FE6-A6A8-9F86FE87DB2A}.Debug|x86.ActiveCfg = Debug|Win32
		{D05D434D-7AB0-4FE6-A6A8-9F86FE87DB2A}.Debug|x86.Build.0 = Debug|Win32
		{D05D434D-7AB0-4FE6-A6A8-9F86FE87DB2A}.Release|x64.ActiveCfg = Release|x64
		{D05D434D-7AB0-4FE6-A6A8-9F86FE87DB2A}.Release|x64.Build.0 = Release|x64
		{D05D434D-7AB0-4FE6-A6A8-9F86FE87DB2A}.Release|x86.ActiveCfg = Release|Win32
		{D05D434D-7AB0-4FE6-A6A8-9F86FE87DB2A}.Release|x86.Build.0 = Release|Win32
		{F17679DF-0852-4BB3-90E6-5BDED87708A3}.Debug|x64.ActiveCfg = Debug|x64
		{F17679DF-0852-4BB3-90E6-5BDED87708A3}.Debug|x64.Build.0 = Debug|x64
		{F17679DF-0852-4BB3-90E6-5BDED87708A3}.Debug|x86.ActiveCfg = Debug|Win32
		{F17679DF-0852-4BB3-90E6-5BDED87708A3}.Debug|x86.Build.0 = Debug|Win32
		{F17679DF-0852-4BB3-90E6-5BDED87708A3}.Release|x64.ActiveCfg = Release|x64
		{F17679DF-0852-4BB3-90E6-5BDED87708A3}.Release|x64.Build.0 = Release|x64
		{F17679DF-0852-4BB3-90E6-5BDED87708A3}.Release|x86.ActiveCfg = Release|Win32
		{F17679DF-0852-4BB3-90E6-5BDED87708A3}.Release|x86.Build.0 = Release|Win32
		{B7DDF1FC-90C6-4960-9F3E-E72D88F14FF2}.Debug|x64.ActiveCfg = Debug|x64
		{B7DDF1FC-90C6-4960-9F3E-E72D88F14FF2}.Debug|x64.Build.0 = Debug|x64
		{B7DDF1FC-90C6-4960-9F3E-E72D88F14FF2}.Debug|x86.ActiveCfg = Debug|Win32
		{B7DDF1FC-90C6-4960-9F3E-E72D88F14FF2}.Debug|x86.Build.0 = Debug|Win32
		{B7DDF1FC-90C6-4960-9F3E-E72D88F14FF2}.Release|x64.ActiveCfg = Release|x64
		{B7DDF1FC-90C6-4960-9F3E-E72D88F14FF2}.Release|x64.Build.0 = Release|x64
		{B7DDF1FC-90C6-4960-9F3E-E72D88F14FF2}.Release|x86.ActiveCfg = Release|Win32
		{B7DDF1FC-90C6-4960-9F3E-E72D88F14FF2}.Release|x86.Build.0 = Release|Win32
	EndGlobalSection
	GlobalSection(SolutionProperties) = preSolution
		HideSolutionNode = FALSE
	EndGlobalSection
	GlobalSection(NestedProjects) = preSolution
		{88142DA5-52CC-4DC1-9201-81A61CC0219A} = {4A37FA9A-9228-443A-BDBA-C574E328766B}
		{75E535B4-ED7A-4D8C-B972-B5D1EAAC4D5C} = {4A37FA9A-9228-443A-BDBA-C574E328766B}
		{08E5EFC2-0C8B-4903-B73F-642A3430966B} = {4A37FA9A-9228-443A-BDBA-C574E328766B}
		{22CEE229-980F-4CFF-BFAF-DB02BCBB9500} = {B8A81218-0320-4F5F-8E62-8A456B9AADF8}
		{3C59D88F-0A49-4278-BB8A-B45441278C6C} = {B8A81218-0320-4F5F-8E62-8A456B9AADF8}
		{6AAB0E1B-9F85-4F53-859F-CC056167CCE8} = {B8A81218-0320-4F5F-8E62-8A456B9AADF8}
		{14C92DDC-9F6F-4527-AF16-738719645956} = {4A37FA9A-9228-443A-BDBA-C574E328766B}
		{743EA15A-CDD2-4054-BE3B-88E2B11F7490} = {DA8DB1D2-8417-4BD6-A0F7-EF94AFF46ABA}
		{A66D279F-EC25-427C-A2A7-48859CCE5F18} = {B8A81218-0320-4F5F-8E62-8A456B9AADF8}
		{BF4202AD-64CE-45EB-B557-FEA38D128725} = {B8A81218-0320-4F5F-8E62-8A456B9AADF8}
		{F10A324C-4D60-4509-A75F-3F73225027FC} = {4A37FA9A-9228-443A-BDBA-C574E328766B}
		{B8A81218-0320-4F5F-8E62-8A456B9AADF8} = {F10A324C-4D60-4509-A75F-3F73225027FC}
		{DA8DB1D2-8417-4BD6-A0F7-EF94AFF46ABA} = {F10A324C-4D60-4509-A75F-3F73225027FC}
		{5CE33712-52AA-4599-BD31-ACE7EB743BE0} = {F10A324C-4D60-4509-A75F-3F73225027FC}
		{4F76A31C-A3A9-429D-BFDA-0045D0836035} = {5CE33712-52AA-4599-BD31-ACE7EB743BE0}
		{AF92B192-2F53-40C5-807B-6EC48FF02848} = {5CE33712-52AA-4599-BD31-ACE7EB743BE0}
		{02C89DA1-D80D-4A47-9C28-0A832DE1C242} = {B8A81218-0320-4F5F-8E62-8A456B9AADF8}
		{85E486BF-2DE2-4A69-80D3-8B732A66723E} = {4A37FA9A-9228-443A-BDBA-C574E328766B}
		{C01058D1-58AA-4937-9B81-9405431AD9DF} = {B8A81218-0320-4F5F-8E62-8A456B9AADF8}
		{A88EC901-E010-44C7-94D4-D9B265513A98} = {B8A81218-0320-4F5F-8E62-8A456B9AADF8}
		{9B80BE09-072E-4FD7-B651-198DAB60AF19} = {B8A81218-0320-4F5F-8E62-8A456B9AADF8}
		{2BA55AE4-A042-4509-916B-1EBA8E409604} = {4A37FA9A-9228-443A-BDBA-C574E328766B}
		{D05D434D-7AB0-4FE6-A6A8-9F86FE87DB2A} = {4A37FA9A-9228-443A-BDBA-C574E328766B}
		{F17679DF-0852-4BB3-90E6-5BDED87708A3} = {B8A81218-0320-4F5F-8E62-8A456B9AADF8}
		{B7DDF1FC-90C6-4960-9F3E-E72D88F14FF2} = {B8A81218-0320-4F5F-8E62-8A456B9AADF8}
	EndGlobalSection
	GlobalSection(ExtensibilityGlobals) = postSolution
		SolutionGuid = {5B4B387D-D349-4DA8-A8C4-099A0123FA84}
	EndGlobalSection
EndGlobal
