
Microsoft Visual Studio Solution File, Format Version 12.00
# Visual Studio Version 17
VisualStudioVersion = 17.7.34202.233
MinimumVisualStudioVersion = 10.0.40219.1
Project("{8BC9CEB8-8B4A-11D0-8D11-00A0C91BC942}") = "Логические выражения и операторы, изучение стандартных потоков ввода и вывода", "Логические выражения и операторы, изучение стандартных потоков ввода и вывода\Логические выражения и операторы, изучение стандартных потоков ввода и вывода.vcxproj", "{853DB37A-A0E6-4D03-872F-E10D6B0E5202}"
EndProject
Project("{8BC9CEB8-8B4A-11D0-8D11-00A0C91BC942}") = "Решение задач с использованием логических выражений", "Решение задач с использованием логических выражений\Решение задач с использованием логических выражений.vcxproj", "{FFFBA4B3-4F16-4957-88DC-21379FE3630E}"
EndProject
Project("{8BC9CEB8-8B4A-11D0-8D11-00A0C91BC942}") = "02 11 2023 Ветвление. Условный оператор if", "Ветвление. Условный оператор if\Ветвление. Условный оператор if.vcxproj", "{8247DD4E-B6FF-465F-B03E-BA52795909EE}"
EndProject
Project("{8BC9CEB8-8B4A-11D0-8D11-00A0C91BC942}") = "03 11 2023 Задачи с использованием условного оператора", "03 11 2023 Задачи с использованием условного оператора\03 11 2023 Задачи с использованием условного оператора.vcxproj", "{029BFCBB-871E-42D4-B1F5-A74D43C05E48}"
EndProject
Project("{2150E333-8FDC-42A3-9474-1A3956D46DE8}") = "Module 1", "Module 1", "{454F8C50-AF1E-47A8-A9CE-A02A9E092A20}"
EndProject
Project("{8BC9CEB8-8B4A-11D0-8D11-00A0C91BC942}") = "04 11 2023 Оператор множественного выбора switch", "04 11 2023 Оператор множественного выбора switch\04 11 2023 Оператор множественного выбора switch.vcxproj", "{7D5EB28F-1A8A-4C46-B95B-FD80875A7C1F}"
EndProject
Project("{8BC9CEB8-8B4A-11D0-8D11-00A0C91BC942}") = "08 11 2023 Циклы в программировании. Цикл while", "08 11 2023 Циклы в программировании. Цикл while\08 11 2023 Циклы в программировании. Цикл while.vcxproj", "{B59051D2-E48C-4BD9-8671-5C15AE263938}"
EndProject
Project("{2150E333-8FDC-42A3-9474-1A3956D46DE8}") = "acmp", "acmp", "{20857ECF-2832-4841-8B53-455C0D2F64D6}"
EndProject
Project("{8BC9CEB8-8B4A-11D0-8D11-00A0C91BC942}") = "0043_acmp", "0043_acmp\0043_acmp.vcxproj", "{C690B3B1-2303-4FBB-97B1-D7BE13A2FE79}"
EndProject
Project("{2150E333-8FDC-42A3-9474-1A3956D46DE8}") = "tasks", "tasks", "{2BA19482-F84C-4FD3-A40E-5B75EC60903C}"
EndProject
Project("{2150E333-8FDC-42A3-9474-1A3956D46DE8}") = "codewars", "codewars", "{9483BBFA-2A9E-4CBC-A8C3-79ACE0D60CBA}"
EndProject
Project("{8BC9CEB8-8B4A-11D0-8D11-00A0C91BC942}") = "quadrants", "quadrants\quadrants.vcxproj", "{67005F73-3F6E-4F85-AE41-900BCB5315E9}"
EndProject
Project("{8BC9CEB8-8B4A-11D0-8D11-00A0C91BC942}") = "11 11 2023 Решение задач с циклом while", "11 11 2023 Решение задач с циклом while\11 11 2023 Решение задач с циклом while.vcxproj", "{BF580E70-BC26-4F80-8C3F-E5A406EAA691}"
EndProject
Project("{2150E333-8FDC-42A3-9474-1A3956D46DE8}") = "codeforces", "codeforces", "{05E2505C-FD72-4B20-A19E-AC2E7F983CEC}"
EndProject
Project("{8BC9CEB8-8B4A-11D0-8D11-00A0C91BC942}") = "codeforces_1742A", "codeforces_1742A\codeforces_1742A.vcxproj", "{E1FD9C37-C0CE-42FA-AFAF-BCA3C963C241}"
EndProject
Project("{8BC9CEB8-8B4A-11D0-8D11-00A0C91BC942}") = "15 11 2023 Циклы в программировании. Цикл for", "15 11 2023 Циклы в программировании. Цикл for\15 11 2023 Циклы в программировании. Цикл for.vcxproj", "{003667B7-A967-4977-B3CE-870AF3792F79}"
EndProject
Project("{2150E333-8FDC-42A3-9474-1A3956D46DE8}") = "leetcode", "leetcode", "{FE6A6CC4-08F0-4735-8D1E-7258A60E33C9}"
EndProject
Project("{8BC9CEB8-8B4A-11D0-8D11-00A0C91BC942}") = "leetcode_367", "leetcode_367\leetcode_367.vcxproj", "{50CA0AEA-B64A-43B5-9B0B-639A4244D5C5}"
EndProject
Project("{8BC9CEB8-8B4A-11D0-8D11-00A0C91BC942}") = "18 11 2023 Решение задач с использованием цикла for", "Решение задач с использованием цикла for\Решение задач с использованием цикла for.vcxproj", "{410FBD45-BC45-4C79-8FA9-75B2AAE8B02C}"
EndProject
Project("{8BC9CEB8-8B4A-11D0-8D11-00A0C91BC942}") = "0021_acmp", "acmp_0021\acmp_0021.vcxproj", "{2DA9C8C5-BFE4-4C0E-BF7A-EC0A09C3FB8A}"
EndProject
Project("{8BC9CEB8-8B4A-11D0-8D11-00A0C91BC942}") = "leetcode_345", "leetcode_345\leetcode_345.vcxproj", "{D8AAEF88-9A15-44EA-830E-7E36C3DAF39A}"
EndProject
Project("{8BC9CEB8-8B4A-11D0-8D11-00A0C91BC942}") = "0010_acmp", "0010_acmp\0010_acmp.vcxproj", "{8DCC6B39-F12C-4215-A902-1269DAA3C44E}"
EndProject
Global
	GlobalSection(SolutionConfigurationPlatforms) = preSolution
		Debug|x64 = Debug|x64
		Debug|x86 = Debug|x86
		Release|x64 = Release|x64
		Release|x86 = Release|x86
	EndGlobalSection
	GlobalSection(ProjectConfigurationPlatforms) = postSolution
		{853DB37A-A0E6-4D03-872F-E10D6B0E5202}.Debug|x64.ActiveCfg = Debug|x64
		{853DB37A-A0E6-4D03-872F-E10D6B0E5202}.Debug|x64.Build.0 = Debug|x64
		{853DB37A-A0E6-4D03-872F-E10D6B0E5202}.Debug|x86.ActiveCfg = Debug|Win32
		{853DB37A-A0E6-4D03-872F-E10D6B0E5202}.Debug|x86.Build.0 = Debug|Win32
		{853DB37A-A0E6-4D03-872F-E10D6B0E5202}.Release|x64.ActiveCfg = Release|x64
		{853DB37A-A0E6-4D03-872F-E10D6B0E5202}.Release|x64.Build.0 = Release|x64
		{853DB37A-A0E6-4D03-872F-E10D6B0E5202}.Release|x86.ActiveCfg = Release|Win32
		{853DB37A-A0E6-4D03-872F-E10D6B0E5202}.Release|x86.Build.0 = Release|Win32
		{FFFBA4B3-4F16-4957-88DC-21379FE3630E}.Debug|x64.ActiveCfg = Debug|x64
		{FFFBA4B3-4F16-4957-88DC-21379FE3630E}.Debug|x64.Build.0 = Debug|x64
		{FFFBA4B3-4F16-4957-88DC-21379FE3630E}.Debug|x86.ActiveCfg = Debug|Win32
		{FFFBA4B3-4F16-4957-88DC-21379FE3630E}.Debug|x86.Build.0 = Debug|Win32
		{FFFBA4B3-4F16-4957-88DC-21379FE3630E}.Release|x64.ActiveCfg = Release|x64
		{FFFBA4B3-4F16-4957-88DC-21379FE3630E}.Release|x64.Build.0 = Release|x64
		{FFFBA4B3-4F16-4957-88DC-21379FE3630E}.Release|x86.ActiveCfg = Release|Win32
		{FFFBA4B3-4F16-4957-88DC-21379FE3630E}.Release|x86.Build.0 = Release|Win32
		{8247DD4E-B6FF-465F-B03E-BA52795909EE}.Debug|x64.ActiveCfg = Debug|x64
		{8247DD4E-B6FF-465F-B03E-BA52795909EE}.Debug|x64.Build.0 = Debug|x64
		{8247DD4E-B6FF-465F-B03E-BA52795909EE}.Debug|x86.ActiveCfg = Debug|Win32
		{8247DD4E-B6FF-465F-B03E-BA52795909EE}.Debug|x86.Build.0 = Debug|Win32
		{8247DD4E-B6FF-465F-B03E-BA52795909EE}.Release|x64.ActiveCfg = Release|x64
		{8247DD4E-B6FF-465F-B03E-BA52795909EE}.Release|x64.Build.0 = Release|x64
		{8247DD4E-B6FF-465F-B03E-BA52795909EE}.Release|x86.ActiveCfg = Release|Win32
		{8247DD4E-B6FF-465F-B03E-BA52795909EE}.Release|x86.Build.0 = Release|Win32
		{029BFCBB-871E-42D4-B1F5-A74D43C05E48}.Debug|x64.ActiveCfg = Debug|x64
		{029BFCBB-871E-42D4-B1F5-A74D43C05E48}.Debug|x64.Build.0 = Debug|x64
		{029BFCBB-871E-42D4-B1F5-A74D43C05E48}.Debug|x86.ActiveCfg = Debug|Win32
		{029BFCBB-871E-42D4-B1F5-A74D43C05E48}.Debug|x86.Build.0 = Debug|Win32
		{029BFCBB-871E-42D4-B1F5-A74D43C05E48}.Release|x64.ActiveCfg = Release|x64
		{029BFCBB-871E-42D4-B1F5-A74D43C05E48}.Release|x64.Build.0 = Release|x64
		{029BFCBB-871E-42D4-B1F5-A74D43C05E48}.Release|x86.ActiveCfg = Release|Win32
		{029BFCBB-871E-42D4-B1F5-A74D43C05E48}.Release|x86.Build.0 = Release|Win32
		{7D5EB28F-1A8A-4C46-B95B-FD80875A7C1F}.Debug|x64.ActiveCfg = Debug|x64
		{7D5EB28F-1A8A-4C46-B95B-FD80875A7C1F}.Debug|x64.Build.0 = Debug|x64
		{7D5EB28F-1A8A-4C46-B95B-FD80875A7C1F}.Debug|x86.ActiveCfg = Debug|Win32
		{7D5EB28F-1A8A-4C46-B95B-FD80875A7C1F}.Debug|x86.Build.0 = Debug|Win32
		{7D5EB28F-1A8A-4C46-B95B-FD80875A7C1F}.Release|x64.ActiveCfg = Release|x64
		{7D5EB28F-1A8A-4C46-B95B-FD80875A7C1F}.Release|x64.Build.0 = Release|x64
		{7D5EB28F-1A8A-4C46-B95B-FD80875A7C1F}.Release|x86.ActiveCfg = Release|Win32
		{7D5EB28F-1A8A-4C46-B95B-FD80875A7C1F}.Release|x86.Build.0 = Release|Win32
		{B59051D2-E48C-4BD9-8671-5C15AE263938}.Debug|x64.ActiveCfg = Debug|x64
		{B59051D2-E48C-4BD9-8671-5C15AE263938}.Debug|x64.Build.0 = Debug|x64
		{B59051D2-E48C-4BD9-8671-5C15AE263938}.Debug|x86.ActiveCfg = Debug|Win32
		{B59051D2-E48C-4BD9-8671-5C15AE263938}.Debug|x86.Build.0 = Debug|Win32
		{B59051D2-E48C-4BD9-8671-5C15AE263938}.Release|x64.ActiveCfg = Release|x64
		{B59051D2-E48C-4BD9-8671-5C15AE263938}.Release|x64.Build.0 = Release|x64
		{B59051D2-E48C-4BD9-8671-5C15AE263938}.Release|x86.ActiveCfg = Release|Win32
		{B59051D2-E48C-4BD9-8671-5C15AE263938}.Release|x86.Build.0 = Release|Win32
		{C690B3B1-2303-4FBB-97B1-D7BE13A2FE79}.Debug|x64.ActiveCfg = Debug|x64
		{C690B3B1-2303-4FBB-97B1-D7BE13A2FE79}.Debug|x64.Build.0 = Debug|x64
		{C690B3B1-2303-4FBB-97B1-D7BE13A2FE79}.Debug|x86.ActiveCfg = Debug|Win32
		{C690B3B1-2303-4FBB-97B1-D7BE13A2FE79}.Debug|x86.Build.0 = Debug|Win32
		{C690B3B1-2303-4FBB-97B1-D7BE13A2FE79}.Release|x64.ActiveCfg = Release|x64
		{C690B3B1-2303-4FBB-97B1-D7BE13A2FE79}.Release|x64.Build.0 = Release|x64
		{C690B3B1-2303-4FBB-97B1-D7BE13A2FE79}.Release|x86.ActiveCfg = Release|Win32
		{C690B3B1-2303-4FBB-97B1-D7BE13A2FE79}.Release|x86.Build.0 = Release|Win32
		{67005F73-3F6E-4F85-AE41-900BCB5315E9}.Debug|x64.ActiveCfg = Debug|x64
		{67005F73-3F6E-4F85-AE41-900BCB5315E9}.Debug|x64.Build.0 = Debug|x64
		{67005F73-3F6E-4F85-AE41-900BCB5315E9}.Debug|x86.ActiveCfg = Debug|Win32
		{67005F73-3F6E-4F85-AE41-900BCB5315E9}.Debug|x86.Build.0 = Debug|Win32
		{67005F73-3F6E-4F85-AE41-900BCB5315E9}.Release|x64.ActiveCfg = Release|x64
		{67005F73-3F6E-4F85-AE41-900BCB5315E9}.Release|x64.Build.0 = Release|x64
		{67005F73-3F6E-4F85-AE41-900BCB5315E9}.Release|x86.ActiveCfg = Release|Win32
		{67005F73-3F6E-4F85-AE41-900BCB5315E9}.Release|x86.Build.0 = Release|Win32
		{BF580E70-BC26-4F80-8C3F-E5A406EAA691}.Debug|x64.ActiveCfg = Debug|x64
		{BF580E70-BC26-4F80-8C3F-E5A406EAA691}.Debug|x64.Build.0 = Debug|x64
		{BF580E70-BC26-4F80-8C3F-E5A406EAA691}.Debug|x86.ActiveCfg = Debug|Win32
		{BF580E70-BC26-4F80-8C3F-E5A406EAA691}.Debug|x86.Build.0 = Debug|Win32
		{BF580E70-BC26-4F80-8C3F-E5A406EAA691}.Release|x64.ActiveCfg = Release|x64
		{BF580E70-BC26-4F80-8C3F-E5A406EAA691}.Release|x64.Build.0 = Release|x64
		{BF580E70-BC26-4F80-8C3F-E5A406EAA691}.Release|x86.ActiveCfg = Release|Win32
		{BF580E70-BC26-4F80-8C3F-E5A406EAA691}.Release|x86.Build.0 = Release|Win32
		{E1FD9C37-C0CE-42FA-AFAF-BCA3C963C241}.Debug|x64.ActiveCfg = Debug|x64
		{E1FD9C37-C0CE-42FA-AFAF-BCA3C963C241}.Debug|x64.Build.0 = Debug|x64
		{E1FD9C37-C0CE-42FA-AFAF-BCA3C963C241}.Debug|x86.ActiveCfg = Debug|Win32
		{E1FD9C37-C0CE-42FA-AFAF-BCA3C963C241}.Debug|x86.Build.0 = Debug|Win32
		{E1FD9C37-C0CE-42FA-AFAF-BCA3C963C241}.Release|x64.ActiveCfg = Release|x64
		{E1FD9C37-C0CE-42FA-AFAF-BCA3C963C241}.Release|x64.Build.0 = Release|x64
		{E1FD9C37-C0CE-42FA-AFAF-BCA3C963C241}.Release|x86.ActiveCfg = Release|Win32
		{E1FD9C37-C0CE-42FA-AFAF-BCA3C963C241}.Release|x86.Build.0 = Release|Win32
		{003667B7-A967-4977-B3CE-870AF3792F79}.Debug|x64.ActiveCfg = Debug|x64
		{003667B7-A967-4977-B3CE-870AF3792F79}.Debug|x64.Build.0 = Debug|x64
		{003667B7-A967-4977-B3CE-870AF3792F79}.Debug|x86.ActiveCfg = Debug|Win32
		{003667B7-A967-4977-B3CE-870AF3792F79}.Debug|x86.Build.0 = Debug|Win32
		{003667B7-A967-4977-B3CE-870AF3792F79}.Release|x64.ActiveCfg = Release|x64
		{003667B7-A967-4977-B3CE-870AF3792F79}.Release|x64.Build.0 = Release|x64
		{003667B7-A967-4977-B3CE-870AF3792F79}.Release|x86.ActiveCfg = Release|Win32
		{003667B7-A967-4977-B3CE-870AF3792F79}.Release|x86.Build.0 = Release|Win32
		{50CA0AEA-B64A-43B5-9B0B-639A4244D5C5}.Debug|x64.ActiveCfg = Debug|x64
		{50CA0AEA-B64A-43B5-9B0B-639A4244D5C5}.Debug|x64.Build.0 = Debug|x64
		{50CA0AEA-B64A-43B5-9B0B-639A4244D5C5}.Debug|x86.ActiveCfg = Debug|Win32
		{50CA0AEA-B64A-43B5-9B0B-639A4244D5C5}.Debug|x86.Build.0 = Debug|Win32
		{50CA0AEA-B64A-43B5-9B0B-639A4244D5C5}.Release|x64.ActiveCfg = Release|x64
		{50CA0AEA-B64A-43B5-9B0B-639A4244D5C5}.Release|x64.Build.0 = Release|x64
		{50CA0AEA-B64A-43B5-9B0B-639A4244D5C5}.Release|x86.ActiveCfg = Release|Win32
		{50CA0AEA-B64A-43B5-9B0B-639A4244D5C5}.Release|x86.Build.0 = Release|Win32
		{410FBD45-BC45-4C79-8FA9-75B2AAE8B02C}.Debug|x64.ActiveCfg = Debug|x64
		{410FBD45-BC45-4C79-8FA9-75B2AAE8B02C}.Debug|x64.Build.0 = Debug|x64
		{410FBD45-BC45-4C79-8FA9-75B2AAE8B02C}.Debug|x86.ActiveCfg = Debug|Win32
		{410FBD45-BC45-4C79-8FA9-75B2AAE8B02C}.Debug|x86.Build.0 = Debug|Win32
		{410FBD45-BC45-4C79-8FA9-75B2AAE8B02C}.Release|x64.ActiveCfg = Release|x64
		{410FBD45-BC45-4C79-8FA9-75B2AAE8B02C}.Release|x64.Build.0 = Release|x64
		{410FBD45-BC45-4C79-8FA9-75B2AAE8B02C}.Release|x86.ActiveCfg = Release|Win32
		{410FBD45-BC45-4C79-8FA9-75B2AAE8B02C}.Release|x86.Build.0 = Release|Win32
		{2DA9C8C5-BFE4-4C0E-BF7A-EC0A09C3FB8A}.Debug|x64.ActiveCfg = Debug|x64
		{2DA9C8C5-BFE4-4C0E-BF7A-EC0A09C3FB8A}.Debug|x64.Build.0 = Debug|x64
		{2DA9C8C5-BFE4-4C0E-BF7A-EC0A09C3FB8A}.Debug|x86.ActiveCfg = Debug|Win32
		{2DA9C8C5-BFE4-4C0E-BF7A-EC0A09C3FB8A}.Debug|x86.Build.0 = Debug|Win32
		{2DA9C8C5-BFE4-4C0E-BF7A-EC0A09C3FB8A}.Release|x64.ActiveCfg = Release|x64
		{2DA9C8C5-BFE4-4C0E-BF7A-EC0A09C3FB8A}.Release|x64.Build.0 = Release|x64
		{2DA9C8C5-BFE4-4C0E-BF7A-EC0A09C3FB8A}.Release|x86.ActiveCfg = Release|Win32
		{2DA9C8C5-BFE4-4C0E-BF7A-EC0A09C3FB8A}.Release|x86.Build.0 = Release|Win32
		{D8AAEF88-9A15-44EA-830E-7E36C3DAF39A}.Debug|x64.ActiveCfg = Debug|x64
		{D8AAEF88-9A15-44EA-830E-7E36C3DAF39A}.Debug|x64.Build.0 = Debug|x64
		{D8AAEF88-9A15-44EA-830E-7E36C3DAF39A}.Debug|x86.ActiveCfg = Debug|Win32
		{D8AAEF88-9A15-44EA-830E-7E36C3DAF39A}.Debug|x86.Build.0 = Debug|Win32
		{D8AAEF88-9A15-44EA-830E-7E36C3DAF39A}.Release|x64.ActiveCfg = Release|x64
		{D8AAEF88-9A15-44EA-830E-7E36C3DAF39A}.Release|x64.Build.0 = Release|x64
		{D8AAEF88-9A15-44EA-830E-7E36C3DAF39A}.Release|x86.ActiveCfg = Release|Win32
		{D8AAEF88-9A15-44EA-830E-7E36C3DAF39A}.Release|x86.Build.0 = Release|Win32
		{8DCC6B39-F12C-4215-A902-1269DAA3C44E}.Debug|x64.ActiveCfg = Debug|x64
		{8DCC6B39-F12C-4215-A902-1269DAA3C44E}.Debug|x64.Build.0 = Debug|x64
		{8DCC6B39-F12C-4215-A902-1269DAA3C44E}.Debug|x86.ActiveCfg = Debug|Win32
		{8DCC6B39-F12C-4215-A902-1269DAA3C44E}.Debug|x86.Build.0 = Debug|Win32
		{8DCC6B39-F12C-4215-A902-1269DAA3C44E}.Release|x64.ActiveCfg = Release|x64
		{8DCC6B39-F12C-4215-A902-1269DAA3C44E}.Release|x64.Build.0 = Release|x64
		{8DCC6B39-F12C-4215-A902-1269DAA3C44E}.Release|x86.ActiveCfg = Release|Win32
		{8DCC6B39-F12C-4215-A902-1269DAA3C44E}.Release|x86.Build.0 = Release|Win32
	EndGlobalSection
	GlobalSection(SolutionProperties) = preSolution
		HideSolutionNode = FALSE
	EndGlobalSection
	GlobalSection(NestedProjects) = preSolution
		{853DB37A-A0E6-4D03-872F-E10D6B0E5202} = {454F8C50-AF1E-47A8-A9CE-A02A9E092A20}
		{FFFBA4B3-4F16-4957-88DC-21379FE3630E} = {454F8C50-AF1E-47A8-A9CE-A02A9E092A20}
		{8247DD4E-B6FF-465F-B03E-BA52795909EE} = {454F8C50-AF1E-47A8-A9CE-A02A9E092A20}
		{029BFCBB-871E-42D4-B1F5-A74D43C05E48} = {454F8C50-AF1E-47A8-A9CE-A02A9E092A20}
		{7D5EB28F-1A8A-4C46-B95B-FD80875A7C1F} = {454F8C50-AF1E-47A8-A9CE-A02A9E092A20}
		{B59051D2-E48C-4BD9-8671-5C15AE263938} = {454F8C50-AF1E-47A8-A9CE-A02A9E092A20}
		{20857ECF-2832-4841-8B53-455C0D2F64D6} = {2BA19482-F84C-4FD3-A40E-5B75EC60903C}
		{C690B3B1-2303-4FBB-97B1-D7BE13A2FE79} = {20857ECF-2832-4841-8B53-455C0D2F64D6}
		{2BA19482-F84C-4FD3-A40E-5B75EC60903C} = {454F8C50-AF1E-47A8-A9CE-A02A9E092A20}
		{9483BBFA-2A9E-4CBC-A8C3-79ACE0D60CBA} = {2BA19482-F84C-4FD3-A40E-5B75EC60903C}
		{67005F73-3F6E-4F85-AE41-900BCB5315E9} = {9483BBFA-2A9E-4CBC-A8C3-79ACE0D60CBA}
		{BF580E70-BC26-4F80-8C3F-E5A406EAA691} = {454F8C50-AF1E-47A8-A9CE-A02A9E092A20}
		{05E2505C-FD72-4B20-A19E-AC2E7F983CEC} = {2BA19482-F84C-4FD3-A40E-5B75EC60903C}
		{E1FD9C37-C0CE-42FA-AFAF-BCA3C963C241} = {05E2505C-FD72-4B20-A19E-AC2E7F983CEC}
		{003667B7-A967-4977-B3CE-870AF3792F79} = {454F8C50-AF1E-47A8-A9CE-A02A9E092A20}
		{FE6A6CC4-08F0-4735-8D1E-7258A60E33C9} = {2BA19482-F84C-4FD3-A40E-5B75EC60903C}
		{50CA0AEA-B64A-43B5-9B0B-639A4244D5C5} = {FE6A6CC4-08F0-4735-8D1E-7258A60E33C9}
		{410FBD45-BC45-4C79-8FA9-75B2AAE8B02C} = {454F8C50-AF1E-47A8-A9CE-A02A9E092A20}
		{2DA9C8C5-BFE4-4C0E-BF7A-EC0A09C3FB8A} = {20857ECF-2832-4841-8B53-455C0D2F64D6}
		{D8AAEF88-9A15-44EA-830E-7E36C3DAF39A} = {FE6A6CC4-08F0-4735-8D1E-7258A60E33C9}
		{8DCC6B39-F12C-4215-A902-1269DAA3C44E} = {20857ECF-2832-4841-8B53-455C0D2F64D6}
	EndGlobalSection
	GlobalSection(ExtensibilityGlobals) = postSolution
		SolutionGuid = {CA856214-0A95-472D-B74C-D1673552083B}
	EndGlobalSection
EndGlobal
