
Microsoft Visual Studio Solution File, Format Version 12.00
# Visual Studio Version 17
VisualStudioVersion = 17.7.34202.233
MinimumVisualStudioVersion = 10.0.40219.1
Project("{8BC9CEB8-8B4A-11D0-8D11-00A0C91BC942}") = "Задачи с использованием условного оператора", "Задачи с использованием условного оператора\Задачи с использованием условного оператора.vcxproj", "{609A2558-D696-4879-93A4-1FCD2CAAC343}"
EndProject
Project("{2150E333-8FDC-42A3-9474-1A3956D46DE8}") = "Module 1", "Module 1", "{9DE99708-238A-45BE-81B0-3944DD385CE8}"
EndProject
Project("{2150E333-8FDC-42A3-9474-1A3956D46DE8}") = "tasks", "tasks", "{F569B6E7-88B7-47C1-8E4B-CD969D4566F9}"
EndProject
Project("{8BC9CEB8-8B4A-11D0-8D11-00A0C91BC942}") = "0025_acmp", "0025_acmp\0025_acmp.vcxproj", "{DA44E1E7-3641-4634-987E-6C3EC778F6F6}"
EndProject
Project("{8BC9CEB8-8B4A-11D0-8D11-00A0C91BC942}") = "informatics_292", "informatics_292\informatics_292.vcxproj", "{8C789B3C-317F-41C3-9728-7B897B697080}"
EndProject
Project("{8BC9CEB8-8B4A-11D0-8D11-00A0C91BC942}") = "informatics_253", "informatics_253\informatics_253.vcxproj", "{E5A721A5-B478-4A7C-A69F-4A5AB99635FC}"
EndProject
Project("{8BC9CEB8-8B4A-11D0-8D11-00A0C91BC942}") = "codewars_quadrants", "codewars_quadrants\codewars_quadrants.vcxproj", "{16BBB626-B97D-458E-91C0-F77A0D0BD1E5}"
EndProject
Project("{8BC9CEB8-8B4A-11D0-8D11-00A0C91BC942}") = "informatics_2959", "informatics_2959\informatics_2959.vcxproj", "{865010CE-D2D9-4C06-A9AD-0AE5189A45C2}"
EndProject
Project("{8BC9CEB8-8B4A-11D0-8D11-00A0C91BC942}") = "informatics_294", "informatics_294\informatics_294.vcxproj", "{6A75451D-1562-4BBE-9751-9D8EAE2D36FE}"
EndProject
Project("{8BC9CEB8-8B4A-11D0-8D11-00A0C91BC942}") = "informatics_293", "informatics_293\informatics_293.vcxproj", "{0B44FFA3-2FE6-48B2-ADB8-4C9D77F8607A}"
EndProject
Project("{8BC9CEB8-8B4A-11D0-8D11-00A0C91BC942}") = "informatics_254", "informatics_254\informatics_254.vcxproj", "{344D7487-68FA-4672-A12B-054806CA2F62}"
EndProject
Project("{8BC9CEB8-8B4A-11D0-8D11-00A0C91BC942}") = "informatics_255", "informatics_255\informatics_255.vcxproj", "{9C97F039-309C-4D9B-A427-22E5F9E9708C}"
EndProject
Project("{2150E333-8FDC-42A3-9474-1A3956D46DE8}") = "acmp", "acmp", "{C3250167-B321-4D94-86A1-954A914E8233}"
EndProject
Project("{2150E333-8FDC-42A3-9474-1A3956D46DE8}") = "codewars", "codewars", "{BA12D3C2-1D4C-449D-86C7-79DC4323D2BE}"
EndProject
Project("{2150E333-8FDC-42A3-9474-1A3956D46DE8}") = "informatics", "informatics", "{B5C9B6E0-2CE1-4269-9888-E32413BF88EF}"
EndProject
Project("{8BC9CEB8-8B4A-11D0-8D11-00A0C91BC942}") = "13 11 2023 Оператор switch", "Оператор switch\Оператор switch.vcxproj", "{FFA56532-1B0D-480F-8D65-BB4FDF42B600}"
EndProject
Project("{8BC9CEB8-8B4A-11D0-8D11-00A0C91BC942}") = "informatics_1451", "informatics_1451\informatics_1451.vcxproj", "{39521AD9-163D-4C81-B827-31B7697C3712}"
EndProject
Project("{8BC9CEB8-8B4A-11D0-8D11-00A0C91BC942}") = "informatics_266", "informatics_266\informatics_266.vcxproj", "{C1CB0655-708B-4B18-9A91-242688F710CC}"
EndProject
Project("{8BC9CEB8-8B4A-11D0-8D11-00A0C91BC942}") = "informatics_112160", "informatics_112160\informatics_112160.vcxproj", "{D8F529F6-E312-4850-803F-BD6886FCAC8E}"
EndProject
Project("{8BC9CEB8-8B4A-11D0-8D11-00A0C91BC942}") = "16 11 2023 Циклы в программировании. Цикл while", "Циклы в программировании. Цикл while\Циклы в программировании. Цикл while.vcxproj", "{D03642F4-A301-4E60-B458-20BCD2C571AE}"
EndProject
Project("{8BC9CEB8-8B4A-11D0-8D11-00A0C91BC942}") = "17 11 2023 Решение задач с циклом while", "17 11 2023 Решение задач с циклом while\17 11 2023 Решение задач с циклом while.vcxproj", "{6B433288-B13D-48C7-99BD-C42B9CA87470}"
EndProject
Project("{8BC9CEB8-8B4A-11D0-8D11-00A0C91BC942}") = "20 11 2023 Циклы в программировании. Цикл for", "20 11 2023 Циклы в программировании. Цикл for\20 11 2023 Циклы в программировании. Цикл for.vcxproj", "{6A0FD645-4489-4AE3-8758-9B4DB6754870}"
EndProject
Project("{2150E333-8FDC-42A3-9474-1A3956D46DE8}") = "leetcode", "leetcode", "{9E04DA88-4D6F-4F43-8A46-A03DCAF769BE}"
EndProject
Project("{8BC9CEB8-8B4A-11D0-8D11-00A0C91BC942}") = "704. Binary Search", "704. Binary Search\704. Binary Search.vcxproj", "{D8BE340C-CC32-44DC-906A-48353973A8ED}"
EndProject
Project("{8BC9CEB8-8B4A-11D0-8D11-00A0C91BC942}") = "367. Valid Perfect Square", "367. Valid Perfect Square\367. Valid Perfect Square.vcxproj", "{598880E7-832D-4C0B-8A66-B1DD53575676}"
EndProject
Project("{8BC9CEB8-8B4A-11D0-8D11-00A0C91BC942}") = "23 11 2023 Решение задач с использованием цикла for", "23 11 2023 Решение задач с использованием цикла for\23 11 2023 Решение задач с использованием цикла for.vcxproj", "{EA9FB273-2F2F-4B60-90FD-E90C58CB5EC3}"
EndProject
Project("{8BC9CEB8-8B4A-11D0-8D11-00A0C91BC942}") = "informatics_113", "informatics_113\informatics_113.vcxproj", "{8ECA5B16-416F-43C8-B745-591FC7D98CBF}"
EndProject
Project("{8BC9CEB8-8B4A-11D0-8D11-00A0C91BC942}") = "informatics_3059", "informatics_3059\informatics_3059.vcxproj", "{9D88A13E-E3A5-4EB6-B3A4-3C3166022D90}"
EndProject
Project("{8BC9CEB8-8B4A-11D0-8D11-00A0C91BC942}") = "informatics_3060", "informatics_3060\informatics_3060.vcxproj", "{DBADA020-C1DC-4070-948B-554F2FF1BF0F}"
EndProject
Project("{8BC9CEB8-8B4A-11D0-8D11-00A0C91BC942}") = "24 11 2023 Массивы, класс строк, многомерные массивы", "24 11 2023 Массивы, класс строк, многомерные массивы\24 11 2023 Массивы, класс строк, многомерные массивы.vcxproj", "{8634CAFA-F3D6-4E0D-9226-7DD6302B2242}"
EndProject
Project("{8BC9CEB8-8B4A-11D0-8D11-00A0C91BC942}") = "26. Remove Duplicates from Sorted Array", "26. Remove Duplicates from Sorted Array\26. Remove Duplicates from Sorted Array.vcxproj", "{10532059-4136-44B7-91A5-B0CF63244AB1}"
EndProject
Project("{8BC9CEB8-8B4A-11D0-8D11-00A0C91BC942}") = "27 11 2023 Функции", "27 11 2023 Циклы в программировании. Цикл for\27 11 2023 Циклы в программировании. Цикл for.vcxproj", "{2DCE8218-D1F6-4A3C-8C65-A75776E21604}"
EndProject
Project("{8BC9CEB8-8B4A-11D0-8D11-00A0C91BC942}") = "30 11 2023 Тестирование", "30 11 2023 Тестирование\30 11 2023 Тестирование.vcxproj", "{0E33C889-4F53-4D58-ADEC-1203C75BD40B}"
EndProject
Project("{2150E333-8FDC-42A3-9474-1A3956D46DE8}") = "Module 2", "Module 2", "{FD4DD170-48DA-4B1D-842D-723F745D74C2}"
EndProject
Project("{8BC9CEB8-8B4A-11D0-8D11-00A0C91BC942}") = "07 12 2023 Решение задач, указатели, ссылки", "07 12 2023 Решение задач, указатели, ссылки\07 12 2023 Решение задач, указатели, ссылки.vcxproj", "{779068E7-D7FB-4D62-84DD-AADEEE36C250}"
EndProject
Project("{8BC9CEB8-8B4A-11D0-8D11-00A0C91BC942}") = "11 12 2023 new delete", "11 12 2023 new delete\11 12 2023 new delete.vcxproj", "{2954F4F2-2054-45A1-96AD-2496CA65D4D6}"
EndProject
Project("{8BC9CEB8-8B4A-11D0-8D11-00A0C91BC942}") = "14 12 2023 new delete задачи", "14 12 2023 new delete задачи\14 12 2023 new delete задачи.vcxproj", "{EF469FCB-3520-4420-88D3-547FA956D3D3}"
EndProject
Project("{8BC9CEB8-8B4A-11D0-8D11-00A0C91BC942}") = "18 12 2023 struct & template", "18 12 2023 struct & template\18 12 2023 struct & template.vcxproj", "{45473072-DE09-4C06-B803-BDC8CB2A8187}"
EndProject
Project("{8BC9CEB8-8B4A-11D0-8D11-00A0C91BC942}") = "21 12 2023 lambda", "21 12 2023 lambda\21 12 2023 lambda.vcxproj", "{E1A22267-EDCB-4870-A260-DEBE90FAA619}"
EndProject
Project("{8BC9CEB8-8B4A-11D0-8D11-00A0C91BC942}") = "25 12 2023 list, vector, dequeue", "25 12 2023 list, vector, dequeue\25 12 2023 list, vector, dequeue.vcxproj", "{7BE0CA2D-AF51-43B3-8285-E90F0E6DE33E}"
EndProject
Global
	GlobalSection(SolutionConfigurationPlatforms) = preSolution
		Debug|x64 = Debug|x64
		Debug|x86 = Debug|x86
		Release|x64 = Release|x64
		Release|x86 = Release|x86
	EndGlobalSection
	GlobalSection(ProjectConfigurationPlatforms) = postSolution
		{609A2558-D696-4879-93A4-1FCD2CAAC343}.Debug|x64.ActiveCfg = Debug|x64
		{609A2558-D696-4879-93A4-1FCD2CAAC343}.Debug|x64.Build.0 = Debug|x64
		{609A2558-D696-4879-93A4-1FCD2CAAC343}.Debug|x86.ActiveCfg = Debug|Win32
		{609A2558-D696-4879-93A4-1FCD2CAAC343}.Debug|x86.Build.0 = Debug|Win32
		{609A2558-D696-4879-93A4-1FCD2CAAC343}.Release|x64.ActiveCfg = Release|x64
		{609A2558-D696-4879-93A4-1FCD2CAAC343}.Release|x64.Build.0 = Release|x64
		{609A2558-D696-4879-93A4-1FCD2CAAC343}.Release|x86.ActiveCfg = Release|Win32
		{609A2558-D696-4879-93A4-1FCD2CAAC343}.Release|x86.Build.0 = Release|Win32
		{DA44E1E7-3641-4634-987E-6C3EC778F6F6}.Debug|x64.ActiveCfg = Debug|x64
		{DA44E1E7-3641-4634-987E-6C3EC778F6F6}.Debug|x64.Build.0 = Debug|x64
		{DA44E1E7-3641-4634-987E-6C3EC778F6F6}.Debug|x86.ActiveCfg = Debug|Win32
		{DA44E1E7-3641-4634-987E-6C3EC778F6F6}.Debug|x86.Build.0 = Debug|Win32
		{DA44E1E7-3641-4634-987E-6C3EC778F6F6}.Release|x64.ActiveCfg = Release|x64
		{DA44E1E7-3641-4634-987E-6C3EC778F6F6}.Release|x64.Build.0 = Release|x64
		{DA44E1E7-3641-4634-987E-6C3EC778F6F6}.Release|x86.ActiveCfg = Release|Win32
		{DA44E1E7-3641-4634-987E-6C3EC778F6F6}.Release|x86.Build.0 = Release|Win32
		{8C789B3C-317F-41C3-9728-7B897B697080}.Debug|x64.ActiveCfg = Debug|x64
		{8C789B3C-317F-41C3-9728-7B897B697080}.Debug|x64.Build.0 = Debug|x64
		{8C789B3C-317F-41C3-9728-7B897B697080}.Debug|x86.ActiveCfg = Debug|Win32
		{8C789B3C-317F-41C3-9728-7B897B697080}.Debug|x86.Build.0 = Debug|Win32
		{8C789B3C-317F-41C3-9728-7B897B697080}.Release|x64.ActiveCfg = Release|x64
		{8C789B3C-317F-41C3-9728-7B897B697080}.Release|x64.Build.0 = Release|x64
		{8C789B3C-317F-41C3-9728-7B897B697080}.Release|x86.ActiveCfg = Release|Win32
		{8C789B3C-317F-41C3-9728-7B897B697080}.Release|x86.Build.0 = Release|Win32
		{E5A721A5-B478-4A7C-A69F-4A5AB99635FC}.Debug|x64.ActiveCfg = Debug|x64
		{E5A721A5-B478-4A7C-A69F-4A5AB99635FC}.Debug|x64.Build.0 = Debug|x64
		{E5A721A5-B478-4A7C-A69F-4A5AB99635FC}.Debug|x86.ActiveCfg = Debug|Win32
		{E5A721A5-B478-4A7C-A69F-4A5AB99635FC}.Debug|x86.Build.0 = Debug|Win32
		{E5A721A5-B478-4A7C-A69F-4A5AB99635FC}.Release|x64.ActiveCfg = Release|x64
		{E5A721A5-B478-4A7C-A69F-4A5AB99635FC}.Release|x64.Build.0 = Release|x64
		{E5A721A5-B478-4A7C-A69F-4A5AB99635FC}.Release|x86.ActiveCfg = Release|Win32
		{E5A721A5-B478-4A7C-A69F-4A5AB99635FC}.Release|x86.Build.0 = Release|Win32
		{16BBB626-B97D-458E-91C0-F77A0D0BD1E5}.Debug|x64.ActiveCfg = Debug|x64
		{16BBB626-B97D-458E-91C0-F77A0D0BD1E5}.Debug|x64.Build.0 = Debug|x64
		{16BBB626-B97D-458E-91C0-F77A0D0BD1E5}.Debug|x86.ActiveCfg = Debug|Win32
		{16BBB626-B97D-458E-91C0-F77A0D0BD1E5}.Debug|x86.Build.0 = Debug|Win32
		{16BBB626-B97D-458E-91C0-F77A0D0BD1E5}.Release|x64.ActiveCfg = Release|x64
		{16BBB626-B97D-458E-91C0-F77A0D0BD1E5}.Release|x64.Build.0 = Release|x64
		{16BBB626-B97D-458E-91C0-F77A0D0BD1E5}.Release|x86.ActiveCfg = Release|Win32
		{16BBB626-B97D-458E-91C0-F77A0D0BD1E5}.Release|x86.Build.0 = Release|Win32
		{865010CE-D2D9-4C06-A9AD-0AE5189A45C2}.Debug|x64.ActiveCfg = Debug|x64
		{865010CE-D2D9-4C06-A9AD-0AE5189A45C2}.Debug|x64.Build.0 = Debug|x64
		{865010CE-D2D9-4C06-A9AD-0AE5189A45C2}.Debug|x86.ActiveCfg = Debug|Win32
		{865010CE-D2D9-4C06-A9AD-0AE5189A45C2}.Debug|x86.Build.0 = Debug|Win32
		{865010CE-D2D9-4C06-A9AD-0AE5189A45C2}.Release|x64.ActiveCfg = Release|x64
		{865010CE-D2D9-4C06-A9AD-0AE5189A45C2}.Release|x64.Build.0 = Release|x64
		{865010CE-D2D9-4C06-A9AD-0AE5189A45C2}.Release|x86.ActiveCfg = Release|Win32
		{865010CE-D2D9-4C06-A9AD-0AE5189A45C2}.Release|x86.Build.0 = Release|Win32
		{6A75451D-1562-4BBE-9751-9D8EAE2D36FE}.Debug|x64.ActiveCfg = Debug|x64
		{6A75451D-1562-4BBE-9751-9D8EAE2D36FE}.Debug|x64.Build.0 = Debug|x64
		{6A75451D-1562-4BBE-9751-9D8EAE2D36FE}.Debug|x86.ActiveCfg = Debug|Win32
		{6A75451D-1562-4BBE-9751-9D8EAE2D36FE}.Debug|x86.Build.0 = Debug|Win32
		{6A75451D-1562-4BBE-9751-9D8EAE2D36FE}.Release|x64.ActiveCfg = Release|x64
		{6A75451D-1562-4BBE-9751-9D8EAE2D36FE}.Release|x64.Build.0 = Release|x64
		{6A75451D-1562-4BBE-9751-9D8EAE2D36FE}.Release|x86.ActiveCfg = Release|Win32
		{6A75451D-1562-4BBE-9751-9D8EAE2D36FE}.Release|x86.Build.0 = Release|Win32
		{0B44FFA3-2FE6-48B2-ADB8-4C9D77F8607A}.Debug|x64.ActiveCfg = Debug|x64
		{0B44FFA3-2FE6-48B2-ADB8-4C9D77F8607A}.Debug|x64.Build.0 = Debug|x64
		{0B44FFA3-2FE6-48B2-ADB8-4C9D77F8607A}.Debug|x86.ActiveCfg = Debug|Win32
		{0B44FFA3-2FE6-48B2-ADB8-4C9D77F8607A}.Debug|x86.Build.0 = Debug|Win32
		{0B44FFA3-2FE6-48B2-ADB8-4C9D77F8607A}.Release|x64.ActiveCfg = Release|x64
		{0B44FFA3-2FE6-48B2-ADB8-4C9D77F8607A}.Release|x64.Build.0 = Release|x64
		{0B44FFA3-2FE6-48B2-ADB8-4C9D77F8607A}.Release|x86.ActiveCfg = Release|Win32
		{0B44FFA3-2FE6-48B2-ADB8-4C9D77F8607A}.Release|x86.Build.0 = Release|Win32
		{344D7487-68FA-4672-A12B-054806CA2F62}.Debug|x64.ActiveCfg = Debug|x64
		{344D7487-68FA-4672-A12B-054806CA2F62}.Debug|x64.Build.0 = Debug|x64
		{344D7487-68FA-4672-A12B-054806CA2F62}.Debug|x86.ActiveCfg = Debug|Win32
		{344D7487-68FA-4672-A12B-054806CA2F62}.Debug|x86.Build.0 = Debug|Win32
		{344D7487-68FA-4672-A12B-054806CA2F62}.Release|x64.ActiveCfg = Release|x64
		{344D7487-68FA-4672-A12B-054806CA2F62}.Release|x64.Build.0 = Release|x64
		{344D7487-68FA-4672-A12B-054806CA2F62}.Release|x86.ActiveCfg = Release|Win32
		{344D7487-68FA-4672-A12B-054806CA2F62}.Release|x86.Build.0 = Release|Win32
		{9C97F039-309C-4D9B-A427-22E5F9E9708C}.Debug|x64.ActiveCfg = Debug|x64
		{9C97F039-309C-4D9B-A427-22E5F9E9708C}.Debug|x64.Build.0 = Debug|x64
		{9C97F039-309C-4D9B-A427-22E5F9E9708C}.Debug|x86.ActiveCfg = Debug|Win32
		{9C97F039-309C-4D9B-A427-22E5F9E9708C}.Debug|x86.Build.0 = Debug|Win32
		{9C97F039-309C-4D9B-A427-22E5F9E9708C}.Release|x64.ActiveCfg = Release|x64
		{9C97F039-309C-4D9B-A427-22E5F9E9708C}.Release|x64.Build.0 = Release|x64
		{9C97F039-309C-4D9B-A427-22E5F9E9708C}.Release|x86.ActiveCfg = Release|Win32
		{9C97F039-309C-4D9B-A427-22E5F9E9708C}.Release|x86.Build.0 = Release|Win32
		{FFA56532-1B0D-480F-8D65-BB4FDF42B600}.Debug|x64.ActiveCfg = Debug|x64
		{FFA56532-1B0D-480F-8D65-BB4FDF42B600}.Debug|x64.Build.0 = Debug|x64
		{FFA56532-1B0D-480F-8D65-BB4FDF42B600}.Debug|x86.ActiveCfg = Debug|Win32
		{FFA56532-1B0D-480F-8D65-BB4FDF42B600}.Debug|x86.Build.0 = Debug|Win32
		{FFA56532-1B0D-480F-8D65-BB4FDF42B600}.Release|x64.ActiveCfg = Release|x64
		{FFA56532-1B0D-480F-8D65-BB4FDF42B600}.Release|x64.Build.0 = Release|x64
		{FFA56532-1B0D-480F-8D65-BB4FDF42B600}.Release|x86.ActiveCfg = Release|Win32
		{FFA56532-1B0D-480F-8D65-BB4FDF42B600}.Release|x86.Build.0 = Release|Win32
		{39521AD9-163D-4C81-B827-31B7697C3712}.Debug|x64.ActiveCfg = Debug|x64
		{39521AD9-163D-4C81-B827-31B7697C3712}.Debug|x64.Build.0 = Debug|x64
		{39521AD9-163D-4C81-B827-31B7697C3712}.Debug|x86.ActiveCfg = Debug|Win32
		{39521AD9-163D-4C81-B827-31B7697C3712}.Debug|x86.Build.0 = Debug|Win32
		{39521AD9-163D-4C81-B827-31B7697C3712}.Release|x64.ActiveCfg = Release|x64
		{39521AD9-163D-4C81-B827-31B7697C3712}.Release|x64.Build.0 = Release|x64
		{39521AD9-163D-4C81-B827-31B7697C3712}.Release|x86.ActiveCfg = Release|Win32
		{39521AD9-163D-4C81-B827-31B7697C3712}.Release|x86.Build.0 = Release|Win32
		{C1CB0655-708B-4B18-9A91-242688F710CC}.Debug|x64.ActiveCfg = Debug|x64
		{C1CB0655-708B-4B18-9A91-242688F710CC}.Debug|x64.Build.0 = Debug|x64
		{C1CB0655-708B-4B18-9A91-242688F710CC}.Debug|x86.ActiveCfg = Debug|Win32
		{C1CB0655-708B-4B18-9A91-242688F710CC}.Debug|x86.Build.0 = Debug|Win32
		{C1CB0655-708B-4B18-9A91-242688F710CC}.Release|x64.ActiveCfg = Release|x64
		{C1CB0655-708B-4B18-9A91-242688F710CC}.Release|x64.Build.0 = Release|x64
		{C1CB0655-708B-4B18-9A91-242688F710CC}.Release|x86.ActiveCfg = Release|Win32
		{C1CB0655-708B-4B18-9A91-242688F710CC}.Release|x86.Build.0 = Release|Win32
		{D8F529F6-E312-4850-803F-BD6886FCAC8E}.Debug|x64.ActiveCfg = Debug|x64
		{D8F529F6-E312-4850-803F-BD6886FCAC8E}.Debug|x64.Build.0 = Debug|x64
		{D8F529F6-E312-4850-803F-BD6886FCAC8E}.Debug|x86.ActiveCfg = Debug|Win32
		{D8F529F6-E312-4850-803F-BD6886FCAC8E}.Debug|x86.Build.0 = Debug|Win32
		{D8F529F6-E312-4850-803F-BD6886FCAC8E}.Release|x64.ActiveCfg = Release|x64
		{D8F529F6-E312-4850-803F-BD6886FCAC8E}.Release|x64.Build.0 = Release|x64
		{D8F529F6-E312-4850-803F-BD6886FCAC8E}.Release|x86.ActiveCfg = Release|Win32
		{D8F529F6-E312-4850-803F-BD6886FCAC8E}.Release|x86.Build.0 = Release|Win32
		{D03642F4-A301-4E60-B458-20BCD2C571AE}.Debug|x64.ActiveCfg = Debug|x64
		{D03642F4-A301-4E60-B458-20BCD2C571AE}.Debug|x64.Build.0 = Debug|x64
		{D03642F4-A301-4E60-B458-20BCD2C571AE}.Debug|x86.ActiveCfg = Debug|Win32
		{D03642F4-A301-4E60-B458-20BCD2C571AE}.Debug|x86.Build.0 = Debug|Win32
		{D03642F4-A301-4E60-B458-20BCD2C571AE}.Release|x64.ActiveCfg = Release|x64
		{D03642F4-A301-4E60-B458-20BCD2C571AE}.Release|x64.Build.0 = Release|x64
		{D03642F4-A301-4E60-B458-20BCD2C571AE}.Release|x86.ActiveCfg = Release|Win32
		{D03642F4-A301-4E60-B458-20BCD2C571AE}.Release|x86.Build.0 = Release|Win32
		{6B433288-B13D-48C7-99BD-C42B9CA87470}.Debug|x64.ActiveCfg = Debug|x64
		{6B433288-B13D-48C7-99BD-C42B9CA87470}.Debug|x64.Build.0 = Debug|x64
		{6B433288-B13D-48C7-99BD-C42B9CA87470}.Debug|x86.ActiveCfg = Debug|Win32
		{6B433288-B13D-48C7-99BD-C42B9CA87470}.Debug|x86.Build.0 = Debug|Win32
		{6B433288-B13D-48C7-99BD-C42B9CA87470}.Release|x64.ActiveCfg = Release|x64
		{6B433288-B13D-48C7-99BD-C42B9CA87470}.Release|x64.Build.0 = Release|x64
		{6B433288-B13D-48C7-99BD-C42B9CA87470}.Release|x86.ActiveCfg = Release|Win32
		{6B433288-B13D-48C7-99BD-C42B9CA87470}.Release|x86.Build.0 = Release|Win32
		{6A0FD645-4489-4AE3-8758-9B4DB6754870}.Debug|x64.ActiveCfg = Debug|x64
		{6A0FD645-4489-4AE3-8758-9B4DB6754870}.Debug|x64.Build.0 = Debug|x64
		{6A0FD645-4489-4AE3-8758-9B4DB6754870}.Debug|x86.ActiveCfg = Debug|Win32
		{6A0FD645-4489-4AE3-8758-9B4DB6754870}.Debug|x86.Build.0 = Debug|Win32
		{6A0FD645-4489-4AE3-8758-9B4DB6754870}.Release|x64.ActiveCfg = Release|x64
		{6A0FD645-4489-4AE3-8758-9B4DB6754870}.Release|x64.Build.0 = Release|x64
		{6A0FD645-4489-4AE3-8758-9B4DB6754870}.Release|x86.ActiveCfg = Release|Win32
		{6A0FD645-4489-4AE3-8758-9B4DB6754870}.Release|x86.Build.0 = Release|Win32
		{D8BE340C-CC32-44DC-906A-48353973A8ED}.Debug|x64.ActiveCfg = Debug|x64
		{D8BE340C-CC32-44DC-906A-48353973A8ED}.Debug|x64.Build.0 = Debug|x64
		{D8BE340C-CC32-44DC-906A-48353973A8ED}.Debug|x86.ActiveCfg = Debug|Win32
		{D8BE340C-CC32-44DC-906A-48353973A8ED}.Debug|x86.Build.0 = Debug|Win32
		{D8BE340C-CC32-44DC-906A-48353973A8ED}.Release|x64.ActiveCfg = Release|x64
		{D8BE340C-CC32-44DC-906A-48353973A8ED}.Release|x64.Build.0 = Release|x64
		{D8BE340C-CC32-44DC-906A-48353973A8ED}.Release|x86.ActiveCfg = Release|Win32
		{D8BE340C-CC32-44DC-906A-48353973A8ED}.Release|x86.Build.0 = Release|Win32
		{598880E7-832D-4C0B-8A66-B1DD53575676}.Debug|x64.ActiveCfg = Debug|x64
		{598880E7-832D-4C0B-8A66-B1DD53575676}.Debug|x64.Build.0 = Debug|x64
		{598880E7-832D-4C0B-8A66-B1DD53575676}.Debug|x86.ActiveCfg = Debug|Win32
		{598880E7-832D-4C0B-8A66-B1DD53575676}.Debug|x86.Build.0 = Debug|Win32
		{598880E7-832D-4C0B-8A66-B1DD53575676}.Release|x64.ActiveCfg = Release|x64
		{598880E7-832D-4C0B-8A66-B1DD53575676}.Release|x64.Build.0 = Release|x64
		{598880E7-832D-4C0B-8A66-B1DD53575676}.Release|x86.ActiveCfg = Release|Win32
		{598880E7-832D-4C0B-8A66-B1DD53575676}.Release|x86.Build.0 = Release|Win32
		{EA9FB273-2F2F-4B60-90FD-E90C58CB5EC3}.Debug|x64.ActiveCfg = Debug|x64
		{EA9FB273-2F2F-4B60-90FD-E90C58CB5EC3}.Debug|x64.Build.0 = Debug|x64
		{EA9FB273-2F2F-4B60-90FD-E90C58CB5EC3}.Debug|x86.ActiveCfg = Debug|Win32
		{EA9FB273-2F2F-4B60-90FD-E90C58CB5EC3}.Debug|x86.Build.0 = Debug|Win32
		{EA9FB273-2F2F-4B60-90FD-E90C58CB5EC3}.Release|x64.ActiveCfg = Release|x64
		{EA9FB273-2F2F-4B60-90FD-E90C58CB5EC3}.Release|x64.Build.0 = Release|x64
		{EA9FB273-2F2F-4B60-90FD-E90C58CB5EC3}.Release|x86.ActiveCfg = Release|Win32
		{EA9FB273-2F2F-4B60-90FD-E90C58CB5EC3}.Release|x86.Build.0 = Release|Win32
		{8ECA5B16-416F-43C8-B745-591FC7D98CBF}.Debug|x64.ActiveCfg = Debug|x64
		{8ECA5B16-416F-43C8-B745-591FC7D98CBF}.Debug|x64.Build.0 = Debug|x64
		{8ECA5B16-416F-43C8-B745-591FC7D98CBF}.Debug|x86.ActiveCfg = Debug|Win32
		{8ECA5B16-416F-43C8-B745-591FC7D98CBF}.Debug|x86.Build.0 = Debug|Win32
		{8ECA5B16-416F-43C8-B745-591FC7D98CBF}.Release|x64.ActiveCfg = Release|x64
		{8ECA5B16-416F-43C8-B745-591FC7D98CBF}.Release|x64.Build.0 = Release|x64
		{8ECA5B16-416F-43C8-B745-591FC7D98CBF}.Release|x86.ActiveCfg = Release|Win32
		{8ECA5B16-416F-43C8-B745-591FC7D98CBF}.Release|x86.Build.0 = Release|Win32
		{9D88A13E-E3A5-4EB6-B3A4-3C3166022D90}.Debug|x64.ActiveCfg = Debug|x64
		{9D88A13E-E3A5-4EB6-B3A4-3C3166022D90}.Debug|x64.Build.0 = Debug|x64
		{9D88A13E-E3A5-4EB6-B3A4-3C3166022D90}.Debug|x86.ActiveCfg = Debug|Win32
		{9D88A13E-E3A5-4EB6-B3A4-3C3166022D90}.Debug|x86.Build.0 = Debug|Win32
		{9D88A13E-E3A5-4EB6-B3A4-3C3166022D90}.Release|x64.ActiveCfg = Release|x64
		{9D88A13E-E3A5-4EB6-B3A4-3C3166022D90}.Release|x64.Build.0 = Release|x64
		{9D88A13E-E3A5-4EB6-B3A4-3C3166022D90}.Release|x86.ActiveCfg = Release|Win32
		{9D88A13E-E3A5-4EB6-B3A4-3C3166022D90}.Release|x86.Build.0 = Release|Win32
		{DBADA020-C1DC-4070-948B-554F2FF1BF0F}.Debug|x64.ActiveCfg = Debug|x64
		{DBADA020-C1DC-4070-948B-554F2FF1BF0F}.Debug|x64.Build.0 = Debug|x64
		{DBADA020-C1DC-4070-948B-554F2FF1BF0F}.Debug|x86.ActiveCfg = Debug|Win32
		{DBADA020-C1DC-4070-948B-554F2FF1BF0F}.Debug|x86.Build.0 = Debug|Win32
		{DBADA020-C1DC-4070-948B-554F2FF1BF0F}.Release|x64.ActiveCfg = Release|x64
		{DBADA020-C1DC-4070-948B-554F2FF1BF0F}.Release|x64.Build.0 = Release|x64
		{DBADA020-C1DC-4070-948B-554F2FF1BF0F}.Release|x86.ActiveCfg = Release|Win32
		{DBADA020-C1DC-4070-948B-554F2FF1BF0F}.Release|x86.Build.0 = Release|Win32
		{8634CAFA-F3D6-4E0D-9226-7DD6302B2242}.Debug|x64.ActiveCfg = Debug|x64
		{8634CAFA-F3D6-4E0D-9226-7DD6302B2242}.Debug|x64.Build.0 = Debug|x64
		{8634CAFA-F3D6-4E0D-9226-7DD6302B2242}.Debug|x86.ActiveCfg = Debug|Win32
		{8634CAFA-F3D6-4E0D-9226-7DD6302B2242}.Debug|x86.Build.0 = Debug|Win32
		{8634CAFA-F3D6-4E0D-9226-7DD6302B2242}.Release|x64.ActiveCfg = Release|x64
		{8634CAFA-F3D6-4E0D-9226-7DD6302B2242}.Release|x64.Build.0 = Release|x64
		{8634CAFA-F3D6-4E0D-9226-7DD6302B2242}.Release|x86.ActiveCfg = Release|Win32
		{8634CAFA-F3D6-4E0D-9226-7DD6302B2242}.Release|x86.Build.0 = Release|Win32
		{10532059-4136-44B7-91A5-B0CF63244AB1}.Debug|x64.ActiveCfg = Debug|x64
		{10532059-4136-44B7-91A5-B0CF63244AB1}.Debug|x64.Build.0 = Debug|x64
		{10532059-4136-44B7-91A5-B0CF63244AB1}.Debug|x86.ActiveCfg = Debug|Win32
		{10532059-4136-44B7-91A5-B0CF63244AB1}.Debug|x86.Build.0 = Debug|Win32
		{10532059-4136-44B7-91A5-B0CF63244AB1}.Release|x64.ActiveCfg = Release|x64
		{10532059-4136-44B7-91A5-B0CF63244AB1}.Release|x64.Build.0 = Release|x64
		{10532059-4136-44B7-91A5-B0CF63244AB1}.Release|x86.ActiveCfg = Release|Win32
		{10532059-4136-44B7-91A5-B0CF63244AB1}.Release|x86.Build.0 = Release|Win32
		{2DCE8218-D1F6-4A3C-8C65-A75776E21604}.Debug|x64.ActiveCfg = Debug|x64
		{2DCE8218-D1F6-4A3C-8C65-A75776E21604}.Debug|x64.Build.0 = Debug|x64
		{2DCE8218-D1F6-4A3C-8C65-A75776E21604}.Debug|x86.ActiveCfg = Debug|Win32
		{2DCE8218-D1F6-4A3C-8C65-A75776E21604}.Debug|x86.Build.0 = Debug|Win32
		{2DCE8218-D1F6-4A3C-8C65-A75776E21604}.Release|x64.ActiveCfg = Release|x64
		{2DCE8218-D1F6-4A3C-8C65-A75776E21604}.Release|x64.Build.0 = Release|x64
		{2DCE8218-D1F6-4A3C-8C65-A75776E21604}.Release|x86.ActiveCfg = Release|Win32
		{2DCE8218-D1F6-4A3C-8C65-A75776E21604}.Release|x86.Build.0 = Release|Win32
		{0E33C889-4F53-4D58-ADEC-1203C75BD40B}.Debug|x64.ActiveCfg = Debug|x64
		{0E33C889-4F53-4D58-ADEC-1203C75BD40B}.Debug|x64.Build.0 = Debug|x64
		{0E33C889-4F53-4D58-ADEC-1203C75BD40B}.Debug|x86.ActiveCfg = Debug|Win32
		{0E33C889-4F53-4D58-ADEC-1203C75BD40B}.Debug|x86.Build.0 = Debug|Win32
		{0E33C889-4F53-4D58-ADEC-1203C75BD40B}.Release|x64.ActiveCfg = Release|x64
		{0E33C889-4F53-4D58-ADEC-1203C75BD40B}.Release|x64.Build.0 = Release|x64
		{0E33C889-4F53-4D58-ADEC-1203C75BD40B}.Release|x86.ActiveCfg = Release|Win32
		{0E33C889-4F53-4D58-ADEC-1203C75BD40B}.Release|x86.Build.0 = Release|Win32
		{779068E7-D7FB-4D62-84DD-AADEEE36C250}.Debug|x64.ActiveCfg = Debug|x64
		{779068E7-D7FB-4D62-84DD-AADEEE36C250}.Debug|x64.Build.0 = Debug|x64
		{779068E7-D7FB-4D62-84DD-AADEEE36C250}.Debug|x86.ActiveCfg = Debug|Win32
		{779068E7-D7FB-4D62-84DD-AADEEE36C250}.Debug|x86.Build.0 = Debug|Win32
		{779068E7-D7FB-4D62-84DD-AADEEE36C250}.Release|x64.ActiveCfg = Release|x64
		{779068E7-D7FB-4D62-84DD-AADEEE36C250}.Release|x64.Build.0 = Release|x64
		{779068E7-D7FB-4D62-84DD-AADEEE36C250}.Release|x86.ActiveCfg = Release|Win32
		{779068E7-D7FB-4D62-84DD-AADEEE36C250}.Release|x86.Build.0 = Release|Win32
		{2954F4F2-2054-45A1-96AD-2496CA65D4D6}.Debug|x64.ActiveCfg = Debug|x64
		{2954F4F2-2054-45A1-96AD-2496CA65D4D6}.Debug|x64.Build.0 = Debug|x64
		{2954F4F2-2054-45A1-96AD-2496CA65D4D6}.Debug|x86.ActiveCfg = Debug|Win32
		{2954F4F2-2054-45A1-96AD-2496CA65D4D6}.Debug|x86.Build.0 = Debug|Win32
		{2954F4F2-2054-45A1-96AD-2496CA65D4D6}.Release|x64.ActiveCfg = Release|x64
		{2954F4F2-2054-45A1-96AD-2496CA65D4D6}.Release|x64.Build.0 = Release|x64
		{2954F4F2-2054-45A1-96AD-2496CA65D4D6}.Release|x86.ActiveCfg = Release|Win32
		{2954F4F2-2054-45A1-96AD-2496CA65D4D6}.Release|x86.Build.0 = Release|Win32
		{EF469FCB-3520-4420-88D3-547FA956D3D3}.Debug|x64.ActiveCfg = Debug|x64
		{EF469FCB-3520-4420-88D3-547FA956D3D3}.Debug|x64.Build.0 = Debug|x64
		{EF469FCB-3520-4420-88D3-547FA956D3D3}.Debug|x86.ActiveCfg = Debug|Win32
		{EF469FCB-3520-4420-88D3-547FA956D3D3}.Debug|x86.Build.0 = Debug|Win32
		{EF469FCB-3520-4420-88D3-547FA956D3D3}.Release|x64.ActiveCfg = Release|x64
		{EF469FCB-3520-4420-88D3-547FA956D3D3}.Release|x64.Build.0 = Release|x64
		{EF469FCB-3520-4420-88D3-547FA956D3D3}.Release|x86.ActiveCfg = Release|Win32
		{EF469FCB-3520-4420-88D3-547FA956D3D3}.Release|x86.Build.0 = Release|Win32
		{45473072-DE09-4C06-B803-BDC8CB2A8187}.Debug|x64.ActiveCfg = Debug|x64
		{45473072-DE09-4C06-B803-BDC8CB2A8187}.Debug|x64.Build.0 = Debug|x64
		{45473072-DE09-4C06-B803-BDC8CB2A8187}.Debug|x86.ActiveCfg = Debug|Win32
		{45473072-DE09-4C06-B803-BDC8CB2A8187}.Debug|x86.Build.0 = Debug|Win32
		{45473072-DE09-4C06-B803-BDC8CB2A8187}.Release|x64.ActiveCfg = Release|x64
		{45473072-DE09-4C06-B803-BDC8CB2A8187}.Release|x64.Build.0 = Release|x64
		{45473072-DE09-4C06-B803-BDC8CB2A8187}.Release|x86.ActiveCfg = Release|Win32
		{45473072-DE09-4C06-B803-BDC8CB2A8187}.Release|x86.Build.0 = Release|Win32
		{E1A22267-EDCB-4870-A260-DEBE90FAA619}.Debug|x64.ActiveCfg = Debug|x64
		{E1A22267-EDCB-4870-A260-DEBE90FAA619}.Debug|x64.Build.0 = Debug|x64
		{E1A22267-EDCB-4870-A260-DEBE90FAA619}.Debug|x86.ActiveCfg = Debug|Win32
		{E1A22267-EDCB-4870-A260-DEBE90FAA619}.Debug|x86.Build.0 = Debug|Win32
		{E1A22267-EDCB-4870-A260-DEBE90FAA619}.Release|x64.ActiveCfg = Release|x64
		{E1A22267-EDCB-4870-A260-DEBE90FAA619}.Release|x64.Build.0 = Release|x64
		{E1A22267-EDCB-4870-A260-DEBE90FAA619}.Release|x86.ActiveCfg = Release|Win32
		{E1A22267-EDCB-4870-A260-DEBE90FAA619}.Release|x86.Build.0 = Release|Win32
		{7BE0CA2D-AF51-43B3-8285-E90F0E6DE33E}.Debug|x64.ActiveCfg = Debug|x64
		{7BE0CA2D-AF51-43B3-8285-E90F0E6DE33E}.Debug|x64.Build.0 = Debug|x64
		{7BE0CA2D-AF51-43B3-8285-E90F0E6DE33E}.Debug|x86.ActiveCfg = Debug|Win32
		{7BE0CA2D-AF51-43B3-8285-E90F0E6DE33E}.Debug|x86.Build.0 = Debug|Win32
		{7BE0CA2D-AF51-43B3-8285-E90F0E6DE33E}.Release|x64.ActiveCfg = Release|x64
		{7BE0CA2D-AF51-43B3-8285-E90F0E6DE33E}.Release|x64.Build.0 = Release|x64
		{7BE0CA2D-AF51-43B3-8285-E90F0E6DE33E}.Release|x86.ActiveCfg = Release|Win32
		{7BE0CA2D-AF51-43B3-8285-E90F0E6DE33E}.Release|x86.Build.0 = Release|Win32
	EndGlobalSection
	GlobalSection(SolutionProperties) = preSolution
		HideSolutionNode = FALSE
	EndGlobalSection
	GlobalSection(NestedProjects) = preSolution
		{609A2558-D696-4879-93A4-1FCD2CAAC343} = {9DE99708-238A-45BE-81B0-3944DD385CE8}
		{F569B6E7-88B7-47C1-8E4B-CD969D4566F9} = {9DE99708-238A-45BE-81B0-3944DD385CE8}
		{DA44E1E7-3641-4634-987E-6C3EC778F6F6} = {C3250167-B321-4D94-86A1-954A914E8233}
		{8C789B3C-317F-41C3-9728-7B897B697080} = {B5C9B6E0-2CE1-4269-9888-E32413BF88EF}
		{E5A721A5-B478-4A7C-A69F-4A5AB99635FC} = {B5C9B6E0-2CE1-4269-9888-E32413BF88EF}
		{16BBB626-B97D-458E-91C0-F77A0D0BD1E5} = {BA12D3C2-1D4C-449D-86C7-79DC4323D2BE}
		{865010CE-D2D9-4C06-A9AD-0AE5189A45C2} = {B5C9B6E0-2CE1-4269-9888-E32413BF88EF}
		{6A75451D-1562-4BBE-9751-9D8EAE2D36FE} = {B5C9B6E0-2CE1-4269-9888-E32413BF88EF}
		{0B44FFA3-2FE6-48B2-ADB8-4C9D77F8607A} = {B5C9B6E0-2CE1-4269-9888-E32413BF88EF}
		{344D7487-68FA-4672-A12B-054806CA2F62} = {B5C9B6E0-2CE1-4269-9888-E32413BF88EF}
		{9C97F039-309C-4D9B-A427-22E5F9E9708C} = {B5C9B6E0-2CE1-4269-9888-E32413BF88EF}
		{C3250167-B321-4D94-86A1-954A914E8233} = {F569B6E7-88B7-47C1-8E4B-CD969D4566F9}
		{BA12D3C2-1D4C-449D-86C7-79DC4323D2BE} = {F569B6E7-88B7-47C1-8E4B-CD969D4566F9}
		{B5C9B6E0-2CE1-4269-9888-E32413BF88EF} = {F569B6E7-88B7-47C1-8E4B-CD969D4566F9}
		{FFA56532-1B0D-480F-8D65-BB4FDF42B600} = {9DE99708-238A-45BE-81B0-3944DD385CE8}
		{39521AD9-163D-4C81-B827-31B7697C3712} = {B5C9B6E0-2CE1-4269-9888-E32413BF88EF}
		{C1CB0655-708B-4B18-9A91-242688F710CC} = {B5C9B6E0-2CE1-4269-9888-E32413BF88EF}
		{D8F529F6-E312-4850-803F-BD6886FCAC8E} = {B5C9B6E0-2CE1-4269-9888-E32413BF88EF}
		{D03642F4-A301-4E60-B458-20BCD2C571AE} = {9DE99708-238A-45BE-81B0-3944DD385CE8}
		{6B433288-B13D-48C7-99BD-C42B9CA87470} = {9DE99708-238A-45BE-81B0-3944DD385CE8}
		{6A0FD645-4489-4AE3-8758-9B4DB6754870} = {9DE99708-238A-45BE-81B0-3944DD385CE8}
		{9E04DA88-4D6F-4F43-8A46-A03DCAF769BE} = {F569B6E7-88B7-47C1-8E4B-CD969D4566F9}
		{D8BE340C-CC32-44DC-906A-48353973A8ED} = {9E04DA88-4D6F-4F43-8A46-A03DCAF769BE}
		{598880E7-832D-4C0B-8A66-B1DD53575676} = {9E04DA88-4D6F-4F43-8A46-A03DCAF769BE}
		{EA9FB273-2F2F-4B60-90FD-E90C58CB5EC3} = {9DE99708-238A-45BE-81B0-3944DD385CE8}
		{8ECA5B16-416F-43C8-B745-591FC7D98CBF} = {B5C9B6E0-2CE1-4269-9888-E32413BF88EF}
		{9D88A13E-E3A5-4EB6-B3A4-3C3166022D90} = {B5C9B6E0-2CE1-4269-9888-E32413BF88EF}
		{DBADA020-C1DC-4070-948B-554F2FF1BF0F} = {B5C9B6E0-2CE1-4269-9888-E32413BF88EF}
		{8634CAFA-F3D6-4E0D-9226-7DD6302B2242} = {9DE99708-238A-45BE-81B0-3944DD385CE8}
		{10532059-4136-44B7-91A5-B0CF63244AB1} = {9E04DA88-4D6F-4F43-8A46-A03DCAF769BE}
		{2DCE8218-D1F6-4A3C-8C65-A75776E21604} = {9DE99708-238A-45BE-81B0-3944DD385CE8}
		{0E33C889-4F53-4D58-ADEC-1203C75BD40B} = {9DE99708-238A-45BE-81B0-3944DD385CE8}
		{779068E7-D7FB-4D62-84DD-AADEEE36C250} = {FD4DD170-48DA-4B1D-842D-723F745D74C2}
		{2954F4F2-2054-45A1-96AD-2496CA65D4D6} = {FD4DD170-48DA-4B1D-842D-723F745D74C2}
		{EF469FCB-3520-4420-88D3-547FA956D3D3} = {FD4DD170-48DA-4B1D-842D-723F745D74C2}
		{45473072-DE09-4C06-B803-BDC8CB2A8187} = {FD4DD170-48DA-4B1D-842D-723F745D74C2}
		{E1A22267-EDCB-4870-A260-DEBE90FAA619} = {FD4DD170-48DA-4B1D-842D-723F745D74C2}
		{7BE0CA2D-AF51-43B3-8285-E90F0E6DE33E} = {FD4DD170-48DA-4B1D-842D-723F745D74C2}
	EndGlobalSection
	GlobalSection(ExtensibilityGlobals) = postSolution
		SolutionGuid = {1F86D346-76B9-45E6-839E-5E80466A1D19}
	EndGlobalSection
EndGlobal
