
Microsoft Visual Studio Solution File, Format Version 12.00
# Visual Studio Version 17
VisualStudioVersion = 17.7.34202.233
MinimumVisualStudioVersion = 10.0.40219.1
Project("{8BC9CEB8-8B4A-11D0-8D11-00A0C91BC942}") = "Задачи с использованием условного оператора", "Задачи с использованием условного оператора\Задачи с использованием условного оператора.vcxproj", "{609A2558-D696-4879-93A4-1FCD2CAAC343}"
EndProject
Project("{2150E333-8FDC-42A3-9474-1A3956D46DE8}") = "Module 1", "Module 1", "{9DE99708-238A-45BE-81B0-3944DD385CE8}"
EndProject
Project("{2150E333-8FDC-42A3-9474-1A3956D46DE8}") = "tasks", "tasks", "{F569B6E7-88B7-47C1-8E4B-CD969D4566F9}"
EndProject
Project("{8BC9CEB8-8B4A-11D0-8D11-00A0C91BC942}") = "0025_acmp", "0025_acmp\0025_acmp.vcxproj", "{DA44E1E7-3641-4634-987E-6C3EC778F6F6}"
EndProject
Project("{8BC9CEB8-8B4A-11D0-8D11-00A0C91BC942}") = "informatics_292", "informatics_292\informatics_292.vcxproj", "{8C789B3C-317F-41C3-9728-7B897B697080}"
EndProject
Project("{8BC9CEB8-8B4A-11D0-8D11-00A0C91BC942}") = "informatics_253", "informatics_253\informatics_253.vcxproj", "{E5A721A5-B478-4A7C-A69F-4A5AB99635FC}"
EndProject
Project("{8BC9CEB8-8B4A-11D0-8D11-00A0C91BC942}") = "codewars_quadrants", "codewars_quadrants\codewars_quadrants.vcxproj", "{16BBB626-B97D-458E-91C0-F77A0D0BD1E5}"
EndProject
Project("{8BC9CEB8-8B4A-11D0-8D11-00A0C91BC942}") = "informatics_2959", "informatics_2959\informatics_2959.vcxproj", "{865010CE-D2D9-4C06-A9AD-0AE5189A45C2}"
EndProject
Project("{8BC9CEB8-8B4A-11D0-8D11-00A0C91BC942}") = "informatics_294", "informatics_294\informatics_294.vcxproj", "{6A75451D-1562-4BBE-9751-9D8EAE2D36FE}"
EndProject
Project("{8BC9CEB8-8B4A-11D0-8D11-00A0C91BC942}") = "informatics_293", "informatics_293\informatics_293.vcxproj", "{0B44FFA3-2FE6-48B2-ADB8-4C9D77F8607A}"
EndProject
Project("{8BC9CEB8-8B4A-11D0-8D11-00A0C91BC942}") = "informatics_254", "informatics_254\informatics_254.vcxproj", "{344D7487-68FA-4672-A12B-054806CA2F62}"
EndProject
Project("{8BC9CEB8-8B4A-11D0-8D11-00A0C91BC942}") = "informatics_255", "informatics_255\informatics_255.vcxproj", "{9C97F039-309C-4D9B-A427-22E5F9E9708C}"
EndProject
Project("{2150E333-8FDC-42A3-9474-1A3956D46DE8}") = "acmp", "acmp", "{C3250167-B321-4D94-86A1-954A914E8233}"
EndProject
Project("{2150E333-8FDC-42A3-9474-1A3956D46DE8}") = "codewars", "codewars", "{BA12D3C2-1D4C-449D-86C7-79DC4323D2BE}"
EndProject
Project("{2150E333-8FDC-42A3-9474-1A3956D46DE8}") = "informatics", "informatics", "{B5C9B6E0-2CE1-4269-9888-E32413BF88EF}"
EndProject
Project("{8BC9CEB8-8B4A-11D0-8D11-00A0C91BC942}") = "13 11 2023 Оператор switch", "Оператор switch\Оператор switch.vcxproj", "{FFA56532-1B0D-480F-8D65-BB4FDF42B600}"
EndProject
Project("{8BC9CEB8-8B4A-11D0-8D11-00A0C91BC942}") = "informatics_1451", "informatics_1451\informatics_1451.vcxproj", "{39521AD9-163D-4C81-B827-31B7697C3712}"
EndProject
Project("{8BC9CEB8-8B4A-11D0-8D11-00A0C91BC942}") = "informatics_266", "informatics_266\informatics_266.vcxproj", "{C1CB0655-708B-4B18-9A91-242688F710CC}"
EndProject
Project("{8BC9CEB8-8B4A-11D0-8D11-00A0C91BC942}") = "informatics_112160", "informatics_112160\informatics_112160.vcxproj", "{D8F529F6-E312-4850-803F-BD6886FCAC8E}"
EndProject
Global
	GlobalSection(SolutionConfigurationPlatforms) = preSolution
		Debug|x64 = Debug|x64
		Debug|x86 = Debug|x86
		Release|x64 = Release|x64
		Release|x86 = Release|x86
	EndGlobalSection
	GlobalSection(ProjectConfigurationPlatforms) = postSolution
		{609A2558-D696-4879-93A4-1FCD2CAAC343}.Debug|x64.ActiveCfg = Debug|x64
		{609A2558-D696-4879-93A4-1FCD2CAAC343}.Debug|x64.Build.0 = Debug|x64
		{609A2558-D696-4879-93A4-1FCD2CAAC343}.Debug|x86.ActiveCfg = Debug|Win32
		{609A2558-D696-4879-93A4-1FCD2CAAC343}.Debug|x86.Build.0 = Debug|Win32
		{609A2558-D696-4879-93A4-1FCD2CAAC343}.Release|x64.ActiveCfg = Release|x64
		{609A2558-D696-4879-93A4-1FCD2CAAC343}.Release|x64.Build.0 = Release|x64
		{609A2558-D696-4879-93A4-1FCD2CAAC343}.Release|x86.ActiveCfg = Release|Win32
		{609A2558-D696-4879-93A4-1FCD2CAAC343}.Release|x86.Build.0 = Release|Win32
		{DA44E1E7-3641-4634-987E-6C3EC778F6F6}.Debug|x64.ActiveCfg = Debug|x64
		{DA44E1E7-3641-4634-987E-6C3EC778F6F6}.Debug|x64.Build.0 = Debug|x64
		{DA44E1E7-3641-4634-987E-6C3EC778F6F6}.Debug|x86.ActiveCfg = Debug|Win32
		{DA44E1E7-3641-4634-987E-6C3EC778F6F6}.Debug|x86.Build.0 = Debug|Win32
		{DA44E1E7-3641-4634-987E-6C3EC778F6F6}.Release|x64.ActiveCfg = Release|x64
		{DA44E1E7-3641-4634-987E-6C3EC778F6F6}.Release|x64.Build.0 = Release|x64
		{DA44E1E7-3641-4634-987E-6C3EC778F6F6}.Release|x86.ActiveCfg = Release|Win32
		{DA44E1E7-3641-4634-987E-6C3EC778F6F6}.Release|x86.Build.0 = Release|Win32
		{8C789B3C-317F-41C3-9728-7B897B697080}.Debug|x64.ActiveCfg = Debug|x64
		{8C789B3C-317F-41C3-9728-7B897B697080}.Debug|x64.Build.0 = Debug|x64
		{8C789B3C-317F-41C3-9728-7B897B697080}.Debug|x86.ActiveCfg = Debug|Win32
		{8C789B3C-317F-41C3-9728-7B897B697080}.Debug|x86.Build.0 = Debug|Win32
		{8C789B3C-317F-41C3-9728-7B897B697080}.Release|x64.ActiveCfg = Release|x64
		{8C789B3C-317F-41C3-9728-7B897B697080}.Release|x64.Build.0 = Release|x64
		{8C789B3C-317F-41C3-9728-7B897B697080}.Release|x86.ActiveCfg = Release|Win32
		{8C789B3C-317F-41C3-9728-7B897B697080}.Release|x86.Build.0 = Release|Win32
		{E5A721A5-B478-4A7C-A69F-4A5AB99635FC}.Debug|x64.ActiveCfg = Debug|x64
		{E5A721A5-B478-4A7C-A69F-4A5AB99635FC}.Debug|x64.Build.0 = Debug|x64
		{E5A721A5-B478-4A7C-A69F-4A5AB99635FC}.Debug|x86.ActiveCfg = Debug|Win32
		{E5A721A5-B478-4A7C-A69F-4A5AB99635FC}.Debug|x86.Build.0 = Debug|Win32
		{E5A721A5-B478-4A7C-A69F-4A5AB99635FC}.Release|x64.ActiveCfg = Release|x64
		{E5A721A5-B478-4A7C-A69F-4A5AB99635FC}.Release|x64.Build.0 = Release|x64
		{E5A721A5-B478-4A7C-A69F-4A5AB99635FC}.Release|x86.ActiveCfg = Release|Win32
		{E5A721A5-B478-4A7C-A69F-4A5AB99635FC}.Release|x86.Build.0 = Release|Win32
		{16BBB626-B97D-458E-91C0-F77A0D0BD1E5}.Debug|x64.ActiveCfg = Debug|x64
		{16BBB626-B97D-458E-91C0-F77A0D0BD1E5}.Debug|x64.Build.0 = Debug|x64
		{16BBB626-B97D-458E-91C0-F77A0D0BD1E5}.Debug|x86.ActiveCfg = Debug|Win32
		{16BBB626-B97D-458E-91C0-F77A0D0BD1E5}.Debug|x86.Build.0 = Debug|Win32
		{16BBB626-B97D-458E-91C0-F77A0D0BD1E5}.Release|x64.ActiveCfg = Release|x64
		{16BBB626-B97D-458E-91C0-F77A0D0BD1E5}.Release|x64.Build.0 = Release|x64
		{16BBB626-B97D-458E-91C0-F77A0D0BD1E5}.Release|x86.ActiveCfg = Release|Win32
		{16BBB626-B97D-458E-91C0-F77A0D0BD1E5}.Release|x86.Build.0 = Release|Win32
		{865010CE-D2D9-4C06-A9AD-0AE5189A45C2}.Debug|x64.ActiveCfg = Debug|x64
		{865010CE-D2D9-4C06-A9AD-0AE5189A45C2}.Debug|x64.Build.0 = Debug|x64
		{865010CE-D2D9-4C06-A9AD-0AE5189A45C2}.Debug|x86.ActiveCfg = Debug|Win32
		{865010CE-D2D9-4C06-A9AD-0AE5189A45C2}.Debug|x86.Build.0 = Debug|Win32
		{865010CE-D2D9-4C06-A9AD-0AE5189A45C2}.Release|x64.ActiveCfg = Release|x64
		{865010CE-D2D9-4C06-A9AD-0AE5189A45C2}.Release|x64.Build.0 = Release|x64
		{865010CE-D2D9-4C06-A9AD-0AE5189A45C2}.Release|x86.ActiveCfg = Release|Win32
		{865010CE-D2D9-4C06-A9AD-0AE5189A45C2}.Release|x86.Build.0 = Release|Win32
		{6A75451D-1562-4BBE-9751-9D8EAE2D36FE}.Debug|x64.ActiveCfg = Debug|x64
		{6A75451D-1562-4BBE-9751-9D8EAE2D36FE}.Debug|x64.Build.0 = Debug|x64
		{6A75451D-1562-4BBE-9751-9D8EAE2D36FE}.Debug|x86.ActiveCfg = Debug|Win32
		{6A75451D-1562-4BBE-9751-9D8EAE2D36FE}.Debug|x86.Build.0 = Debug|Win32
		{6A75451D-1562-4BBE-9751-9D8EAE2D36FE}.Release|x64.ActiveCfg = Release|x64
		{6A75451D-1562-4BBE-9751-9D8EAE2D36FE}.Release|x64.Build.0 = Release|x64
		{6A75451D-1562-4BBE-9751-9D8EAE2D36FE}.Release|x86.ActiveCfg = Release|Win32
		{6A75451D-1562-4BBE-9751-9D8EAE2D36FE}.Release|x86.Build.0 = Release|Win32
		{0B44FFA3-2FE6-48B2-ADB8-4C9D77F8607A}.Debug|x64.ActiveCfg = Debug|x64
		{0B44FFA3-2FE6-48B2-ADB8-4C9D77F8607A}.Debug|x64.Build.0 = Debug|x64
		{0B44FFA3-2FE6-48B2-ADB8-4C9D77F8607A}.Debug|x86.ActiveCfg = Debug|Win32
		{0B44FFA3-2FE6-48B2-ADB8-4C9D77F8607A}.Debug|x86.Build.0 = Debug|Win32
		{0B44FFA3-2FE6-48B2-ADB8-4C9D77F8607A}.Release|x64.ActiveCfg = Release|x64
		{0B44FFA3-2FE6-48B2-ADB8-4C9D77F8607A}.Release|x64.Build.0 = Release|x64
		{0B44FFA3-2FE6-48B2-ADB8-4C9D77F8607A}.Release|x86.ActiveCfg = Release|Win32
		{0B44FFA3-2FE6-48B2-ADB8-4C9D77F8607A}.Release|x86.Build.0 = Release|Win32
		{344D7487-68FA-4672-A12B-054806CA2F62}.Debug|x64.ActiveCfg = Debug|x64
		{344D7487-68FA-4672-A12B-054806CA2F62}.Debug|x64.Build.0 = Debug|x64
		{344D7487-68FA-4672-A12B-054806CA2F62}.Debug|x86.ActiveCfg = Debug|Win32
		{344D7487-68FA-4672-A12B-054806CA2F62}.Debug|x86.Build.0 = Debug|Win32
		{344D7487-68FA-4672-A12B-054806CA2F62}.Release|x64.ActiveCfg = Release|x64
		{344D7487-68FA-4672-A12B-054806CA2F62}.Release|x64.Build.0 = Release|x64
		{344D7487-68FA-4672-A12B-054806CA2F62}.Release|x86.ActiveCfg = Release|Win32
		{344D7487-68FA-4672-A12B-054806CA2F62}.Release|x86.Build.0 = Release|Win32
		{9C97F039-309C-4D9B-A427-22E5F9E9708C}.Debug|x64.ActiveCfg = Debug|x64
		{9C97F039-309C-4D9B-A427-22E5F9E9708C}.Debug|x64.Build.0 = Debug|x64
		{9C97F039-309C-4D9B-A427-22E5F9E9708C}.Debug|x86.ActiveCfg = Debug|Win32
		{9C97F039-309C-4D9B-A427-22E5F9E9708C}.Debug|x86.Build.0 = Debug|Win32
		{9C97F039-309C-4D9B-A427-22E5F9E9708C}.Release|x64.ActiveCfg = Release|x64
		{9C97F039-309C-4D9B-A427-22E5F9E9708C}.Release|x64.Build.0 = Release|x64
		{9C97F039-309C-4D9B-A427-22E5F9E9708C}.Release|x86.ActiveCfg = Release|Win32
		{9C97F039-309C-4D9B-A427-22E5F9E9708C}.Release|x86.Build.0 = Release|Win32
		{FFA56532-1B0D-480F-8D65-BB4FDF42B600}.Debug|x64.ActiveCfg = Debug|x64
		{FFA56532-1B0D-480F-8D65-BB4FDF42B600}.Debug|x64.Build.0 = Debug|x64
		{FFA56532-1B0D-480F-8D65-BB4FDF42B600}.Debug|x86.ActiveCfg = Debug|Win32
		{FFA56532-1B0D-480F-8D65-BB4FDF42B600}.Debug|x86.Build.0 = Debug|Win32
		{FFA56532-1B0D-480F-8D65-BB4FDF42B600}.Release|x64.ActiveCfg = Release|x64
		{FFA56532-1B0D-480F-8D65-BB4FDF42B600}.Release|x64.Build.0 = Release|x64
		{FFA56532-1B0D-480F-8D65-BB4FDF42B600}.Release|x86.ActiveCfg = Release|Win32
		{FFA56532-1B0D-480F-8D65-BB4FDF42B600}.Release|x86.Build.0 = Release|Win32
		{39521AD9-163D-4C81-B827-31B7697C3712}.Debug|x64.ActiveCfg = Debug|x64
		{39521AD9-163D-4C81-B827-31B7697C3712}.Debug|x64.Build.0 = Debug|x64
		{39521AD9-163D-4C81-B827-31B7697C3712}.Debug|x86.ActiveCfg = Debug|Win32
		{39521AD9-163D-4C81-B827-31B7697C3712}.Debug|x86.Build.0 = Debug|Win32
		{39521AD9-163D-4C81-B827-31B7697C3712}.Release|x64.ActiveCfg = Release|x64
		{39521AD9-163D-4C81-B827-31B7697C3712}.Release|x64.Build.0 = Release|x64
		{39521AD9-163D-4C81-B827-31B7697C3712}.Release|x86.ActiveCfg = Release|Win32
		{39521AD9-163D-4C81-B827-31B7697C3712}.Release|x86.Build.0 = Release|Win32
		{C1CB0655-708B-4B18-9A91-242688F710CC}.Debug|x64.ActiveCfg = Debug|x64
		{C1CB0655-708B-4B18-9A91-242688F710CC}.Debug|x64.Build.0 = Debug|x64
		{C1CB0655-708B-4B18-9A91-242688F710CC}.Debug|x86.ActiveCfg = Debug|Win32
		{C1CB0655-708B-4B18-9A91-242688F710CC}.Debug|x86.Build.0 = Debug|Win32
		{C1CB0655-708B-4B18-9A91-242688F710CC}.Release|x64.ActiveCfg = Release|x64
		{C1CB0655-708B-4B18-9A91-242688F710CC}.Release|x64.Build.0 = Release|x64
		{C1CB0655-708B-4B18-9A91-242688F710CC}.Release|x86.ActiveCfg = Release|Win32
		{C1CB0655-708B-4B18-9A91-242688F710CC}.Release|x86.Build.0 = Release|Win32
		{D8F529F6-E312-4850-803F-BD6886FCAC8E}.Debug|x64.ActiveCfg = Debug|x64
		{D8F529F6-E312-4850-803F-BD6886FCAC8E}.Debug|x64.Build.0 = Debug|x64
		{D8F529F6-E312-4850-803F-BD6886FCAC8E}.Debug|x86.ActiveCfg = Debug|Win32
		{D8F529F6-E312-4850-803F-BD6886FCAC8E}.Debug|x86.Build.0 = Debug|Win32
		{D8F529F6-E312-4850-803F-BD6886FCAC8E}.Release|x64.ActiveCfg = Release|x64
		{D8F529F6-E312-4850-803F-BD6886FCAC8E}.Release|x64.Build.0 = Release|x64
		{D8F529F6-E312-4850-803F-BD6886FCAC8E}.Release|x86.ActiveCfg = Release|Win32
		{D8F529F6-E312-4850-803F-BD6886FCAC8E}.Release|x86.Build.0 = Release|Win32
	EndGlobalSection
	GlobalSection(SolutionProperties) = preSolution
		HideSolutionNode = FALSE
	EndGlobalSection
	GlobalSection(NestedProjects) = preSolution
		{609A2558-D696-4879-93A4-1FCD2CAAC343} = {9DE99708-238A-45BE-81B0-3944DD385CE8}
		{F569B6E7-88B7-47C1-8E4B-CD969D4566F9} = {9DE99708-238A-45BE-81B0-3944DD385CE8}
		{DA44E1E7-3641-4634-987E-6C3EC778F6F6} = {C3250167-B321-4D94-86A1-954A914E8233}
		{8C789B3C-317F-41C3-9728-7B897B697080} = {B5C9B6E0-2CE1-4269-9888-E32413BF88EF}
		{E5A721A5-B478-4A7C-A69F-4A5AB99635FC} = {B5C9B6E0-2CE1-4269-9888-E32413BF88EF}
		{16BBB626-B97D-458E-91C0-F77A0D0BD1E5} = {BA12D3C2-1D4C-449D-86C7-79DC4323D2BE}
		{865010CE-D2D9-4C06-A9AD-0AE5189A45C2} = {B5C9B6E0-2CE1-4269-9888-E32413BF88EF}
		{6A75451D-1562-4BBE-9751-9D8EAE2D36FE} = {B5C9B6E0-2CE1-4269-9888-E32413BF88EF}
		{0B44FFA3-2FE6-48B2-ADB8-4C9D77F8607A} = {B5C9B6E0-2CE1-4269-9888-E32413BF88EF}
		{344D7487-68FA-4672-A12B-054806CA2F62} = {B5C9B6E0-2CE1-4269-9888-E32413BF88EF}
		{9C97F039-309C-4D9B-A427-22E5F9E9708C} = {B5C9B6E0-2CE1-4269-9888-E32413BF88EF}
		{C3250167-B321-4D94-86A1-954A914E8233} = {F569B6E7-88B7-47C1-8E4B-CD969D4566F9}
		{BA12D3C2-1D4C-449D-86C7-79DC4323D2BE} = {F569B6E7-88B7-47C1-8E4B-CD969D4566F9}
		{B5C9B6E0-2CE1-4269-9888-E32413BF88EF} = {F569B6E7-88B7-47C1-8E4B-CD969D4566F9}
		{FFA56532-1B0D-480F-8D65-BB4FDF42B600} = {9DE99708-238A-45BE-81B0-3944DD385CE8}
		{39521AD9-163D-4C81-B827-31B7697C3712} = {B5C9B6E0-2CE1-4269-9888-E32413BF88EF}
		{C1CB0655-708B-4B18-9A91-242688F710CC} = {B5C9B6E0-2CE1-4269-9888-E32413BF88EF}
		{D8F529F6-E312-4850-803F-BD6886FCAC8E} = {B5C9B6E0-2CE1-4269-9888-E32413BF88EF}
	EndGlobalSection
	GlobalSection(ExtensibilityGlobals) = postSolution
		SolutionGuid = {1F86D346-76B9-45E6-839E-5E80466A1D19}
	EndGlobalSection
EndGlobal
